// !$*UTF8*$!
{
	archiveVersion = 1;
	classes = {
	};
	objectVersion = 46;
	objects = {

/* Begin PBXBuildFile section */
		0A14EE2D15CB96890098AC02 /* libPods_iOS.a in Frameworks */ = {isa = PBXBuildFile; fileRef = 0A14EE2C15CB96880098AC02 /* libPods_iOS.a */; };
		0A14EE3015CB968C0098AC02 /* libQUnit.m_iOS.a in Frameworks */ = {isa = PBXBuildFile; fileRef = 0A14EE2F15CB968C0098AC02 /* libQUnit.m_iOS.a */; };
		0A14EE3115CB96910098AC02 /* libPods_iOS.a in Frameworks */ = {isa = PBXBuildFile; fileRef = 0A14EE2C15CB96880098AC02 /* libPods_iOS.a */; };
		0A1A29A215CB76370052BCC9 /* libPods_OSX.a in Frameworks */ = {isa = PBXBuildFile; fileRef = 0A1A29A115CB76370052BCC9 /* libPods_OSX.a */; };
		0A1A29A415CB763F0052BCC9 /* libQUnit.m_OSX.a in Frameworks */ = {isa = PBXBuildFile; fileRef = 0A1A29A315CB763F0052BCC9 /* libQUnit.m_OSX.a */; };
		0A1A29A515CB76420052BCC9 /* libPods_OSX.a in Frameworks */ = {isa = PBXBuildFile; fileRef = 0A1A29A115CB76370052BCC9 /* libPods_OSX.a */; };
		0A9BDA7015CB717500D38189 /* Cocoa.framework in Frameworks */ = {isa = PBXBuildFile; fileRef = 0A9BDA6C15CB715F00D38189 /* Cocoa.framework */; };
		0A9BDA7215CB719C00D38189 /* UIKit.framework in Frameworks */ = {isa = PBXBuildFile; fileRef = 0A9BDA7115CB719C00D38189 /* UIKit.framework */; };
		0A9BDA7315CB71B500D38189 /* Cocoa.framework in Frameworks */ = {isa = PBXBuildFile; fileRef = 0A9BDA6C15CB715F00D38189 /* Cocoa.framework */; };
		0ADC8DE915CB69C300BA99C2 /* Foundation.framework in Frameworks */ = {isa = PBXBuildFile; fileRef = 0A32614815B8FB4800237F52 /* Foundation.framework */; };
		0ADC8DF715CB69C300BA99C2 /* SenTestingKit.framework in Frameworks */ = {isa = PBXBuildFile; fileRef = 0A32615615B8FB4900237F52 /* SenTestingKit.framework */; };
		0ADC8DF915CB69C300BA99C2 /* Foundation.framework in Frameworks */ = {isa = PBXBuildFile; fileRef = 0A32614815B8FB4800237F52 /* Foundation.framework */; };
		0ADC8E2315CB69E000BA99C2 /* SenTestingKit.framework in Frameworks */ = {isa = PBXBuildFile; fileRef = 0A32615615B8FB4900237F52 /* SenTestingKit.framework */; };
		0ADC8E3E15CB6A3200BA99C2 /* InfoPlist.strings in Resources */ = {isa = PBXBuildFile; fileRef = 0ADC8E3B15CB6A3200BA99C2 /* InfoPlist.strings */; };
		0ADC8E4115CB6A4200BA99C2 /* _.m_OSX-Prefix.pch in Headers */ = {isa = PBXBuildFile; fileRef = 0ADC8E4015CB6A4200BA99C2 /* _.m_OSX-Prefix.pch */; };
		0ADC8E4715CB6A4A00BA99C2 /* InfoPlist.strings in Resources */ = {isa = PBXBuildFile; fileRef = 0ADC8E4415CB6A4A00BA99C2 /* InfoPlist.strings */; };
		0ADC8E6715CB6ACF00BA99C2 /* _.h in Headers */ = {isa = PBXBuildFile; fileRef = 0ADC8E4915CB6ACF00BA99C2 /* _.h */; };
		0ADC8E6815CB6ACF00BA99C2 /* _.m in Sources */ = {isa = PBXBuildFile; fileRef = 0ADC8E4A15CB6ACF00BA99C2 /* _.m */; };
		0ADC8E6915CB6ACF00BA99C2 /* _.m in Sources */ = {isa = PBXBuildFile; fileRef = 0ADC8E4A15CB6ACF00BA99C2 /* _.m */; };
		0ADC8E6A15CB6ACF00BA99C2 /* _.m in Sources */ = {isa = PBXBuildFile; fileRef = 0ADC8E4A15CB6ACF00BA99C2 /* _.m */; };
		0ADC8E6B15CB6ACF00BA99C2 /* _.m in Sources */ = {isa = PBXBuildFile; fileRef = 0ADC8E4A15CB6ACF00BA99C2 /* _.m */; };
		0ADC8E6C15CB6ACF00BA99C2 /* _Types.h in Headers */ = {isa = PBXBuildFile; fileRef = 0ADC8E4B15CB6ACF00BA99C2 /* _Types.h */; };
		0ADC8E6D15CB6ACF00BA99C2 /* _Wrapper.h in Headers */ = {isa = PBXBuildFile; fileRef = 0ADC8E4C15CB6ACF00BA99C2 /* _Wrapper.h */; };
		0ADC8E6E15CB6ACF00BA99C2 /* _Wrapper.m in Sources */ = {isa = PBXBuildFile; fileRef = 0ADC8E4D15CB6ACF00BA99C2 /* _Wrapper.m */; };
		0ADC8E6F15CB6ACF00BA99C2 /* _Wrapper.m in Sources */ = {isa = PBXBuildFile; fileRef = 0ADC8E4D15CB6ACF00BA99C2 /* _Wrapper.m */; };
		0ADC8E7015CB6ACF00BA99C2 /* _Wrapper.m in Sources */ = {isa = PBXBuildFile; fileRef = 0ADC8E4D15CB6ACF00BA99C2 /* _Wrapper.m */; };
		0ADC8E7115CB6ACF00BA99C2 /* _Wrapper.m in Sources */ = {isa = PBXBuildFile; fileRef = 0ADC8E4D15CB6ACF00BA99C2 /* _Wrapper.m */; };
		0ADC8E7215CB6ACF00BA99C2 /* _+Arrays.h in Headers */ = {isa = PBXBuildFile; fileRef = 0ADC8E4F15CB6ACF00BA99C2 /* _+Arrays.h */; };
		0ADC8E7315CB6ACF00BA99C2 /* _+Arrays.m in Sources */ = {isa = PBXBuildFile; fileRef = 0ADC8E5015CB6ACF00BA99C2 /* _+Arrays.m */; };
		0ADC8E7415CB6ACF00BA99C2 /* _+Arrays.m in Sources */ = {isa = PBXBuildFile; fileRef = 0ADC8E5015CB6ACF00BA99C2 /* _+Arrays.m */; };
		0ADC8E7515CB6ACF00BA99C2 /* _+Arrays.m in Sources */ = {isa = PBXBuildFile; fileRef = 0ADC8E5015CB6ACF00BA99C2 /* _+Arrays.m */; };
		0ADC8E7615CB6ACF00BA99C2 /* _+Arrays.m in Sources */ = {isa = PBXBuildFile; fileRef = 0ADC8E5015CB6ACF00BA99C2 /* _+Arrays.m */; };
		0ADC8E7715CB6ACF00BA99C2 /* _+Collections.h in Headers */ = {isa = PBXBuildFile; fileRef = 0ADC8E5115CB6ACF00BA99C2 /* _+Collections.h */; };
		0ADC8E7815CB6ACF00BA99C2 /* _+Collections.m in Sources */ = {isa = PBXBuildFile; fileRef = 0ADC8E5215CB6ACF00BA99C2 /* _+Collections.m */; };
		0ADC8E7915CB6ACF00BA99C2 /* _+Collections.m in Sources */ = {isa = PBXBuildFile; fileRef = 0ADC8E5215CB6ACF00BA99C2 /* _+Collections.m */; };
		0ADC8E7A15CB6ACF00BA99C2 /* _+Collections.m in Sources */ = {isa = PBXBuildFile; fileRef = 0ADC8E5215CB6ACF00BA99C2 /* _+Collections.m */; };
		0ADC8E7B15CB6ACF00BA99C2 /* _+Collections.m in Sources */ = {isa = PBXBuildFile; fileRef = 0ADC8E5215CB6ACF00BA99C2 /* _+Collections.m */; };
		0ADC8E7C15CB6ACF00BA99C2 /* _+Extensions.h in Headers */ = {isa = PBXBuildFile; fileRef = 0ADC8E5315CB6ACF00BA99C2 /* _+Extensions.h */; };
		0ADC8E7D15CB6ACF00BA99C2 /* _+Extensions.m in Sources */ = {isa = PBXBuildFile; fileRef = 0ADC8E5415CB6ACF00BA99C2 /* _+Extensions.m */; };
		0ADC8E7E15CB6ACF00BA99C2 /* _+Extensions.m in Sources */ = {isa = PBXBuildFile; fileRef = 0ADC8E5415CB6ACF00BA99C2 /* _+Extensions.m */; };
		0ADC8E7F15CB6ACF00BA99C2 /* _+Extensions.m in Sources */ = {isa = PBXBuildFile; fileRef = 0ADC8E5415CB6ACF00BA99C2 /* _+Extensions.m */; };
		0ADC8E8015CB6ACF00BA99C2 /* _+Extensions.m in Sources */ = {isa = PBXBuildFile; fileRef = 0ADC8E5415CB6ACF00BA99C2 /* _+Extensions.m */; };
		0ADC8E8115CB6ACF00BA99C2 /* _+Functions.h in Headers */ = {isa = PBXBuildFile; fileRef = 0ADC8E5515CB6ACF00BA99C2 /* _+Functions.h */; };
		0ADC8E8215CB6ACF00BA99C2 /* _+Functions.m in Sources */ = {isa = PBXBuildFile; fileRef = 0ADC8E5615CB6ACF00BA99C2 /* _+Functions.m */; };
		0ADC8E8315CB6ACF00BA99C2 /* _+Functions.m in Sources */ = {isa = PBXBuildFile; fileRef = 0ADC8E5615CB6ACF00BA99C2 /* _+Functions.m */; };
		0ADC8E8415CB6ACF00BA99C2 /* _+Functions.m in Sources */ = {isa = PBXBuildFile; fileRef = 0ADC8E5615CB6ACF00BA99C2 /* _+Functions.m */; };
		0ADC8E8515CB6ACF00BA99C2 /* _+Functions.m in Sources */ = {isa = PBXBuildFile; fileRef = 0ADC8E5615CB6ACF00BA99C2 /* _+Functions.m */; };
		0ADC8E8615CB6ACF00BA99C2 /* _+Objects.h in Headers */ = {isa = PBXBuildFile; fileRef = 0ADC8E5715CB6ACF00BA99C2 /* _+Objects.h */; };
		0ADC8E8715CB6ACF00BA99C2 /* _+Objects.m in Sources */ = {isa = PBXBuildFile; fileRef = 0ADC8E5815CB6ACF00BA99C2 /* _+Objects.m */; };
		0ADC8E8815CB6ACF00BA99C2 /* _+Objects.m in Sources */ = {isa = PBXBuildFile; fileRef = 0ADC8E5815CB6ACF00BA99C2 /* _+Objects.m */; };
		0ADC8E8915CB6ACF00BA99C2 /* _+Objects.m in Sources */ = {isa = PBXBuildFile; fileRef = 0ADC8E5815CB6ACF00BA99C2 /* _+Objects.m */; };
		0ADC8E8A15CB6ACF00BA99C2 /* _+Objects.m in Sources */ = {isa = PBXBuildFile; fileRef = 0ADC8E5815CB6ACF00BA99C2 /* _+Objects.m */; };
		0ADC8E8B15CB6ACF00BA99C2 /* _+Utility.h in Headers */ = {isa = PBXBuildFile; fileRef = 0ADC8E5915CB6ACF00BA99C2 /* _+Utility.h */; };
		0ADC8E8C15CB6ACF00BA99C2 /* _+Utility.m in Sources */ = {isa = PBXBuildFile; fileRef = 0ADC8E5A15CB6ACF00BA99C2 /* _+Utility.m */; };
		0ADC8E8D15CB6ACF00BA99C2 /* _+Utility.m in Sources */ = {isa = PBXBuildFile; fileRef = 0ADC8E5A15CB6ACF00BA99C2 /* _+Utility.m */; };
		0ADC8E8E15CB6ACF00BA99C2 /* _+Utility.m in Sources */ = {isa = PBXBuildFile; fileRef = 0ADC8E5A15CB6ACF00BA99C2 /* _+Utility.m */; };
		0ADC8E8F15CB6ACF00BA99C2 /* _+Utility.m in Sources */ = {isa = PBXBuildFile; fileRef = 0ADC8E5A15CB6ACF00BA99C2 /* _+Utility.m */; };
		0ADC8E9015CB6ACF00BA99C2 /* Underscore.h in Headers */ = {isa = PBXBuildFile; fileRef = 0ADC8E5B15CB6ACF00BA99C2 /* Underscore.h */; };
		0ADC8E9115CB6ACF00BA99C2 /* _Wrapper+Arrays.h in Headers */ = {isa = PBXBuildFile; fileRef = 0ADC8E5D15CB6ACF00BA99C2 /* _Wrapper+Arrays.h */; };
		0ADC8E9215CB6ACF00BA99C2 /* _Wrapper+Arrays.m in Sources */ = {isa = PBXBuildFile; fileRef = 0ADC8E5E15CB6ACF00BA99C2 /* _Wrapper+Arrays.m */; };
		0ADC8E9315CB6ACF00BA99C2 /* _Wrapper+Arrays.m in Sources */ = {isa = PBXBuildFile; fileRef = 0ADC8E5E15CB6ACF00BA99C2 /* _Wrapper+Arrays.m */; };
		0ADC8E9415CB6ACF00BA99C2 /* _Wrapper+Arrays.m in Sources */ = {isa = PBXBuildFile; fileRef = 0ADC8E5E15CB6ACF00BA99C2 /* _Wrapper+Arrays.m */; };
		0ADC8E9515CB6ACF00BA99C2 /* _Wrapper+Arrays.m in Sources */ = {isa = PBXBuildFile; fileRef = 0ADC8E5E15CB6ACF00BA99C2 /* _Wrapper+Arrays.m */; };
		0ADC8E9615CB6ACF00BA99C2 /* _Wrapper+Collections.h in Headers */ = {isa = PBXBuildFile; fileRef = 0ADC8E5F15CB6ACF00BA99C2 /* _Wrapper+Collections.h */; };
		0ADC8E9715CB6ACF00BA99C2 /* _Wrapper+Collections.m in Sources */ = {isa = PBXBuildFile; fileRef = 0ADC8E6015CB6ACF00BA99C2 /* _Wrapper+Collections.m */; };
		0ADC8E9815CB6ACF00BA99C2 /* _Wrapper+Collections.m in Sources */ = {isa = PBXBuildFile; fileRef = 0ADC8E6015CB6ACF00BA99C2 /* _Wrapper+Collections.m */; };
		0ADC8E9915CB6ACF00BA99C2 /* _Wrapper+Collections.m in Sources */ = {isa = PBXBuildFile; fileRef = 0ADC8E6015CB6ACF00BA99C2 /* _Wrapper+Collections.m */; };
		0ADC8E9A15CB6ACF00BA99C2 /* _Wrapper+Collections.m in Sources */ = {isa = PBXBuildFile; fileRef = 0ADC8E6015CB6ACF00BA99C2 /* _Wrapper+Collections.m */; };
		0ADC8E9B15CB6ACF00BA99C2 /* _Wrapper+JavaScript.h in Headers */ = {isa = PBXBuildFile; fileRef = 0ADC8E6115CB6ACF00BA99C2 /* _Wrapper+JavaScript.h */; };
		0ADC8E9C15CB6ACF00BA99C2 /* _Wrapper+JavaScript.m in Sources */ = {isa = PBXBuildFile; fileRef = 0ADC8E6215CB6ACF00BA99C2 /* _Wrapper+JavaScript.m */; };
		0ADC8E9D15CB6ACF00BA99C2 /* _Wrapper+JavaScript.m in Sources */ = {isa = PBXBuildFile; fileRef = 0ADC8E6215CB6ACF00BA99C2 /* _Wrapper+JavaScript.m */; };
		0ADC8E9E15CB6ACF00BA99C2 /* _Wrapper+JavaScript.m in Sources */ = {isa = PBXBuildFile; fileRef = 0ADC8E6215CB6ACF00BA99C2 /* _Wrapper+JavaScript.m */; };
		0ADC8E9F15CB6ACF00BA99C2 /* _Wrapper+JavaScript.m in Sources */ = {isa = PBXBuildFile; fileRef = 0ADC8E6215CB6ACF00BA99C2 /* _Wrapper+JavaScript.m */; };
		0ADC8EA015CB6ACF00BA99C2 /* _Wrapper+Objects.h in Headers */ = {isa = PBXBuildFile; fileRef = 0ADC8E6315CB6ACF00BA99C2 /* _Wrapper+Objects.h */; };
		0ADC8EA115CB6ACF00BA99C2 /* _Wrapper+Objects.m in Sources */ = {isa = PBXBuildFile; fileRef = 0ADC8E6415CB6ACF00BA99C2 /* _Wrapper+Objects.m */; };
		0ADC8EA215CB6ACF00BA99C2 /* _Wrapper+Objects.m in Sources */ = {isa = PBXBuildFile; fileRef = 0ADC8E6415CB6ACF00BA99C2 /* _Wrapper+Objects.m */; };
		0ADC8EA315CB6ACF00BA99C2 /* _Wrapper+Objects.m in Sources */ = {isa = PBXBuildFile; fileRef = 0ADC8E6415CB6ACF00BA99C2 /* _Wrapper+Objects.m */; };
		0ADC8EA415CB6ACF00BA99C2 /* _Wrapper+Objects.m in Sources */ = {isa = PBXBuildFile; fileRef = 0ADC8E6415CB6ACF00BA99C2 /* _Wrapper+Objects.m */; };
		0ADC8EA515CB6ACF00BA99C2 /* _Wrapper+Utility.h in Headers */ = {isa = PBXBuildFile; fileRef = 0ADC8E6515CB6ACF00BA99C2 /* _Wrapper+Utility.h */; };
		0ADC8EA615CB6ACF00BA99C2 /* _Wrapper+Utility.m in Sources */ = {isa = PBXBuildFile; fileRef = 0ADC8E6615CB6ACF00BA99C2 /* _Wrapper+Utility.m */; };
		0ADC8EA715CB6ACF00BA99C2 /* _Wrapper+Utility.m in Sources */ = {isa = PBXBuildFile; fileRef = 0ADC8E6615CB6ACF00BA99C2 /* _Wrapper+Utility.m */; };
		0ADC8EA815CB6ACF00BA99C2 /* _Wrapper+Utility.m in Sources */ = {isa = PBXBuildFile; fileRef = 0ADC8E6615CB6ACF00BA99C2 /* _Wrapper+Utility.m */; };
		0ADC8EA915CB6ACF00BA99C2 /* _Wrapper+Utility.m in Sources */ = {isa = PBXBuildFile; fileRef = 0ADC8E6615CB6ACF00BA99C2 /* _Wrapper+Utility.m */; };
		0ADC8ECC15CB6AD600BA99C2 /* _Tests.m in Sources */ = {isa = PBXBuildFile; fileRef = 0ADC8EAC15CB6AD600BA99C2 /* _Tests.m */; };
		0ADC8ECD15CB6AD600BA99C2 /* _Tests.m in Sources */ = {isa = PBXBuildFile; fileRef = 0ADC8EAC15CB6AD600BA99C2 /* _Tests.m */; };
		0ADC8ECE15CB6AD600BA99C2 /* _WrapperTests.m in Sources */ = {isa = PBXBuildFile; fileRef = 0ADC8EAE15CB6AD600BA99C2 /* _WrapperTests.m */; };
		0ADC8ECF15CB6AD600BA99C2 /* _WrapperTests.m in Sources */ = {isa = PBXBuildFile; fileRef = 0ADC8EAE15CB6AD600BA99C2 /* _WrapperTests.m */; };
		0ADC8ED015CB6AD600BA99C2 /* _+ArraysTests.m in Sources */ = {isa = PBXBuildFile; fileRef = 0ADC8EB115CB6AD600BA99C2 /* _+ArraysTests.m */; };
		0ADC8ED115CB6AD600BA99C2 /* _+ArraysTests.m in Sources */ = {isa = PBXBuildFile; fileRef = 0ADC8EB115CB6AD600BA99C2 /* _+ArraysTests.m */; };
		0ADC8ED215CB6AD600BA99C2 /* _+ChainingTests.m in Sources */ = {isa = PBXBuildFile; fileRef = 0ADC8EB315CB6AD600BA99C2 /* _+ChainingTests.m */; };
		0ADC8ED315CB6AD600BA99C2 /* _+ChainingTests.m in Sources */ = {isa = PBXBuildFile; fileRef = 0ADC8EB315CB6AD600BA99C2 /* _+ChainingTests.m */; };
		0ADC8ED415CB6AD600BA99C2 /* _+CollectionsTests.m in Sources */ = {isa = PBXBuildFile; fileRef = 0ADC8EB515CB6AD600BA99C2 /* _+CollectionsTests.m */; };
		0ADC8ED515CB6AD600BA99C2 /* _+CollectionsTests.m in Sources */ = {isa = PBXBuildFile; fileRef = 0ADC8EB515CB6AD600BA99C2 /* _+CollectionsTests.m */; };
		0ADC8ED615CB6AD600BA99C2 /* _+ExtensionsTests.m in Sources */ = {isa = PBXBuildFile; fileRef = 0ADC8EB715CB6AD600BA99C2 /* _+ExtensionsTests.m */; };
		0ADC8ED715CB6AD600BA99C2 /* _+ExtensionsTests.m in Sources */ = {isa = PBXBuildFile; fileRef = 0ADC8EB715CB6AD600BA99C2 /* _+ExtensionsTests.m */; };
		0ADC8ED815CB6AD600BA99C2 /* _+FunctionsTests.m in Sources */ = {isa = PBXBuildFile; fileRef = 0ADC8EB915CB6AD600BA99C2 /* _+FunctionsTests.m */; };
		0ADC8ED915CB6AD600BA99C2 /* _+FunctionsTests.m in Sources */ = {isa = PBXBuildFile; fileRef = 0ADC8EB915CB6AD600BA99C2 /* _+FunctionsTests.m */; };
		0ADC8EDA15CB6AD600BA99C2 /* _+ObjectsTests.m in Sources */ = {isa = PBXBuildFile; fileRef = 0ADC8EBB15CB6AD600BA99C2 /* _+ObjectsTests.m */; };
		0ADC8EDB15CB6AD600BA99C2 /* _+ObjectsTests.m in Sources */ = {isa = PBXBuildFile; fileRef = 0ADC8EBB15CB6AD600BA99C2 /* _+ObjectsTests.m */; };
		0ADC8EDC15CB6AD600BA99C2 /* _+UtilityTests.m in Sources */ = {isa = PBXBuildFile; fileRef = 0ADC8EBD15CB6AD600BA99C2 /* _+UtilityTests.m */; };
		0ADC8EDD15CB6AD600BA99C2 /* _+UtilityTests.m in Sources */ = {isa = PBXBuildFile; fileRef = 0ADC8EBD15CB6AD600BA99C2 /* _+UtilityTests.m */; };
		0ADC8EDE15CB6AD600BA99C2 /* _WebsiteTests.m in Sources */ = {isa = PBXBuildFile; fileRef = 0ADC8EC015CB6AD600BA99C2 /* _WebsiteTests.m */; };
		0ADC8EDF15CB6AD600BA99C2 /* _WebsiteTests.m in Sources */ = {isa = PBXBuildFile; fileRef = 0ADC8EC015CB6AD600BA99C2 /* _WebsiteTests.m */; };
		0ADC8EE015CB6AD600BA99C2 /* _Wrapper+ArraysTests.m in Sources */ = {isa = PBXBuildFile; fileRef = 0ADC8EC315CB6AD600BA99C2 /* _Wrapper+ArraysTests.m */; };
		0ADC8EE115CB6AD600BA99C2 /* _Wrapper+ArraysTests.m in Sources */ = {isa = PBXBuildFile; fileRef = 0ADC8EC315CB6AD600BA99C2 /* _Wrapper+ArraysTests.m */; };
		0ADC8EE215CB6AD600BA99C2 /* _Wrapper+CollectionsTests.m in Sources */ = {isa = PBXBuildFile; fileRef = 0ADC8EC515CB6AD600BA99C2 /* _Wrapper+CollectionsTests.m */; };
		0ADC8EE315CB6AD600BA99C2 /* _Wrapper+CollectionsTests.m in Sources */ = {isa = PBXBuildFile; fileRef = 0ADC8EC515CB6AD600BA99C2 /* _Wrapper+CollectionsTests.m */; };
		0ADC8EE415CB6AD600BA99C2 /* _Wrapper+JavaScriptTests.m in Sources */ = {isa = PBXBuildFile; fileRef = 0ADC8EC715CB6AD600BA99C2 /* _Wrapper+JavaScriptTests.m */; };
		0ADC8EE515CB6AD600BA99C2 /* _Wrapper+JavaScriptTests.m in Sources */ = {isa = PBXBuildFile; fileRef = 0ADC8EC715CB6AD600BA99C2 /* _Wrapper+JavaScriptTests.m */; };
		0ADC8EE615CB6AD600BA99C2 /* _Wrapper+ObjectsTests.m in Sources */ = {isa = PBXBuildFile; fileRef = 0ADC8EC915CB6AD600BA99C2 /* _Wrapper+ObjectsTests.m */; };
		0ADC8EE715CB6AD600BA99C2 /* _Wrapper+ObjectsTests.m in Sources */ = {isa = PBXBuildFile; fileRef = 0ADC8EC915CB6AD600BA99C2 /* _Wrapper+ObjectsTests.m */; };
		0ADC8EE815CB6AD600BA99C2 /* _Wrapper+UtilityTests.m in Sources */ = {isa = PBXBuildFile; fileRef = 0ADC8ECB15CB6AD600BA99C2 /* _Wrapper+UtilityTests.m */; };
		0ADC8EE915CB6AD600BA99C2 /* _Wrapper+UtilityTests.m in Sources */ = {isa = PBXBuildFile; fileRef = 0ADC8ECB15CB6AD600BA99C2 /* _Wrapper+UtilityTests.m */; };
/* End PBXBuildFile section */

/* Begin PBXContainerItemProxy section */
		0ADC8DFA15CB69C300BA99C2 /* PBXContainerItemProxy */ = {
			isa = PBXContainerItemProxy;
			containerPortal = 0A32613C15B8FB4800237F52 /* Project object */;
			proxyType = 1;
			remoteGlobalIDString = 0ADC8DE715CB69C300BA99C2;
			remoteInfo = _.m_iOS;
		};
		0ADC8E2515CB69E000BA99C2 /* PBXContainerItemProxy */ = {
			isa = PBXContainerItemProxy;
			containerPortal = 0A32613C15B8FB4800237F52 /* Project object */;
			proxyType = 1;
			remoteGlobalIDString = 0ADC8E0F15CB69E000BA99C2;
			remoteInfo = _.m_OSX;
		};
/* End PBXContainerItemProxy section */

/* Begin PBXCopyFilesBuildPhase section */
		0ADC8DE615CB69C300BA99C2 /* CopyFiles */ = {
			isa = PBXCopyFilesBuildPhase;
			buildActionMask = 2147483647;
			dstPath = "include/${PRODUCT_NAME}";
			dstSubfolderSpec = 16;
			files = (
			);
			runOnlyForDeploymentPostprocessing = 0;
		};
/* End PBXCopyFilesBuildPhase section */

/* Begin PBXFileReference section */
		0A14EE2C15CB96880098AC02 /* libPods_iOS.a */ = {isa = PBXFileReference; lastKnownFileType = archive.ar; name = libPods_iOS.a; path = "Pods/build/Debug-iphoneos/libPods_iOS.a"; sourceTree = "<group>"; };
		0A14EE2F15CB968C0098AC02 /* libQUnit.m_iOS.a */ = {isa = PBXFileReference; lastKnownFileType = archive.ar; name = libQUnit.m_iOS.a; path = "Pods/build/Debug-iphoneos/libQUnit.m_iOS.a"; sourceTree = "<group>"; };
		0A1A29A115CB76370052BCC9 /* libPods_OSX.a */ = {isa = PBXFileReference; lastKnownFileType = archive.ar; name = libPods_OSX.a; path = Pods/build/Debug/libPods_OSX.a; sourceTree = "<group>"; };
		0A1A29A315CB763F0052BCC9 /* libQUnit.m_OSX.a */ = {isa = PBXFileReference; lastKnownFileType = archive.ar; name = libQUnit.m_OSX.a; path = Pods/build/Debug/libQUnit.m_OSX.a; sourceTree = "<group>"; };
		0A32614815B8FB4800237F52 /* Foundation.framework */ = {isa = PBXFileReference; includeInIndex = 1; lastKnownFileType = wrapper.framework; name = Foundation.framework; path = System/Library/Frameworks/Foundation.framework; sourceTree = SDKROOT; };
		0A32615615B8FB4900237F52 /* SenTestingKit.framework */ = {isa = PBXFileReference; lastKnownFileType = wrapper.framework; name = SenTestingKit.framework; path = Library/Frameworks/SenTestingKit.framework; sourceTree = DEVELOPER_DIR; };
		0A9BD95115CB6E5400D38189 /* _.m_iOSTests-Info.plist */ = {isa = PBXFileReference; lastKnownFileType = text.plist.xml; path = "_.m_iOSTests-Info.plist"; sourceTree = "<group>"; };
		0A9BD95215CB6E6F00D38189 /* _.m_OSXTests-Info.plist */ = {isa = PBXFileReference; lastKnownFileType = text.plist.xml; path = "_.m_OSXTests-Info.plist"; sourceTree = "<group>"; };
		0A9BDA6C15CB715F00D38189 /* Cocoa.framework */ = {isa = PBXFileReference; lastKnownFileType = wrapper.framework; name = Cocoa.framework; path = Platforms/MacOSX.platform/Developer/SDKs/MacOSX10.8.sdk/System/Library/Frameworks/Cocoa.framework; sourceTree = DEVELOPER_DIR; };
		0A9BDA7115CB719C00D38189 /* UIKit.framework */ = {isa = PBXFileReference; lastKnownFileType = wrapper.framework; name = UIKit.framework; path = System/Library/Frameworks/UIKit.framework; sourceTree = SDKROOT; };
		0AC0449315B9675C006C4984 /* LICENSE */ = {isa = PBXFileReference; lastKnownFileType = text; path = LICENSE; sourceTree = SOURCE_ROOT; };
		0AC0449415B9675C006C4984 /* README.md */ = {isa = PBXFileReference; lastKnownFileType = text; path = README.md; sourceTree = SOURCE_ROOT; };
		0ADC8DE815CB69C300BA99C2 /* lib_.m_iOS.a */ = {isa = PBXFileReference; explicitFileType = archive.ar; includeInIndex = 0; path = lib_.m_iOS.a; sourceTree = BUILT_PRODUCTS_DIR; };
		0ADC8DF615CB69C300BA99C2 /* _.m_iOSTests.octest */ = {isa = PBXFileReference; explicitFileType = wrapper.cfbundle; includeInIndex = 0; path = _.m_iOSTests.octest; sourceTree = BUILT_PRODUCTS_DIR; };
		0ADC8E1015CB69E000BA99C2 /* lib_.m_OSX.a */ = {isa = PBXFileReference; explicitFileType = archive.ar; includeInIndex = 0; path = lib_.m_OSX.a; sourceTree = BUILT_PRODUCTS_DIR; };
		0ADC8E1415CB69E000BA99C2 /* AppKit.framework */ = {isa = PBXFileReference; lastKnownFileType = wrapper.framework; name = AppKit.framework; path = Library/Frameworks/AppKit.framework; sourceTree = SDKROOT; };
		0ADC8E1515CB69E000BA99C2 /* CoreData.framework */ = {isa = PBXFileReference; lastKnownFileType = wrapper.framework; name = CoreData.framework; path = Library/Frameworks/CoreData.framework; sourceTree = SDKROOT; };
		0ADC8E1615CB69E000BA99C2 /* Foundation.framework */ = {isa = PBXFileReference; lastKnownFileType = wrapper.framework; name = Foundation.framework; path = Library/Frameworks/Foundation.framework; sourceTree = SDKROOT; };
		0ADC8E2215CB69E000BA99C2 /* _.m_OSXTests.octest */ = {isa = PBXFileReference; explicitFileType = wrapper.cfbundle; includeInIndex = 0; path = _.m_OSXTests.octest; sourceTree = BUILT_PRODUCTS_DIR; };
		0ADC8E3815CB6A2700BA99C2 /* _.m_iOS-Prefix.pch */ = {isa = PBXFileReference; fileEncoding = 4; lastKnownFileType = sourcecode.c.h; path = "_.m_iOS-Prefix.pch"; sourceTree = "<group>"; };
		0ADC8E3C15CB6A3200BA99C2 /* en */ = {isa = PBXFileReference; lastKnownFileType = text.plist.strings; name = en; path = en.lproj/InfoPlist.strings; sourceTree = "<group>"; };
		0ADC8E4015CB6A4200BA99C2 /* _.m_OSX-Prefix.pch */ = {isa = PBXFileReference; fileEncoding = 4; lastKnownFileType = sourcecode.c.h; path = "_.m_OSX-Prefix.pch"; sourceTree = "<group>"; };
		0ADC8E4515CB6A4A00BA99C2 /* en */ = {isa = PBXFileReference; lastKnownFileType = text.plist.strings; name = en; path = en.lproj/InfoPlist.strings; sourceTree = "<group>"; };
		0ADC8E4915CB6ACF00BA99C2 /* _.h */ = {isa = PBXFileReference; fileEncoding = 4; lastKnownFileType = sourcecode.c.h; path = _.h; sourceTree = "<group>"; };
		0ADC8E4A15CB6ACF00BA99C2 /* _.m */ = {isa = PBXFileReference; fileEncoding = 4; lastKnownFileType = sourcecode.c.objc; path = _.m; sourceTree = "<group>"; };
		0ADC8E4B15CB6ACF00BA99C2 /* _Types.h */ = {isa = PBXFileReference; fileEncoding = 4; lastKnownFileType = sourcecode.c.h; path = _Types.h; sourceTree = "<group>"; };
		0ADC8E4C15CB6ACF00BA99C2 /* _Wrapper.h */ = {isa = PBXFileReference; fileEncoding = 4; lastKnownFileType = sourcecode.c.h; path = _Wrapper.h; sourceTree = "<group>"; };
		0ADC8E4D15CB6ACF00BA99C2 /* _Wrapper.m */ = {isa = PBXFileReference; fileEncoding = 4; lastKnownFileType = sourcecode.c.objc; path = _Wrapper.m; sourceTree = "<group>"; };
		0ADC8E4F15CB6ACF00BA99C2 /* _+Arrays.h */ = {isa = PBXFileReference; fileEncoding = 4; lastKnownFileType = sourcecode.c.h; path = "_+Arrays.h"; sourceTree = "<group>"; };
		0ADC8E5015CB6ACF00BA99C2 /* _+Arrays.m */ = {isa = PBXFileReference; fileEncoding = 4; lastKnownFileType = sourcecode.c.objc; path = "_+Arrays.m"; sourceTree = "<group>"; };
		0ADC8E5115CB6ACF00BA99C2 /* _+Collections.h */ = {isa = PBXFileReference; fileEncoding = 4; lastKnownFileType = sourcecode.c.h; path = "_+Collections.h"; sourceTree = "<group>"; };
		0ADC8E5215CB6ACF00BA99C2 /* _+Collections.m */ = {isa = PBXFileReference; fileEncoding = 4; lastKnownFileType = sourcecode.c.objc; path = "_+Collections.m"; sourceTree = "<group>"; };
		0ADC8E5315CB6ACF00BA99C2 /* _+Extensions.h */ = {isa = PBXFileReference; fileEncoding = 4; lastKnownFileType = sourcecode.c.h; path = "_+Extensions.h"; sourceTree = "<group>"; };
		0ADC8E5415CB6ACF00BA99C2 /* _+Extensions.m */ = {isa = PBXFileReference; fileEncoding = 4; lastKnownFileType = sourcecode.c.objc; path = "_+Extensions.m"; sourceTree = "<group>"; };
		0ADC8E5515CB6ACF00BA99C2 /* _+Functions.h */ = {isa = PBXFileReference; fileEncoding = 4; lastKnownFileType = sourcecode.c.h; path = "_+Functions.h"; sourceTree = "<group>"; };
		0ADC8E5615CB6ACF00BA99C2 /* _+Functions.m */ = {isa = PBXFileReference; fileEncoding = 4; lastKnownFileType = sourcecode.c.objc; path = "_+Functions.m"; sourceTree = "<group>"; };
		0ADC8E5715CB6ACF00BA99C2 /* _+Objects.h */ = {isa = PBXFileReference; fileEncoding = 4; lastKnownFileType = sourcecode.c.h; path = "_+Objects.h"; sourceTree = "<group>"; };
		0ADC8E5815CB6ACF00BA99C2 /* _+Objects.m */ = {isa = PBXFileReference; fileEncoding = 4; lastKnownFileType = sourcecode.c.objc; path = "_+Objects.m"; sourceTree = "<group>"; };
		0ADC8E5915CB6ACF00BA99C2 /* _+Utility.h */ = {isa = PBXFileReference; fileEncoding = 4; lastKnownFileType = sourcecode.c.h; path = "_+Utility.h"; sourceTree = "<group>"; };
		0ADC8E5A15CB6ACF00BA99C2 /* _+Utility.m */ = {isa = PBXFileReference; fileEncoding = 4; lastKnownFileType = sourcecode.c.objc; path = "_+Utility.m"; sourceTree = "<group>"; };
		0ADC8E5B15CB6ACF00BA99C2 /* Underscore.h */ = {isa = PBXFileReference; fileEncoding = 4; lastKnownFileType = sourcecode.c.h; path = Underscore.h; sourceTree = "<group>"; };
		0ADC8E5D15CB6ACF00BA99C2 /* _Wrapper+Arrays.h */ = {isa = PBXFileReference; fileEncoding = 4; lastKnownFileType = sourcecode.c.h; path = "_Wrapper+Arrays.h"; sourceTree = "<group>"; };
		0ADC8E5E15CB6ACF00BA99C2 /* _Wrapper+Arrays.m */ = {isa = PBXFileReference; fileEncoding = 4; lastKnownFileType = sourcecode.c.objc; path = "_Wrapper+Arrays.m"; sourceTree = "<group>"; };
		0ADC8E5F15CB6ACF00BA99C2 /* _Wrapper+Collections.h */ = {isa = PBXFileReference; fileEncoding = 4; lastKnownFileType = sourcecode.c.h; path = "_Wrapper+Collections.h"; sourceTree = "<group>"; };
		0ADC8E6015CB6ACF00BA99C2 /* _Wrapper+Collections.m */ = {isa = PBXFileReference; fileEncoding = 4; lastKnownFileType = sourcecode.c.objc; path = "_Wrapper+Collections.m"; sourceTree = "<group>"; };
		0ADC8E6115CB6ACF00BA99C2 /* _Wrapper+JavaScript.h */ = {isa = PBXFileReference; fileEncoding = 4; lastKnownFileType = sourcecode.c.h; path = "_Wrapper+JavaScript.h"; sourceTree = "<group>"; };
		0ADC8E6215CB6ACF00BA99C2 /* _Wrapper+JavaScript.m */ = {isa = PBXFileReference; fileEncoding = 4; lastKnownFileType = sourcecode.c.objc; path = "_Wrapper+JavaScript.m"; sourceTree = "<group>"; };
		0ADC8E6315CB6ACF00BA99C2 /* _Wrapper+Objects.h */ = {isa = PBXFileReference; fileEncoding = 4; lastKnownFileType = sourcecode.c.h; path = "_Wrapper+Objects.h"; sourceTree = "<group>"; };
		0ADC8E6415CB6ACF00BA99C2 /* _Wrapper+Objects.m */ = {isa = PBXFileReference; fileEncoding = 4; lastKnownFileType = sourcecode.c.objc; path = "_Wrapper+Objects.m"; sourceTree = "<group>"; };
		0ADC8E6515CB6ACF00BA99C2 /* _Wrapper+Utility.h */ = {isa = PBXFileReference; fileEncoding = 4; lastKnownFileType = sourcecode.c.h; path = "_Wrapper+Utility.h"; sourceTree = "<group>"; };
		0ADC8E6615CB6ACF00BA99C2 /* _Wrapper+Utility.m */ = {isa = PBXFileReference; fileEncoding = 4; lastKnownFileType = sourcecode.c.objc; path = "_Wrapper+Utility.m"; sourceTree = "<group>"; };
		0ADC8EAB15CB6AD600BA99C2 /* _Tests.h */ = {isa = PBXFileReference; fileEncoding = 4; lastKnownFileType = sourcecode.c.h; path = _Tests.h; sourceTree = "<group>"; };
		0ADC8EAC15CB6AD600BA99C2 /* _Tests.m */ = {isa = PBXFileReference; fileEncoding = 4; lastKnownFileType = sourcecode.c.objc; path = _Tests.m; sourceTree = "<group>"; };
		0ADC8EAD15CB6AD600BA99C2 /* _WrapperTests.h */ = {isa = PBXFileReference; fileEncoding = 4; lastKnownFileType = sourcecode.c.h; path = _WrapperTests.h; sourceTree = "<group>"; };
		0ADC8EAE15CB6AD600BA99C2 /* _WrapperTests.m */ = {isa = PBXFileReference; fileEncoding = 4; lastKnownFileType = sourcecode.c.objc; path = _WrapperTests.m; sourceTree = "<group>"; };
		0ADC8EB015CB6AD600BA99C2 /* _+ArraysTests.h */ = {isa = PBXFileReference; fileEncoding = 4; lastKnownFileType = sourcecode.c.h; path = "_+ArraysTests.h"; sourceTree = "<group>"; };
		0ADC8EB115CB6AD600BA99C2 /* _+ArraysTests.m */ = {isa = PBXFileReference; fileEncoding = 4; lastKnownFileType = sourcecode.c.objc; path = "_+ArraysTests.m"; sourceTree = "<group>"; };
		0ADC8EB215CB6AD600BA99C2 /* _+ChainingTests.h */ = {isa = PBXFileReference; fileEncoding = 4; lastKnownFileType = sourcecode.c.h; path = "_+ChainingTests.h"; sourceTree = "<group>"; };
		0ADC8EB315CB6AD600BA99C2 /* _+ChainingTests.m */ = {isa = PBXFileReference; fileEncoding = 4; lastKnownFileType = sourcecode.c.objc; path = "_+ChainingTests.m"; sourceTree = "<group>"; };
		0ADC8EB415CB6AD600BA99C2 /* _+CollectionsTests.h */ = {isa = PBXFileReference; fileEncoding = 4; lastKnownFileType = sourcecode.c.h; path = "_+CollectionsTests.h"; sourceTree = "<group>"; };
		0ADC8EB515CB6AD600BA99C2 /* _+CollectionsTests.m */ = {isa = PBXFileReference; fileEncoding = 4; lastKnownFileType = sourcecode.c.objc; path = "_+CollectionsTests.m"; sourceTree = "<group>"; };
		0ADC8EB615CB6AD600BA99C2 /* _+ExtensionsTests.h */ = {isa = PBXFileReference; fileEncoding = 4; lastKnownFileType = sourcecode.c.h; path = "_+ExtensionsTests.h"; sourceTree = "<group>"; };
		0ADC8EB715CB6AD600BA99C2 /* _+ExtensionsTests.m */ = {isa = PBXFileReference; fileEncoding = 4; lastKnownFileType = sourcecode.c.objc; path = "_+ExtensionsTests.m"; sourceTree = "<group>"; };
		0ADC8EB815CB6AD600BA99C2 /* _+FunctionsTests.h */ = {isa = PBXFileReference; fileEncoding = 4; lastKnownFileType = sourcecode.c.h; path = "_+FunctionsTests.h"; sourceTree = "<group>"; };
		0ADC8EB915CB6AD600BA99C2 /* _+FunctionsTests.m */ = {isa = PBXFileReference; fileEncoding = 4; lastKnownFileType = sourcecode.c.objc; path = "_+FunctionsTests.m"; sourceTree = "<group>"; };
		0ADC8EBA15CB6AD600BA99C2 /* _+ObjectsTests.h */ = {isa = PBXFileReference; fileEncoding = 4; lastKnownFileType = sourcecode.c.h; path = "_+ObjectsTests.h"; sourceTree = "<group>"; };
		0ADC8EBB15CB6AD600BA99C2 /* _+ObjectsTests.m */ = {isa = PBXFileReference; fileEncoding = 4; lastKnownFileType = sourcecode.c.objc; path = "_+ObjectsTests.m"; sourceTree = "<group>"; };
		0ADC8EBC15CB6AD600BA99C2 /* _+UtilityTests.h */ = {isa = PBXFileReference; fileEncoding = 4; lastKnownFileType = sourcecode.c.h; path = "_+UtilityTests.h"; sourceTree = "<group>"; };
		0ADC8EBD15CB6AD600BA99C2 /* _+UtilityTests.m */ = {isa = PBXFileReference; fileEncoding = 4; lastKnownFileType = sourcecode.c.objc; path = "_+UtilityTests.m"; sourceTree = "<group>"; };
		0ADC8EBF15CB6AD600BA99C2 /* _WebsiteTests.h */ = {isa = PBXFileReference; fileEncoding = 4; lastKnownFileType = sourcecode.c.h; path = _WebsiteTests.h; sourceTree = "<group>"; };
		0ADC8EC015CB6AD600BA99C2 /* _WebsiteTests.m */ = {isa = PBXFileReference; fileEncoding = 4; lastKnownFileType = sourcecode.c.objc; path = _WebsiteTests.m; sourceTree = "<group>"; };
		0ADC8EC215CB6AD600BA99C2 /* _Wrapper+ArraysTests.h */ = {isa = PBXFileReference; fileEncoding = 4; lastKnownFileType = sourcecode.c.h; path = "_Wrapper+ArraysTests.h"; sourceTree = "<group>"; };
		0ADC8EC315CB6AD600BA99C2 /* _Wrapper+ArraysTests.m */ = {isa = PBXFileReference; fileEncoding = 4; lastKnownFileType = sourcecode.c.objc; path = "_Wrapper+ArraysTests.m"; sourceTree = "<group>"; };
		0ADC8EC415CB6AD600BA99C2 /* _Wrapper+CollectionsTests.h */ = {isa = PBXFileReference; fileEncoding = 4; lastKnownFileType = sourcecode.c.h; path = "_Wrapper+CollectionsTests.h"; sourceTree = "<group>"; };
		0ADC8EC515CB6AD600BA99C2 /* _Wrapper+CollectionsTests.m */ = {isa = PBXFileReference; fileEncoding = 4; lastKnownFileType = sourcecode.c.objc; path = "_Wrapper+CollectionsTests.m"; sourceTree = "<group>"; };
		0ADC8EC615CB6AD600BA99C2 /* _Wrapper+JavaScriptTests.h */ = {isa = PBXFileReference; fileEncoding = 4; lastKnownFileType = sourcecode.c.h; path = "_Wrapper+JavaScriptTests.h"; sourceTree = "<group>"; };
		0ADC8EC715CB6AD600BA99C2 /* _Wrapper+JavaScriptTests.m */ = {isa = PBXFileReference; fileEncoding = 4; lastKnownFileType = sourcecode.c.objc; path = "_Wrapper+JavaScriptTests.m"; sourceTree = "<group>"; };
		0ADC8EC815CB6AD600BA99C2 /* _Wrapper+ObjectsTests.h */ = {isa = PBXFileReference; fileEncoding = 4; lastKnownFileType = sourcecode.c.h; path = "_Wrapper+ObjectsTests.h"; sourceTree = "<group>"; };
		0ADC8EC915CB6AD600BA99C2 /* _Wrapper+ObjectsTests.m */ = {isa = PBXFileReference; fileEncoding = 4; lastKnownFileType = sourcecode.c.objc; path = "_Wrapper+ObjectsTests.m"; sourceTree = "<group>"; };
		0ADC8ECA15CB6AD600BA99C2 /* _Wrapper+UtilityTests.h */ = {isa = PBXFileReference; fileEncoding = 4; lastKnownFileType = sourcecode.c.h; path = "_Wrapper+UtilityTests.h"; sourceTree = "<group>"; };
		0ADC8ECB15CB6AD600BA99C2 /* _Wrapper+UtilityTests.m */ = {isa = PBXFileReference; fileEncoding = 4; lastKnownFileType = sourcecode.c.objc; path = "_Wrapper+UtilityTests.m"; sourceTree = "<group>"; };
		24829CE3614543D1ACB1613A /* Pods.xcconfig */ = {isa = PBXFileReference; includeInIndex = 1; lastKnownFileType = text.xcconfig; name = Pods.xcconfig; path = Pods/Pods.xcconfig; sourceTree = SOURCE_ROOT; };
/* End PBXFileReference section */

/* Begin PBXFrameworksBuildPhase section */
		0ADC8DE515CB69C300BA99C2 /* Frameworks */ = {
			isa = PBXFrameworksBuildPhase;
			buildActionMask = 2147483647;
			files = (
				0ADC8DE915CB69C300BA99C2 /* Foundation.framework in Frameworks */,
				0A14EE3115CB96910098AC02 /* libPods_iOS.a in Frameworks */,
			);
			runOnlyForDeploymentPostprocessing = 0;
		};
		0ADC8DF215CB69C300BA99C2 /* Frameworks */ = {
			isa = PBXFrameworksBuildPhase;
			buildActionMask = 2147483647;
			files = (
				0A9BDA7215CB719C00D38189 /* UIKit.framework in Frameworks */,
				0ADC8DF715CB69C300BA99C2 /* SenTestingKit.framework in Frameworks */,
				0ADC8DF915CB69C300BA99C2 /* Foundation.framework in Frameworks */,
				0A14EE2D15CB96890098AC02 /* libPods_iOS.a in Frameworks */,
				0A14EE3015CB968C0098AC02 /* libQUnit.m_iOS.a in Frameworks */,
			);
			runOnlyForDeploymentPostprocessing = 0;
		};
		0ADC8E0D15CB69E000BA99C2 /* Frameworks */ = {
			isa = PBXFrameworksBuildPhase;
			buildActionMask = 2147483647;
			files = (
				0A9BDA7315CB71B500D38189 /* Cocoa.framework in Frameworks */,
				0A1A29A215CB76370052BCC9 /* libPods_OSX.a in Frameworks */,
			);
			runOnlyForDeploymentPostprocessing = 0;
		};
		0ADC8E1E15CB69E000BA99C2 /* Frameworks */ = {
			isa = PBXFrameworksBuildPhase;
			buildActionMask = 2147483647;
			files = (
				0A9BDA7015CB717500D38189 /* Cocoa.framework in Frameworks */,
				0ADC8E2315CB69E000BA99C2 /* SenTestingKit.framework in Frameworks */,
				0A1A29A515CB76420052BCC9 /* libPods_OSX.a in Frameworks */,
				0A1A29A415CB763F0052BCC9 /* libQUnit.m_OSX.a in Frameworks */,
			);
			runOnlyForDeploymentPostprocessing = 0;
		};
/* End PBXFrameworksBuildPhase section */

/* Begin PBXGroup section */
		0A32613A15B8FB4800237F52 = {
			isa = PBXGroup;
			children = (
				0AC0449415B9675C006C4984 /* README.md */,
				0AC0449315B9675C006C4984 /* LICENSE */,
				0ADC8E4815CB6ACF00BA99C2 /* Lib */,
				0ADC8EAA15CB6AD600BA99C2 /* Tests */,
				0ADC8DDA15CB697600BA99C2 /* Config */,
				0A32614715B8FB4800237F52 /* Frameworks */,
				0A32614615B8FB4800237F52 /* Products */,
				24829CE3614543D1ACB1613A /* Pods.xcconfig */,
			);
			sourceTree = "<group>";
		};
		0A32614615B8FB4800237F52 /* Products */ = {
			isa = PBXGroup;
			children = (
				0ADC8DE815CB69C300BA99C2 /* lib_.m_iOS.a */,
				0ADC8DF615CB69C300BA99C2 /* _.m_iOSTests.octest */,
				0ADC8E1015CB69E000BA99C2 /* lib_.m_OSX.a */,
				0ADC8E2215CB69E000BA99C2 /* _.m_OSXTests.octest */,
			);
			name = Products;
			sourceTree = "<group>";
		};
		0A32614715B8FB4800237F52 /* Frameworks */ = {
			isa = PBXGroup;
			children = (
				0A14EE2F15CB968C0098AC02 /* libQUnit.m_iOS.a */,
				0A14EE2C15CB96880098AC02 /* libPods_iOS.a */,
				0A1A29A315CB763F0052BCC9 /* libQUnit.m_OSX.a */,
				0A1A29A115CB76370052BCC9 /* libPods_OSX.a */,
				0A9BDA7115CB719C00D38189 /* UIKit.framework */,
				0A9BDA6C15CB715F00D38189 /* Cocoa.framework */,
				0A32614815B8FB4800237F52 /* Foundation.framework */,
				0A32615615B8FB4900237F52 /* SenTestingKit.framework */,
				0ADC8E1315CB69E000BA99C2 /* Other Frameworks */,
			);
			name = Frameworks;
			sourceTree = "<group>";
		};
		0ADC8DDA15CB697600BA99C2 /* Config */ = {
			isa = PBXGroup;
			children = (
				0ADC8E3715CB6A2700BA99C2 /* _.m_iOS */,
				0ADC8E3915CB6A3200BA99C2 /* _.m_iOSTests */,
				0ADC8E3F15CB6A4200BA99C2 /* _.m_OSX */,
				0ADC8E4215CB6A4A00BA99C2 /* _.m_OSXTests */,
			);
			name = Config;
			sourceTree = "<group>";
		};
		0ADC8E1315CB69E000BA99C2 /* Other Frameworks */ = {
			isa = PBXGroup;
			children = (
				0ADC8E1415CB69E000BA99C2 /* AppKit.framework */,
				0ADC8E1515CB69E000BA99C2 /* CoreData.framework */,
				0ADC8E1615CB69E000BA99C2 /* Foundation.framework */,
			);
			name = "Other Frameworks";
			sourceTree = "<group>";
		};
		0ADC8E3715CB6A2700BA99C2 /* _.m_iOS */ = {
			isa = PBXGroup;
			children = (
				0ADC8E3815CB6A2700BA99C2 /* _.m_iOS-Prefix.pch */,
			);
			name = _.m_iOS;
			path = Config/_.m_iOS;
			sourceTree = "<group>";
		};
		0ADC8E3915CB6A3200BA99C2 /* _.m_iOSTests */ = {
			isa = PBXGroup;
			children = (
				0A9BD95115CB6E5400D38189 /* _.m_iOSTests-Info.plist */,
				0ADC8E3B15CB6A3200BA99C2 /* InfoPlist.strings */,
			);
			name = _.m_iOSTests;
			path = Config/_.m_iOSTests;
			sourceTree = "<group>";
		};
		0ADC8E3F15CB6A4200BA99C2 /* _.m_OSX */ = {
			isa = PBXGroup;
			children = (
				0ADC8E4015CB6A4200BA99C2 /* _.m_OSX-Prefix.pch */,
			);
			name = _.m_OSX;
			path = Config/_.m_OSX;
			sourceTree = "<group>";
		};
		0ADC8E4215CB6A4A00BA99C2 /* _.m_OSXTests */ = {
			isa = PBXGroup;
			children = (
				0A9BD95215CB6E6F00D38189 /* _.m_OSXTests-Info.plist */,
				0ADC8E4415CB6A4A00BA99C2 /* InfoPlist.strings */,
			);
			name = _.m_OSXTests;
			path = Config/_.m_OSXTests;
			sourceTree = "<group>";
		};
		0ADC8E4815CB6ACF00BA99C2 /* Lib */ = {
			isa = PBXGroup;
			children = (
				0ADC8E4915CB6ACF00BA99C2 /* _.h */,
				0ADC8E4A15CB6ACF00BA99C2 /* _.m */,
				0ADC8E4B15CB6ACF00BA99C2 /* _Types.h */,
				0ADC8E4C15CB6ACF00BA99C2 /* _Wrapper.h */,
				0ADC8E4D15CB6ACF00BA99C2 /* _Wrapper.m */,
				0ADC8E4E15CB6ACF00BA99C2 /* Categories */,
				0ADC8E5B15CB6ACF00BA99C2 /* Underscore.h */,
				0ADC8E5C15CB6ACF00BA99C2 /* WrapperCategories */,
			);
			path = Lib;
			sourceTree = "<group>";
		};
		0ADC8E4E15CB6ACF00BA99C2 /* Categories */ = {
			isa = PBXGroup;
			children = (
				0ADC8E4F15CB6ACF00BA99C2 /* _+Arrays.h */,
				0ADC8E5015CB6ACF00BA99C2 /* _+Arrays.m */,
				0ADC8E5115CB6ACF00BA99C2 /* _+Collections.h */,
				0ADC8E5215CB6ACF00BA99C2 /* _+Collections.m */,
				0ADC8E5315CB6ACF00BA99C2 /* _+Extensions.h */,
				0ADC8E5415CB6ACF00BA99C2 /* _+Extensions.m */,
				0ADC8E5515CB6ACF00BA99C2 /* _+Functions.h */,
				0ADC8E5615CB6ACF00BA99C2 /* _+Functions.m */,
				0ADC8E5715CB6ACF00BA99C2 /* _+Objects.h */,
				0ADC8E5815CB6ACF00BA99C2 /* _+Objects.m */,
				0ADC8E5915CB6ACF00BA99C2 /* _+Utility.h */,
				0ADC8E5A15CB6ACF00BA99C2 /* _+Utility.m */,
			);
			path = Categories;
			sourceTree = "<group>";
		};
		0ADC8E5C15CB6ACF00BA99C2 /* WrapperCategories */ = {
			isa = PBXGroup;
			children = (
				0ADC8E5D15CB6ACF00BA99C2 /* _Wrapper+Arrays.h */,
				0ADC8E5E15CB6ACF00BA99C2 /* _Wrapper+Arrays.m */,
				0ADC8E5F15CB6ACF00BA99C2 /* _Wrapper+Collections.h */,
				0ADC8E6015CB6ACF00BA99C2 /* _Wrapper+Collections.m */,
				0ADC8E6115CB6ACF00BA99C2 /* _Wrapper+JavaScript.h */,
				0ADC8E6215CB6ACF00BA99C2 /* _Wrapper+JavaScript.m */,
				0ADC8E6315CB6ACF00BA99C2 /* _Wrapper+Objects.h */,
				0ADC8E6415CB6ACF00BA99C2 /* _Wrapper+Objects.m */,
				0ADC8E6515CB6ACF00BA99C2 /* _Wrapper+Utility.h */,
				0ADC8E6615CB6ACF00BA99C2 /* _Wrapper+Utility.m */,
			);
			path = WrapperCategories;
			sourceTree = "<group>";
		};
		0ADC8EAA15CB6AD600BA99C2 /* Tests */ = {
			isa = PBXGroup;
			children = (
				0ADC8EAB15CB6AD600BA99C2 /* _Tests.h */,
				0ADC8EAC15CB6AD600BA99C2 /* _Tests.m */,
				0ADC8EAD15CB6AD600BA99C2 /* _WrapperTests.h */,
				0ADC8EAE15CB6AD600BA99C2 /* _WrapperTests.m */,
				0ADC8EAF15CB6AD600BA99C2 /* Categories */,
				0ADC8EBE15CB6AD600BA99C2 /* Website */,
				0ADC8EC115CB6AD600BA99C2 /* WrapperCategories */,
			);
			path = Tests;
			sourceTree = "<group>";
		};
		0ADC8EAF15CB6AD600BA99C2 /* Categories */ = {
			isa = PBXGroup;
			children = (
				0ADC8EB015CB6AD600BA99C2 /* _+ArraysTests.h */,
				0ADC8EB115CB6AD600BA99C2 /* _+ArraysTests.m */,
				0ADC8EB215CB6AD600BA99C2 /* _+ChainingTests.h */,
				0ADC8EB315CB6AD600BA99C2 /* _+ChainingTests.m */,
				0ADC8EB415CB6AD600BA99C2 /* _+CollectionsTests.h */,
				0ADC8EB515CB6AD600BA99C2 /* _+CollectionsTests.m */,
				0ADC8EB615CB6AD600BA99C2 /* _+ExtensionsTests.h */,
				0ADC8EB715CB6AD600BA99C2 /* _+ExtensionsTests.m */,
				0ADC8EB815CB6AD600BA99C2 /* _+FunctionsTests.h */,
				0ADC8EB915CB6AD600BA99C2 /* _+FunctionsTests.m */,
				0ADC8EBA15CB6AD600BA99C2 /* _+ObjectsTests.h */,
				0ADC8EBB15CB6AD600BA99C2 /* _+ObjectsTests.m */,
				0ADC8EBC15CB6AD600BA99C2 /* _+UtilityTests.h */,
				0ADC8EBD15CB6AD600BA99C2 /* _+UtilityTests.m */,
			);
			path = Categories;
			sourceTree = "<group>";
		};
		0ADC8EBE15CB6AD600BA99C2 /* Website */ = {
			isa = PBXGroup;
			children = (
				0ADC8EBF15CB6AD600BA99C2 /* _WebsiteTests.h */,
				0ADC8EC015CB6AD600BA99C2 /* _WebsiteTests.m */,
			);
			path = Website;
			sourceTree = "<group>";
		};
		0ADC8EC115CB6AD600BA99C2 /* WrapperCategories */ = {
			isa = PBXGroup;
			children = (
				0ADC8EC215CB6AD600BA99C2 /* _Wrapper+ArraysTests.h */,
				0ADC8EC315CB6AD600BA99C2 /* _Wrapper+ArraysTests.m */,
				0ADC8EC415CB6AD600BA99C2 /* _Wrapper+CollectionsTests.h */,
				0ADC8EC515CB6AD600BA99C2 /* _Wrapper+CollectionsTests.m */,
				0ADC8EC615CB6AD600BA99C2 /* _Wrapper+JavaScriptTests.h */,
				0ADC8EC715CB6AD600BA99C2 /* _Wrapper+JavaScriptTests.m */,
				0ADC8EC815CB6AD600BA99C2 /* _Wrapper+ObjectsTests.h */,
				0ADC8EC915CB6AD600BA99C2 /* _Wrapper+ObjectsTests.m */,
				0ADC8ECA15CB6AD600BA99C2 /* _Wrapper+UtilityTests.h */,
				0ADC8ECB15CB6AD600BA99C2 /* _Wrapper+UtilityTests.m */,
			);
			path = WrapperCategories;
			sourceTree = "<group>";
		};
/* End PBXGroup section */

/* Begin PBXHeadersBuildPhase section */
		0ADC8E0E15CB69E000BA99C2 /* Headers */ = {
			isa = PBXHeadersBuildPhase;
			buildActionMask = 2147483647;
			files = (
				0ADC8E4115CB6A4200BA99C2 /* _.m_OSX-Prefix.pch in Headers */,
				0ADC8E6715CB6ACF00BA99C2 /* _.h in Headers */,
				0ADC8E6C15CB6ACF00BA99C2 /* _Types.h in Headers */,
				0ADC8E6D15CB6ACF00BA99C2 /* _Wrapper.h in Headers */,
				0ADC8E7215CB6ACF00BA99C2 /* _+Arrays.h in Headers */,
				0ADC8E7715CB6ACF00BA99C2 /* _+Collections.h in Headers */,
				0ADC8E7C15CB6ACF00BA99C2 /* _+Extensions.h in Headers */,
				0ADC8E8115CB6ACF00BA99C2 /* _+Functions.h in Headers */,
				0ADC8E8615CB6ACF00BA99C2 /* _+Objects.h in Headers */,
				0ADC8E8B15CB6ACF00BA99C2 /* _+Utility.h in Headers */,
				0ADC8E9015CB6ACF00BA99C2 /* Underscore.h in Headers */,
				0ADC8E9115CB6ACF00BA99C2 /* _Wrapper+Arrays.h in Headers */,
				0ADC8E9615CB6ACF00BA99C2 /* _Wrapper+Collections.h in Headers */,
				0ADC8E9B15CB6ACF00BA99C2 /* _Wrapper+JavaScript.h in Headers */,
				0ADC8EA015CB6ACF00BA99C2 /* _Wrapper+Objects.h in Headers */,
				0ADC8EA515CB6ACF00BA99C2 /* _Wrapper+Utility.h in Headers */,
			);
			runOnlyForDeploymentPostprocessing = 0;
		};
/* End PBXHeadersBuildPhase section */

/* Begin PBXNativeTarget section */
		0ADC8DE715CB69C300BA99C2 /* _.m_iOS */ = {
			isa = PBXNativeTarget;
			buildConfigurationList = 0ADC8E0615CB69C300BA99C2 /* Build configuration list for PBXNativeTarget "_.m_iOS" */;
			buildPhases = (
				0ADC8DE415CB69C300BA99C2 /* Sources */,
				0ADC8DE515CB69C300BA99C2 /* Frameworks */,
				0ADC8DE615CB69C300BA99C2 /* CopyFiles */,
			);
			buildRules = (
			);
			dependencies = (
			);
			name = _.m_iOS;
			productName = _.m_iOS;
			productReference = 0ADC8DE815CB69C300BA99C2 /* lib_.m_iOS.a */;
			productType = "com.apple.product-type.library.static";
		};
		0ADC8DF515CB69C300BA99C2 /* _.m_iOSTests */ = {
			isa = PBXNativeTarget;
			buildConfigurationList = 0ADC8E0915CB69C300BA99C2 /* Build configuration list for PBXNativeTarget "_.m_iOSTests" */;
			buildPhases = (
				0ADC8DF115CB69C300BA99C2 /* Sources */,
				0ADC8DF215CB69C300BA99C2 /* Frameworks */,
				0ADC8DF315CB69C300BA99C2 /* Resources */,
				0ADC8DF415CB69C300BA99C2 /* ShellScript */,
			);
			buildRules = (
			);
			dependencies = (
				0ADC8DFB15CB69C300BA99C2 /* PBXTargetDependency */,
			);
			name = _.m_iOSTests;
			productName = _.m_iOSTests;
			productReference = 0ADC8DF615CB69C300BA99C2 /* _.m_iOSTests.octest */;
			productType = "com.apple.product-type.bundle";
		};
		0ADC8E0F15CB69E000BA99C2 /* _.m_OSX */ = {
			isa = PBXNativeTarget;
			buildConfigurationList = 0ADC8E3115CB69E000BA99C2 /* Build configuration list for PBXNativeTarget "_.m_OSX" */;
			buildPhases = (
				0ADC8E0C15CB69E000BA99C2 /* Sources */,
				0ADC8E0D15CB69E000BA99C2 /* Frameworks */,
				0ADC8E0E15CB69E000BA99C2 /* Headers */,
			);
			buildRules = (
			);
			dependencies = (
			);
			name = _.m_OSX;
			productName = _.m_OSX;
			productReference = 0ADC8E1015CB69E000BA99C2 /* lib_.m_OSX.a */;
			productType = "com.apple.product-type.library.static";
		};
		0ADC8E2115CB69E000BA99C2 /* _.m_OSXTests */ = {
			isa = PBXNativeTarget;
			buildConfigurationList = 0ADC8E3415CB69E000BA99C2 /* Build configuration list for PBXNativeTarget "_.m_OSXTests" */;
			buildPhases = (
				0ADC8E1D15CB69E000BA99C2 /* Sources */,
				0ADC8E1E15CB69E000BA99C2 /* Frameworks */,
				0ADC8E1F15CB69E000BA99C2 /* Resources */,
				0ADC8E2015CB69E000BA99C2 /* ShellScript */,
			);
			buildRules = (
			);
			dependencies = (
				0ADC8E2615CB69E000BA99C2 /* PBXTargetDependency */,
			);
			name = _.m_OSXTests;
			productName = _.m_OSXTests;
			productReference = 0ADC8E2215CB69E000BA99C2 /* _.m_OSXTests.octest */;
			productType = "com.apple.product-type.bundle";
		};
/* End PBXNativeTarget section */

/* Begin PBXProject section */
		0A32613C15B8FB4800237F52 /* Project object */ = {
			isa = PBXProject;
			attributes = {
				CLASSPREFIX = _;
				LastUpgradeCheck = 0430;
				ORGANIZATIONNAME = "Kevin Malakoff";
			};
			buildConfigurationList = 0A32613F15B8FB4800237F52 /* Build configuration list for PBXProject "_.m" */;
			compatibilityVersion = "Xcode 3.2";
			developmentRegion = English;
			hasScannedForEncodings = 0;
			knownRegions = (
				en,
			);
			mainGroup = 0A32613A15B8FB4800237F52;
			productRefGroup = 0A32614615B8FB4800237F52 /* Products */;
			projectDirPath = "";
			projectRoot = "";
			targets = (
				0ADC8DE715CB69C300BA99C2 /* _.m_iOS */,
				0ADC8DF515CB69C300BA99C2 /* _.m_iOSTests */,
				0ADC8E0F15CB69E000BA99C2 /* _.m_OSX */,
				0ADC8E2115CB69E000BA99C2 /* _.m_OSXTests */,
			);
		};
/* End PBXProject section */

/* Begin PBXResourcesBuildPhase section */
		0ADC8DF315CB69C300BA99C2 /* Resources */ = {
			isa = PBXResourcesBuildPhase;
			buildActionMask = 2147483647;
			files = (
				0ADC8E3E15CB6A3200BA99C2 /* InfoPlist.strings in Resources */,
			);
			runOnlyForDeploymentPostprocessing = 0;
		};
		0ADC8E1F15CB69E000BA99C2 /* Resources */ = {
			isa = PBXResourcesBuildPhase;
			buildActionMask = 2147483647;
			files = (
				0ADC8E4715CB6A4A00BA99C2 /* InfoPlist.strings in Resources */,
			);
			runOnlyForDeploymentPostprocessing = 0;
		};
/* End PBXResourcesBuildPhase section */

/* Begin PBXShellScriptBuildPhase section */
		0ADC8DF415CB69C300BA99C2 /* ShellScript */ = {
			isa = PBXShellScriptBuildPhase;
			buildActionMask = 2147483647;
			files = (
			);
			inputPaths = (
			);
			outputPaths = (
			);
			runOnlyForDeploymentPostprocessing = 0;
			shellPath = /bin/sh;
			shellScript = "# Run the unit tests in this test bundle.\n\"${SYSTEM_DEVELOPER_DIR}/Tools/RunUnitTests\"\n";
		};
		0ADC8E2015CB69E000BA99C2 /* ShellScript */ = {
			isa = PBXShellScriptBuildPhase;
			buildActionMask = 2147483647;
			files = (
			);
			inputPaths = (
			);
			outputPaths = (
			);
			runOnlyForDeploymentPostprocessing = 0;
			shellPath = /bin/sh;
			shellScript = "# Run the unit tests in this test bundle.\n\"${SYSTEM_DEVELOPER_DIR}/Tools/RunUnitTests\"\n";
		};
/* End PBXShellScriptBuildPhase section */

/* Begin PBXSourcesBuildPhase section */
		0ADC8DE415CB69C300BA99C2 /* Sources */ = {
			isa = PBXSourcesBuildPhase;
			buildActionMask = 2147483647;
			files = (
				0ADC8E6815CB6ACF00BA99C2 /* _.m in Sources */,
				0ADC8E6E15CB6ACF00BA99C2 /* _Wrapper.m in Sources */,
				0ADC8E7315CB6ACF00BA99C2 /* _+Arrays.m in Sources */,
				0ADC8E7815CB6ACF00BA99C2 /* _+Collections.m in Sources */,
				0ADC8E7D15CB6ACF00BA99C2 /* _+Extensions.m in Sources */,
				0ADC8E8215CB6ACF00BA99C2 /* _+Functions.m in Sources */,
				0ADC8E8715CB6ACF00BA99C2 /* _+Objects.m in Sources */,
				0ADC8E8C15CB6ACF00BA99C2 /* _+Utility.m in Sources */,
				0ADC8E9215CB6ACF00BA99C2 /* _Wrapper+Arrays.m in Sources */,
				0ADC8E9715CB6ACF00BA99C2 /* _Wrapper+Collections.m in Sources */,
				0ADC8E9C15CB6ACF00BA99C2 /* _Wrapper+JavaScript.m in Sources */,
				0ADC8EA115CB6ACF00BA99C2 /* _Wrapper+Objects.m in Sources */,
				0ADC8EA615CB6ACF00BA99C2 /* _Wrapper+Utility.m in Sources */,
			);
			runOnlyForDeploymentPostprocessing = 0;
		};
		0ADC8DF115CB69C300BA99C2 /* Sources */ = {
			isa = PBXSourcesBuildPhase;
			buildActionMask = 2147483647;
			files = (
				0ADC8E6915CB6ACF00BA99C2 /* _.m in Sources */,
				0ADC8E6F15CB6ACF00BA99C2 /* _Wrapper.m in Sources */,
				0ADC8E7415CB6ACF00BA99C2 /* _+Arrays.m in Sources */,
				0ADC8E7915CB6ACF00BA99C2 /* _+Collections.m in Sources */,
				0ADC8E7E15CB6ACF00BA99C2 /* _+Extensions.m in Sources */,
				0ADC8E8315CB6ACF00BA99C2 /* _+Functions.m in Sources */,
				0ADC8E8815CB6ACF00BA99C2 /* _+Objects.m in Sources */,
				0ADC8E8D15CB6ACF00BA99C2 /* _+Utility.m in Sources */,
				0ADC8E9315CB6ACF00BA99C2 /* _Wrapper+Arrays.m in Sources */,
				0ADC8E9815CB6ACF00BA99C2 /* _Wrapper+Collections.m in Sources */,
				0ADC8E9D15CB6ACF00BA99C2 /* _Wrapper+JavaScript.m in Sources */,
				0ADC8EA215CB6ACF00BA99C2 /* _Wrapper+Objects.m in Sources */,
				0ADC8EA715CB6ACF00BA99C2 /* _Wrapper+Utility.m in Sources */,
				0ADC8ECC15CB6AD600BA99C2 /* _Tests.m in Sources */,
				0ADC8ECE15CB6AD600BA99C2 /* _WrapperTests.m in Sources */,
				0ADC8ED015CB6AD600BA99C2 /* _+ArraysTests.m in Sources */,
				0ADC8ED215CB6AD600BA99C2 /* _+ChainingTests.m in Sources */,
				0ADC8ED415CB6AD600BA99C2 /* _+CollectionsTests.m in Sources */,
				0ADC8ED615CB6AD600BA99C2 /* _+ExtensionsTests.m in Sources */,
				0ADC8ED815CB6AD600BA99C2 /* _+FunctionsTests.m in Sources */,
				0ADC8EDA15CB6AD600BA99C2 /* _+ObjectsTests.m in Sources */,
				0ADC8EDC15CB6AD600BA99C2 /* _+UtilityTests.m in Sources */,
				0ADC8EDE15CB6AD600BA99C2 /* _WebsiteTests.m in Sources */,
				0ADC8EE015CB6AD600BA99C2 /* _Wrapper+ArraysTests.m in Sources */,
				0ADC8EE215CB6AD600BA99C2 /* _Wrapper+CollectionsTests.m in Sources */,
				0ADC8EE415CB6AD600BA99C2 /* _Wrapper+JavaScriptTests.m in Sources */,
				0ADC8EE615CB6AD600BA99C2 /* _Wrapper+ObjectsTests.m in Sources */,
				0ADC8EE815CB6AD600BA99C2 /* _Wrapper+UtilityTests.m in Sources */,
			);
			runOnlyForDeploymentPostprocessing = 0;
		};
		0ADC8E0C15CB69E000BA99C2 /* Sources */ = {
			isa = PBXSourcesBuildPhase;
			buildActionMask = 2147483647;
			files = (
				0ADC8E6A15CB6ACF00BA99C2 /* _.m in Sources */,
				0ADC8E7015CB6ACF00BA99C2 /* _Wrapper.m in Sources */,
				0ADC8E7515CB6ACF00BA99C2 /* _+Arrays.m in Sources */,
				0ADC8E7A15CB6ACF00BA99C2 /* _+Collections.m in Sources */,
				0ADC8E7F15CB6ACF00BA99C2 /* _+Extensions.m in Sources */,
				0ADC8E8415CB6ACF00BA99C2 /* _+Functions.m in Sources */,
				0ADC8E8915CB6ACF00BA99C2 /* _+Objects.m in Sources */,
				0ADC8E8E15CB6ACF00BA99C2 /* _+Utility.m in Sources */,
				0ADC8E9415CB6ACF00BA99C2 /* _Wrapper+Arrays.m in Sources */,
				0ADC8E9915CB6ACF00BA99C2 /* _Wrapper+Collections.m in Sources */,
				0ADC8E9E15CB6ACF00BA99C2 /* _Wrapper+JavaScript.m in Sources */,
				0ADC8EA315CB6ACF00BA99C2 /* _Wrapper+Objects.m in Sources */,
				0ADC8EA815CB6ACF00BA99C2 /* _Wrapper+Utility.m in Sources */,
			);
			runOnlyForDeploymentPostprocessing = 0;
		};
		0ADC8E1D15CB69E000BA99C2 /* Sources */ = {
			isa = PBXSourcesBuildPhase;
			buildActionMask = 2147483647;
			files = (
				0ADC8E6B15CB6ACF00BA99C2 /* _.m in Sources */,
				0ADC8E7115CB6ACF00BA99C2 /* _Wrapper.m in Sources */,
				0ADC8E7615CB6ACF00BA99C2 /* _+Arrays.m in Sources */,
				0ADC8E7B15CB6ACF00BA99C2 /* _+Collections.m in Sources */,
				0ADC8E8015CB6ACF00BA99C2 /* _+Extensions.m in Sources */,
				0ADC8E8515CB6ACF00BA99C2 /* _+Functions.m in Sources */,
				0ADC8E8A15CB6ACF00BA99C2 /* _+Objects.m in Sources */,
				0ADC8E8F15CB6ACF00BA99C2 /* _+Utility.m in Sources */,
				0ADC8E9515CB6ACF00BA99C2 /* _Wrapper+Arrays.m in Sources */,
				0ADC8E9A15CB6ACF00BA99C2 /* _Wrapper+Collections.m in Sources */,
				0ADC8E9F15CB6ACF00BA99C2 /* _Wrapper+JavaScript.m in Sources */,
				0ADC8EA415CB6ACF00BA99C2 /* _Wrapper+Objects.m in Sources */,
				0ADC8EA915CB6ACF00BA99C2 /* _Wrapper+Utility.m in Sources */,
				0ADC8ECD15CB6AD600BA99C2 /* _Tests.m in Sources */,
				0ADC8ECF15CB6AD600BA99C2 /* _WrapperTests.m in Sources */,
				0ADC8ED115CB6AD600BA99C2 /* _+ArraysTests.m in Sources */,
				0ADC8ED315CB6AD600BA99C2 /* _+ChainingTests.m in Sources */,
				0ADC8ED515CB6AD600BA99C2 /* _+CollectionsTests.m in Sources */,
				0ADC8ED715CB6AD600BA99C2 /* _+ExtensionsTests.m in Sources */,
				0ADC8ED915CB6AD600BA99C2 /* _+FunctionsTests.m in Sources */,
				0ADC8EDB15CB6AD600BA99C2 /* _+ObjectsTests.m in Sources */,
				0ADC8EDD15CB6AD600BA99C2 /* _+UtilityTests.m in Sources */,
				0ADC8EDF15CB6AD600BA99C2 /* _WebsiteTests.m in Sources */,
				0ADC8EE115CB6AD600BA99C2 /* _Wrapper+ArraysTests.m in Sources */,
				0ADC8EE315CB6AD600BA99C2 /* _Wrapper+CollectionsTests.m in Sources */,
				0ADC8EE515CB6AD600BA99C2 /* _Wrapper+JavaScriptTests.m in Sources */,
				0ADC8EE715CB6AD600BA99C2 /* _Wrapper+ObjectsTests.m in Sources */,
				0ADC8EE915CB6AD600BA99C2 /* _Wrapper+UtilityTests.m in Sources */,
			);
			runOnlyForDeploymentPostprocessing = 0;
		};
/* End PBXSourcesBuildPhase section */

/* Begin PBXTargetDependency section */
		0ADC8DFB15CB69C300BA99C2 /* PBXTargetDependency */ = {
			isa = PBXTargetDependency;
			target = 0ADC8DE715CB69C300BA99C2 /* _.m_iOS */;
			targetProxy = 0ADC8DFA15CB69C300BA99C2 /* PBXContainerItemProxy */;
		};
		0ADC8E2615CB69E000BA99C2 /* PBXTargetDependency */ = {
			isa = PBXTargetDependency;
			target = 0ADC8E0F15CB69E000BA99C2 /* _.m_OSX */;
			targetProxy = 0ADC8E2515CB69E000BA99C2 /* PBXContainerItemProxy */;
		};
/* End PBXTargetDependency section */

/* Begin PBXVariantGroup section */
		0ADC8E3B15CB6A3200BA99C2 /* InfoPlist.strings */ = {
			isa = PBXVariantGroup;
			children = (
				0ADC8E3C15CB6A3200BA99C2 /* en */,
			);
			name = InfoPlist.strings;
			sourceTree = "<group>";
		};
		0ADC8E4415CB6A4A00BA99C2 /* InfoPlist.strings */ = {
			isa = PBXVariantGroup;
			children = (
				0ADC8E4515CB6A4A00BA99C2 /* en */,
			);
			name = InfoPlist.strings;
			sourceTree = "<group>";
		};
/* End PBXVariantGroup section */

/* Begin XCBuildConfiguration section */
		0A32616715B8FB4900237F52 /* Debug */ = {
			isa = XCBuildConfiguration;
			buildSettings = {
				ALWAYS_SEARCH_USER_PATHS = NO;
				ARCHS = "$(ARCHS_STANDARD_32_BIT)";
				CLANG_ENABLE_OBJC_ARC = YES;
				COPY_PHASE_STRIP = NO;
				GCC_C_LANGUAGE_STANDARD = gnu99;
				GCC_DYNAMIC_NO_PIC = NO;
				GCC_OPTIMIZATION_LEVEL = 0;
				GCC_PREPROCESSOR_DEFINITIONS = (
					"DEBUG=1",
					"$(inherited)",
				);
				GCC_SYMBOLS_PRIVATE_EXTERN = NO;
				GCC_VERSION = com.apple.compilers.llvm.clang.1_0;
				GCC_WARN_ABOUT_RETURN_TYPE = YES;
				GCC_WARN_UNINITIALIZED_AUTOS = YES;
				GCC_WARN_UNUSED_VARIABLE = YES;
				HEADER_SEARCH_PATHS = (
					"\"${PODS_ROOT}/Headers\"/**",
					"\"${PODS_ROOT}/Headers/QUnit.m\"/**",
					"\"${PODS_ROOT}/Headers/SubjectiveScript.m\"/**",
				);
				IPHONEOS_DEPLOYMENT_TARGET = 5.1;
				SDKROOT = iphoneos;
			};
			name = Debug;
		};
		0A32616815B8FB4900237F52 /* Release */ = {
			isa = XCBuildConfiguration;
			buildSettings = {
				ALWAYS_SEARCH_USER_PATHS = NO;
				ARCHS = "$(ARCHS_STANDARD_32_BIT)";
				CLANG_ENABLE_OBJC_ARC = YES;
				COPY_PHASE_STRIP = YES;
				GCC_C_LANGUAGE_STANDARD = gnu99;
				GCC_VERSION = com.apple.compilers.llvm.clang.1_0;
				GCC_WARN_ABOUT_RETURN_TYPE = YES;
				GCC_WARN_UNINITIALIZED_AUTOS = YES;
				GCC_WARN_UNUSED_VARIABLE = YES;
				HEADER_SEARCH_PATHS = (
					"\"${PODS_ROOT}/Headers\"/**",
					"\"${PODS_ROOT}/Headers/QUnit.m\"/**",
					"\"${PODS_ROOT}/Headers/SubjectiveScript.m\"/**",
				);
				IPHONEOS_DEPLOYMENT_TARGET = 5.1;
				SDKROOT = iphoneos;
				VALIDATE_PRODUCT = YES;
			};
			name = Release;
		};
		0ADC8E0715CB69C300BA99C2 /* Debug */ = {
			isa = XCBuildConfiguration;
			buildSettings = {
				ALWAYS_SEARCH_USER_PATHS = NO;
				CLANG_CXX_LANGUAGE_STANDARD = "gnu++0x";
				CLANG_WARN__DUPLICATE_METHOD_MATCH = YES;
				DSTROOT = /tmp/__m_iOS.dst;
				GCC_PRECOMPILE_PREFIX_HEADER = YES;
				GCC_PREFIX_HEADER = "Config/_.m_iOS/_.m_iOS-Prefix.pch";
				HEADER_SEARCH_PATHS = (
					"\"${PODS_ROOT}/Headers\"/**",
					"\"${PODS_ROOT}/Headers/QUnit.m\"/**",
					"\"${PODS_ROOT}/Headers/SubjectiveScript.m\"/**",
				);
				LIBRARY_SEARCH_PATHS = (
					"$(inherited)",
					"\"$(SRCROOT)/Pods/build/Debug-iphonesimulator\"",
					"\"$(SRCROOT)/Pods/build/Debug-iphoneos\"",
				);
				OTHER_LDFLAGS = "-ObjC";
				PODS_ROOT = "${SRCROOT}/Pods";
				PRODUCT_NAME = "$(TARGET_NAME)";
				SKIP_INSTALL = YES;
				USER_HEADER_SEARCH_PATHS = "";
			};
			name = Debug;
		};
		0ADC8E0815CB69C300BA99C2 /* Release */ = {
			isa = XCBuildConfiguration;
			buildSettings = {
				ALWAYS_SEARCH_USER_PATHS = NO;
				CLANG_CXX_LANGUAGE_STANDARD = "gnu++0x";
				CLANG_WARN__DUPLICATE_METHOD_MATCH = YES;
				DSTROOT = /tmp/__m_iOS.dst;
				GCC_PRECOMPILE_PREFIX_HEADER = YES;
				GCC_PREFIX_HEADER = "Config/_.m_iOS/_.m_iOS-Prefix.pch";
				HEADER_SEARCH_PATHS = (
					"\"${PODS_ROOT}/Headers\"/**",
					"\"${PODS_ROOT}/Headers/QUnit.m\"/**",
					"\"${PODS_ROOT}/Headers/SubjectiveScript.m\"/**",
				);
				LIBRARY_SEARCH_PATHS = (
					"$(inherited)",
					"\"$(SRCROOT)/Pods/build/Debug-iphonesimulator\"",
					"\"$(SRCROOT)/Pods/build/Debug-iphoneos\"",
				);
				OTHER_LDFLAGS = "-ObjC";
				PODS_ROOT = "${SRCROOT}/Pods";
				PRODUCT_NAME = "$(TARGET_NAME)";
				SKIP_INSTALL = YES;
				USER_HEADER_SEARCH_PATHS = "";
			};
			name = Release;
		};
		0ADC8E0A15CB69C300BA99C2 /* Debug */ = {
			isa = XCBuildConfiguration;
			buildSettings = {
				CLANG_CXX_LANGUAGE_STANDARD = "gnu++0x";
				CLANG_WARN__DUPLICATE_METHOD_MATCH = YES;
				FRAMEWORK_SEARCH_PATHS = (
					"\"$(SDKROOT)/Developer/Library/Frameworks\"",
					"\"$(DEVELOPER_LIBRARY_DIR)/Frameworks\"",
				);
				GCC_PRECOMPILE_PREFIX_HEADER = YES;
				GCC_PREFIX_HEADER = "Config/_.m_iOS/_.m_iOS-Prefix.pch";
				HEADER_SEARCH_PATHS = (
					"\"${PODS_ROOT}/Headers\"/**",
					"\"${PODS_ROOT}/Headers/QUnit.m\"/**",
					"\"${PODS_ROOT}/Headers/SubjectiveScript.m\"/**",
				);
				INFOPLIST_FILE = "Config/_.m_iOSTests/_.m_iOSTests-Info.plist";
				LIBRARY_SEARCH_PATHS = (
					"$(inherited)",
					"\"$(SRCROOT)/Pods/build/Debug-iphoneos\"",
				);
				PODS_ROOT = "${SRCROOT}/Pods";
				PRODUCT_NAME = "$(TARGET_NAME)";
				WRAPPER_EXTENSION = octest;
			};
			name = Debug;
		};
		0ADC8E0B15CB69C300BA99C2 /* Release */ = {
			isa = XCBuildConfiguration;
			buildSettings = {
				CLANG_CXX_LANGUAGE_STANDARD = "gnu++0x";
				CLANG_WARN__DUPLICATE_METHOD_MATCH = YES;
				FRAMEWORK_SEARCH_PATHS = (
					"\"$(SDKROOT)/Developer/Library/Frameworks\"",
					"\"$(DEVELOPER_LIBRARY_DIR)/Frameworks\"",
				);
				GCC_PRECOMPILE_PREFIX_HEADER = YES;
				GCC_PREFIX_HEADER = "Config/_.m_iOS/_.m_iOS-Prefix.pch";
				HEADER_SEARCH_PATHS = (
					"\"${PODS_ROOT}/Headers\"/**",
					"\"${PODS_ROOT}/Headers/QUnit.m\"/**",
					"\"${PODS_ROOT}/Headers/SubjectiveScript.m\"/**",
				);
				INFOPLIST_FILE = "Config/_.m_iOSTests/_.m_iOSTests-Info.plist";
				LIBRARY_SEARCH_PATHS = (
					"$(inherited)",
					"\"$(SRCROOT)/Pods/build/Debug-iphoneos\"",
				);
				PODS_ROOT = "${SRCROOT}/Pods";
				PRODUCT_NAME = "$(TARGET_NAME)";
				WRAPPER_EXTENSION = octest;
			};
			name = Release;
		};
		0ADC8E3215CB69E000BA99C2 /* Debug */ = {
			isa = XCBuildConfiguration;
			buildSettings = {
				ARCHS = "$(ARCHS_STANDARD_64_BIT)";
				CLANG_CXX_LANGUAGE_STANDARD = "gnu++0x";
				CLANG_WARN__DUPLICATE_METHOD_MATCH = YES;
				FRAMEWORK_SEARCH_PATHS = (
					"$(inherited)",
					"\"$(SYSTEM_APPS_DIR)/Xcode.app/Contents/Developer/Library/Frameworks\"",
				);
				GCC_ENABLE_OBJC_EXCEPTIONS = YES;
				GCC_PRECOMPILE_PREFIX_HEADER = YES;
				GCC_PREFIX_HEADER = "Config/_.m_OSX/_.m_OSX-Prefix.pch";
				GCC_WARN_64_TO_32_BIT_CONVERSION = YES;
				HEADER_SEARCH_PATHS = (
					"\"${PODS_ROOT}/Headers\"/**",
					"\"${PODS_ROOT}/Headers/QUnit.m\"/**",
					"\"${PODS_ROOT}/Headers/SubjectiveScript.m\"/**",
				);
				LIBRARY_SEARCH_PATHS = (
					"$(inherited)",
					"\"$(SRCROOT)/Pods/build/Debug\"",
				);
				MACOSX_DEPLOYMENT_TARGET = 10.7;
				ONLY_ACTIVE_ARCH = YES;
				PODS_ROOT = "${SRCROOT}/Pods";
				PRODUCT_NAME = "$(TARGET_NAME)";
				SDKROOT = macosx;
			};
			name = Debug;
		};
		0ADC8E3315CB69E000BA99C2 /* Release */ = {
			isa = XCBuildConfiguration;
			buildSettings = {
				ARCHS = "$(ARCHS_STANDARD_64_BIT)";
				CLANG_CXX_LANGUAGE_STANDARD = "gnu++0x";
				CLANG_WARN__DUPLICATE_METHOD_MATCH = YES;
				DEBUG_INFORMATION_FORMAT = "dwarf-with-dsym";
				FRAMEWORK_SEARCH_PATHS = (
					"$(inherited)",
					"\"$(SYSTEM_APPS_DIR)/Xcode.app/Contents/Developer/Library/Frameworks\"",
				);
				GCC_ENABLE_OBJC_EXCEPTIONS = YES;
				GCC_PRECOMPILE_PREFIX_HEADER = YES;
				GCC_PREFIX_HEADER = "Config/_.m_OSX/_.m_OSX-Prefix.pch";
				GCC_WARN_64_TO_32_BIT_CONVERSION = YES;
				HEADER_SEARCH_PATHS = (
					"\"${PODS_ROOT}/Headers\"/**",
					"\"${PODS_ROOT}/Headers/QUnit.m\"/**",
					"\"${PODS_ROOT}/Headers/SubjectiveScript.m\"/**",
				);
				LIBRARY_SEARCH_PATHS = (
					"$(inherited)",
					"\"$(SRCROOT)/Pods/build/Debug\"",
				);
				MACOSX_DEPLOYMENT_TARGET = 10.7;
				PODS_ROOT = "${SRCROOT}/Pods";
				PRODUCT_NAME = "$(TARGET_NAME)";
				SDKROOT = macosx;
			};
			name = Release;
		};
		0ADC8E3515CB69E000BA99C2 /* Debug */ = {
			isa = XCBuildConfiguration;
			buildSettings = {
				ARCHS = "$(ARCHS_STANDARD_64_BIT)";
				CLANG_CXX_LANGUAGE_STANDARD = "gnu++0x";
				CLANG_WARN__DUPLICATE_METHOD_MATCH = YES;
				COMBINE_HIDPI_IMAGES = YES;
				FRAMEWORK_SEARCH_PATHS = "\"$(DEVELOPER_LIBRARY_DIR)/Frameworks\"";
				GCC_ENABLE_OBJC_EXCEPTIONS = YES;
				GCC_PRECOMPILE_PREFIX_HEADER = YES;
				GCC_PREFIX_HEADER = "Config/_.m_OSX/_.m_OSX-Prefix.pch";
				GCC_WARN_64_TO_32_BIT_CONVERSION = YES;
				HEADER_SEARCH_PATHS = (
					"\"${PODS_ROOT}/Headers\"/**",
					"\"${PODS_ROOT}/Headers/QUnit.m\"/**",
					"\"${PODS_ROOT}/Headers/SubjectiveScript.m\"/**",
				);
				INFOPLIST_FILE = "Config/_.m_OSXTests/_.m_OSXTests-Info.plist";
				LIBRARY_SEARCH_PATHS = (
					"$(inherited)",
					"\"$(SRCROOT)/Pods/build/Debug\"",
				);
				MACOSX_DEPLOYMENT_TARGET = 10.7;
				ONLY_ACTIVE_ARCH = YES;
				PODS_ROOT = "${SRCROOT}/Pods";
				PRODUCT_NAME = "$(TARGET_NAME)";
				SDKROOT = macosx;
				WRAPPER_EXTENSION = octest;
			};
			name = Debug;
		};
		0ADC8E3615CB69E000BA99C2 /* Release */ = {
			isa = XCBuildConfiguration;
			buildSettings = {
				ARCHS = "$(ARCHS_STANDARD_64_BIT)";
				CLANG_CXX_LANGUAGE_STANDARD = "gnu++0x";
				CLANG_WARN__DUPLICATE_METHOD_MATCH = YES;
				COMBINE_HIDPI_IMAGES = YES;
				DEBUG_INFORMATION_FORMAT = "dwarf-with-dsym";
				FRAMEWORK_SEARCH_PATHS = "\"$(DEVELOPER_LIBRARY_DIR)/Frameworks\"";
				GCC_ENABLE_OBJC_EXCEPTIONS = YES;
				GCC_PRECOMPILE_PREFIX_HEADER = YES;
				GCC_PREFIX_HEADER = "Config/_.m_OSX/_.m_OSX-Prefix.pch";
				GCC_WARN_64_TO_32_BIT_CONVERSION = YES;
				HEADER_SEARCH_PATHS = (
					"\"${PODS_ROOT}/Headers\"/**",
					"\"${PODS_ROOT}/Headers/QUnit.m\"/**",
					"\"${PODS_ROOT}/Headers/SubjectiveScript.m\"/**",
				);
				INFOPLIST_FILE = "Config/_.m_OSXTests/_.m_OSXTests-Info.plist";
				LIBRARY_SEARCH_PATHS = (
					"$(inherited)",
					"\"$(SRCROOT)/Pods/build/Debug\"",
				);
				MACOSX_DEPLOYMENT_TARGET = 10.7;
				PODS_ROOT = "${SRCROOT}/Pods";
				PRODUCT_NAME = "$(TARGET_NAME)";
				SDKROOT = macosx;
				WRAPPER_EXTENSION = octest;
			};
			name = Release;
		};
/* End XCBuildConfiguration section */

/* Begin XCConfigurationList section */
		0A32613F15B8FB4800237F52 /* Build configuration list for PBXProject "_.m" */ = {
			isa = XCConfigurationList;
			buildConfigurations = (
				0A32616715B8FB4900237F52 /* Debug */,
				0A32616815B8FB4900237F52 /* Release */,
			);
			defaultConfigurationIsVisible = 0;
			defaultConfigurationName = Release;
		};
		0ADC8E0615CB69C300BA99C2 /* Build configuration list for PBXNativeTarget "_.m_iOS" */ = {
			isa = XCConfigurationList;
			buildConfigurations = (
				0ADC8E0715CB69C300BA99C2 /* Debug */,
				0ADC8E0815CB69C300BA99C2 /* Release */,
			);
			defaultConfigurationIsVisible = 0;
			defaultConfigurationName = Release;
		};
		0ADC8E0915CB69C300BA99C2 /* Build configuration list for PBXNativeTarget "_.m_iOSTests" */ = {
			isa = XCConfigurationList;
			buildConfigurations = (
				0ADC8E0A15CB69C300BA99C2 /* Debug */,
				0ADC8E0B15CB69C300BA99C2 /* Release */,
			);
			defaultConfigurationIsVisible = 0;
			defaultConfigurationName = Release;
		};
		0ADC8E3115CB69E000BA99C2 /* Build configuration list for PBXNativeTarget "_.m_OSX" */ = {
			isa = XCConfigurationList;
			buildConfigurations = (
				0ADC8E3215CB69E000BA99C2 /* Debug */,
				0ADC8E3315CB69E000BA99C2 /* Release */,
			);
			defaultConfigurationIsVisible = 0;
			defaultConfigurationName = Release;
		};
		0ADC8E3415CB69E000BA99C2 /* Build configuration list for PBXNativeTarget "_.m_OSXTests" */ = {
			isa = XCConfigurationList;
			buildConfigurations = (
				0ADC8E3515CB69E000BA99C2 /* Debug */,
				0ADC8E3615CB69E000BA99C2 /* Release */,
			);
			defaultConfigurationIsVisible = 0;
			defaultConfigurationName = Release;
		};
/* End XCConfigurationList section */
	};
	rootObject = 0A32613C15B8FB4800237F52 /* Project object */;
}
