// !$*UTF8*$!
{
	archiveVersion = 1;
	classes = {
	};
	objectVersion = 46;
	objects = {

/* Begin PBXBuildFile section */
		0A02E1A915C69E07006BD268 /* QUnitTests.m in Sources */ = {isa = PBXBuildFile; fileRef = 0A02E1A615C69E07006BD268 /* QUnitTests.m */; };
		0A02E1AA15C69E07006BD268 /* QUWrap.m in Sources */ = {isa = PBXBuildFile; fileRef = 0A02E1A815C69E07006BD268 /* QUWrap.m */; };
		0A2A8C6115C7D5C9002A71DE /* _.h in Headers */ = {isa = PBXBuildFile; fileRef = 0A2A8C0415C7D5C8002A71DE /* _.h */; };
		0A2A8C6215C7D5C9002A71DE /* _.m in Sources */ = {isa = PBXBuildFile; fileRef = 0A2A8C0515C7D5C8002A71DE /* _.m */; };
		0A2A8C6315C7D5C9002A71DE /* _.m in Sources */ = {isa = PBXBuildFile; fileRef = 0A2A8C0515C7D5C8002A71DE /* _.m */; };
		0A2A8C6415C7D5C9002A71DE /* _Wrapper+Private.h in Headers */ = {isa = PBXBuildFile; fileRef = 0A2A8C0715C7D5C8002A71DE /* _Wrapper+Private.h */; };
		0A2A8C6515C7D5C9002A71DE /* _Wrapper+Private.m in Sources */ = {isa = PBXBuildFile; fileRef = 0A2A8C0815C7D5C8002A71DE /* _Wrapper+Private.m */; };
		0A2A8C6615C7D5C9002A71DE /* _Wrapper+Private.m in Sources */ = {isa = PBXBuildFile; fileRef = 0A2A8C0815C7D5C8002A71DE /* _Wrapper+Private.m */; };
		0A2A8C6715C7D5C9002A71DE /* _Types.h in Headers */ = {isa = PBXBuildFile; fileRef = 0A2A8C0915C7D5C8002A71DE /* _Types.h */; };
		0A2A8C6815C7D5C9002A71DE /* _Wrapper.h in Headers */ = {isa = PBXBuildFile; fileRef = 0A2A8C0A15C7D5C8002A71DE /* _Wrapper.h */; };
		0A2A8C6915C7D5C9002A71DE /* _Wrapper.m in Sources */ = {isa = PBXBuildFile; fileRef = 0A2A8C0B15C7D5C8002A71DE /* _Wrapper.m */; };
		0A2A8C6A15C7D5C9002A71DE /* _Wrapper.m in Sources */ = {isa = PBXBuildFile; fileRef = 0A2A8C0B15C7D5C8002A71DE /* _Wrapper.m */; };
		0A2A8C6B15C7D5C9002A71DE /* _+Arrays.h in Headers */ = {isa = PBXBuildFile; fileRef = 0A2A8C0D15C7D5C8002A71DE /* _+Arrays.h */; };
		0A2A8C6C15C7D5C9002A71DE /* _+Arrays.m in Sources */ = {isa = PBXBuildFile; fileRef = 0A2A8C0E15C7D5C8002A71DE /* _+Arrays.m */; };
		0A2A8C6D15C7D5C9002A71DE /* _+Arrays.m in Sources */ = {isa = PBXBuildFile; fileRef = 0A2A8C0E15C7D5C8002A71DE /* _+Arrays.m */; };
		0A2A8C6E15C7D5C9002A71DE /* _+Collections.h in Headers */ = {isa = PBXBuildFile; fileRef = 0A2A8C0F15C7D5C8002A71DE /* _+Collections.h */; };
		0A2A8C6F15C7D5C9002A71DE /* _+Collections.m in Sources */ = {isa = PBXBuildFile; fileRef = 0A2A8C1015C7D5C8002A71DE /* _+Collections.m */; };
		0A2A8C7015C7D5C9002A71DE /* _+Collections.m in Sources */ = {isa = PBXBuildFile; fileRef = 0A2A8C1015C7D5C8002A71DE /* _+Collections.m */; };
		0A2A8C7115C7D5C9002A71DE /* _+Extensions.h in Headers */ = {isa = PBXBuildFile; fileRef = 0A2A8C1115C7D5C8002A71DE /* _+Extensions.h */; };
		0A2A8C7215C7D5C9002A71DE /* _+Extensions.m in Sources */ = {isa = PBXBuildFile; fileRef = 0A2A8C1215C7D5C8002A71DE /* _+Extensions.m */; };
		0A2A8C7315C7D5C9002A71DE /* _+Extensions.m in Sources */ = {isa = PBXBuildFile; fileRef = 0A2A8C1215C7D5C8002A71DE /* _+Extensions.m */; };
		0A2A8C7415C7D5C9002A71DE /* _+Functions.h in Headers */ = {isa = PBXBuildFile; fileRef = 0A2A8C1315C7D5C8002A71DE /* _+Functions.h */; };
		0A2A8C7515C7D5C9002A71DE /* _+Functions.m in Sources */ = {isa = PBXBuildFile; fileRef = 0A2A8C1415C7D5C8002A71DE /* _+Functions.m */; };
		0A2A8C7615C7D5C9002A71DE /* _+Functions.m in Sources */ = {isa = PBXBuildFile; fileRef = 0A2A8C1415C7D5C8002A71DE /* _+Functions.m */; };
		0A2A8C7715C7D5C9002A71DE /* _+Objects.h in Headers */ = {isa = PBXBuildFile; fileRef = 0A2A8C1515C7D5C8002A71DE /* _+Objects.h */; };
		0A2A8C7815C7D5C9002A71DE /* _+Objects.m in Sources */ = {isa = PBXBuildFile; fileRef = 0A2A8C1615C7D5C8002A71DE /* _+Objects.m */; };
		0A2A8C7915C7D5C9002A71DE /* _+Objects.m in Sources */ = {isa = PBXBuildFile; fileRef = 0A2A8C1615C7D5C8002A71DE /* _+Objects.m */; };
		0A2A8C7A15C7D5C9002A71DE /* _+Utility.h in Headers */ = {isa = PBXBuildFile; fileRef = 0A2A8C1715C7D5C8002A71DE /* _+Utility.h */; };
		0A2A8C7B15C7D5C9002A71DE /* _+Utility.m in Sources */ = {isa = PBXBuildFile; fileRef = 0A2A8C1815C7D5C8002A71DE /* _+Utility.m */; };
		0A2A8C7C15C7D5C9002A71DE /* _+Utility.m in Sources */ = {isa = PBXBuildFile; fileRef = 0A2A8C1815C7D5C8002A71DE /* _+Utility.m */; };
		0A2A8C7D15C7D5C9002A71DE /* Underscore.h in Headers */ = {isa = PBXBuildFile; fileRef = 0A2A8C1915C7D5C8002A71DE /* Underscore.h */; };
		0A2A8C7E15C7D5C9002A71DE /* _Wrapper+Arrays.h in Headers */ = {isa = PBXBuildFile; fileRef = 0A2A8C1B15C7D5C8002A71DE /* _Wrapper+Arrays.h */; };
		0A2A8C7F15C7D5C9002A71DE /* _Wrapper+Arrays.m in Sources */ = {isa = PBXBuildFile; fileRef = 0A2A8C1C15C7D5C8002A71DE /* _Wrapper+Arrays.m */; };
		0A2A8C8015C7D5C9002A71DE /* _Wrapper+Arrays.m in Sources */ = {isa = PBXBuildFile; fileRef = 0A2A8C1C15C7D5C8002A71DE /* _Wrapper+Arrays.m */; };
		0A2A8C8115C7D5C9002A71DE /* _Wrapper+Collections.h in Headers */ = {isa = PBXBuildFile; fileRef = 0A2A8C1D15C7D5C8002A71DE /* _Wrapper+Collections.h */; };
		0A2A8C8215C7D5C9002A71DE /* _Wrapper+Collections.m in Sources */ = {isa = PBXBuildFile; fileRef = 0A2A8C1E15C7D5C8002A71DE /* _Wrapper+Collections.m */; };
		0A2A8C8315C7D5C9002A71DE /* _Wrapper+Collections.m in Sources */ = {isa = PBXBuildFile; fileRef = 0A2A8C1E15C7D5C8002A71DE /* _Wrapper+Collections.m */; };
		0A2A8C8415C7D5C9002A71DE /* _Wrapper+JavaScript.h in Headers */ = {isa = PBXBuildFile; fileRef = 0A2A8C1F15C7D5C8002A71DE /* _Wrapper+JavaScript.h */; };
		0A2A8C8515C7D5C9002A71DE /* _Wrapper+JavaScript.m in Sources */ = {isa = PBXBuildFile; fileRef = 0A2A8C2015C7D5C8002A71DE /* _Wrapper+JavaScript.m */; };
		0A2A8C8615C7D5C9002A71DE /* _Wrapper+JavaScript.m in Sources */ = {isa = PBXBuildFile; fileRef = 0A2A8C2015C7D5C8002A71DE /* _Wrapper+JavaScript.m */; };
		0A2A8C8715C7D5C9002A71DE /* _Wrapper+Objects.h in Headers */ = {isa = PBXBuildFile; fileRef = 0A2A8C2115C7D5C8002A71DE /* _Wrapper+Objects.h */; };
		0A2A8C8815C7D5C9002A71DE /* _Wrapper+Objects.m in Sources */ = {isa = PBXBuildFile; fileRef = 0A2A8C2215C7D5C8002A71DE /* _Wrapper+Objects.m */; };
		0A2A8C8915C7D5C9002A71DE /* _Wrapper+Objects.m in Sources */ = {isa = PBXBuildFile; fileRef = 0A2A8C2215C7D5C8002A71DE /* _Wrapper+Objects.m */; };
		0A2A8C8A15C7D5C9002A71DE /* _Wrapper+Utility.h in Headers */ = {isa = PBXBuildFile; fileRef = 0A2A8C2315C7D5C8002A71DE /* _Wrapper+Utility.h */; };
		0A2A8C8B15C7D5C9002A71DE /* _Wrapper+Utility.m in Sources */ = {isa = PBXBuildFile; fileRef = 0A2A8C2415C7D5C8002A71DE /* _Wrapper+Utility.m */; };
		0A2A8C8C15C7D5C9002A71DE /* _Wrapper+Utility.m in Sources */ = {isa = PBXBuildFile; fileRef = 0A2A8C2415C7D5C8002A71DE /* _Wrapper+Utility.m */; };
		0A2A8C8D15C7D5C9002A71DE /* NSString+Versioning.h in Headers */ = {isa = PBXBuildFile; fileRef = 0A2A8C2815C7D5C8002A71DE /* NSString+Versioning.h */; };
		0A2A8C8E15C7D5C9002A71DE /* NSString+Versioning.m in Sources */ = {isa = PBXBuildFile; fileRef = 0A2A8C2915C7D5C8002A71DE /* NSString+Versioning.m */; };
		0A2A8C8F15C7D5C9002A71DE /* NSString+Versioning.m in Sources */ = {isa = PBXBuildFile; fileRef = 0A2A8C2915C7D5C8002A71DE /* NSString+Versioning.m */; };
		0A2A8C9015C7D5C9002A71DE /* SS+Functions.h in Headers */ = {isa = PBXBuildFile; fileRef = 0A2A8C2A15C7D5C8002A71DE /* SS+Functions.h */; };
		0A2A8C9115C7D5C9002A71DE /* SS+Functions.m in Sources */ = {isa = PBXBuildFile; fileRef = 0A2A8C2B15C7D5C8002A71DE /* SS+Functions.m */; };
		0A2A8C9215C7D5C9002A71DE /* SS+Functions.m in Sources */ = {isa = PBXBuildFile; fileRef = 0A2A8C2B15C7D5C8002A71DE /* SS+Functions.m */; };
		0A2A8C9315C7D5C9002A71DE /* SS+System.h in Headers */ = {isa = PBXBuildFile; fileRef = 0A2A8C2C15C7D5C8002A71DE /* SS+System.h */; };
		0A2A8C9415C7D5C9002A71DE /* SS+System.m in Sources */ = {isa = PBXBuildFile; fileRef = 0A2A8C2D15C7D5C8002A71DE /* SS+System.m */; };
		0A2A8C9515C7D5C9002A71DE /* SS+System.m in Sources */ = {isa = PBXBuildFile; fileRef = 0A2A8C2D15C7D5C8002A71DE /* SS+System.m */; };
		0A2A8C9615C7D5C9002A71DE /* SSArguments.h in Headers */ = {isa = PBXBuildFile; fileRef = 0A2A8C2E15C7D5C8002A71DE /* SSArguments.h */; };
		0A2A8C9715C7D5C9002A71DE /* NSArray+JavaScript.h in Headers */ = {isa = PBXBuildFile; fileRef = 0A2A8C3015C7D5C8002A71DE /* NSArray+JavaScript.h */; };
		0A2A8C9815C7D5C9002A71DE /* NSArray+JavaScript.m in Sources */ = {isa = PBXBuildFile; fileRef = 0A2A8C3115C7D5C8002A71DE /* NSArray+JavaScript.m */; };
		0A2A8C9915C7D5C9002A71DE /* NSArray+JavaScript.m in Sources */ = {isa = PBXBuildFile; fileRef = 0A2A8C3115C7D5C8002A71DE /* NSArray+JavaScript.m */; };
		0A2A8C9A15C7D5C9002A71DE /* NSDate+JavaScript.h in Headers */ = {isa = PBXBuildFile; fileRef = 0A2A8C3215C7D5C8002A71DE /* NSDate+JavaScript.h */; };
		0A2A8C9B15C7D5C9002A71DE /* NSDate+JavaScript.m in Sources */ = {isa = PBXBuildFile; fileRef = 0A2A8C3315C7D5C8002A71DE /* NSDate+JavaScript.m */; };
		0A2A8C9C15C7D5C9002A71DE /* NSDate+JavaScript.m in Sources */ = {isa = PBXBuildFile; fileRef = 0A2A8C3315C7D5C8002A71DE /* NSDate+JavaScript.m */; };
		0A2A8C9D15C7D5C9002A71DE /* NSDictionary+JavaScript.h in Headers */ = {isa = PBXBuildFile; fileRef = 0A2A8C3415C7D5C8002A71DE /* NSDictionary+JavaScript.h */; };
		0A2A8C9E15C7D5C9002A71DE /* NSDictionary+JavaScript.m in Sources */ = {isa = PBXBuildFile; fileRef = 0A2A8C3515C7D5C8002A71DE /* NSDictionary+JavaScript.m */; };
		0A2A8C9F15C7D5C9002A71DE /* NSDictionary+JavaScript.m in Sources */ = {isa = PBXBuildFile; fileRef = 0A2A8C3515C7D5C8002A71DE /* NSDictionary+JavaScript.m */; };
		0A2A8CA015C7D5C9002A71DE /* NSMutableArray+JavaScript.h in Headers */ = {isa = PBXBuildFile; fileRef = 0A2A8C3615C7D5C8002A71DE /* NSMutableArray+JavaScript.h */; };
		0A2A8CA115C7D5C9002A71DE /* NSMutableArray+JavaScript.m in Sources */ = {isa = PBXBuildFile; fileRef = 0A2A8C3715C7D5C8002A71DE /* NSMutableArray+JavaScript.m */; };
		0A2A8CA215C7D5C9002A71DE /* NSMutableArray+JavaScript.m in Sources */ = {isa = PBXBuildFile; fileRef = 0A2A8C3715C7D5C8002A71DE /* NSMutableArray+JavaScript.m */; };
		0A2A8CA315C7D5C9002A71DE /* NSMutableDictionary+JavaScript.h in Headers */ = {isa = PBXBuildFile; fileRef = 0A2A8C3815C7D5C8002A71DE /* NSMutableDictionary+JavaScript.h */; };
		0A2A8CA415C7D5C9002A71DE /* NSMutableDictionary+JavaScript.m in Sources */ = {isa = PBXBuildFile; fileRef = 0A2A8C3915C7D5C8002A71DE /* NSMutableDictionary+JavaScript.m */; };
		0A2A8CA515C7D5C9002A71DE /* NSMutableDictionary+JavaScript.m in Sources */ = {isa = PBXBuildFile; fileRef = 0A2A8C3915C7D5C8002A71DE /* NSMutableDictionary+JavaScript.m */; };
		0A2A8CA615C7D5C9002A71DE /* NSMutableString+JavaScript.h in Headers */ = {isa = PBXBuildFile; fileRef = 0A2A8C3A15C7D5C8002A71DE /* NSMutableString+JavaScript.h */; };
		0A2A8CA715C7D5C9002A71DE /* NSMutableString+JavaScript.m in Sources */ = {isa = PBXBuildFile; fileRef = 0A2A8C3B15C7D5C8002A71DE /* NSMutableString+JavaScript.m */; };
		0A2A8CA815C7D5C9002A71DE /* NSMutableString+JavaScript.m in Sources */ = {isa = PBXBuildFile; fileRef = 0A2A8C3B15C7D5C8002A71DE /* NSMutableString+JavaScript.m */; };
		0A2A8CA915C7D5C9002A71DE /* NSNumber+JavaScript.h in Headers */ = {isa = PBXBuildFile; fileRef = 0A2A8C3C15C7D5C8002A71DE /* NSNumber+JavaScript.h */; };
		0A2A8CAA15C7D5C9002A71DE /* NSNumber+JavaScript.m in Sources */ = {isa = PBXBuildFile; fileRef = 0A2A8C3D15C7D5C8002A71DE /* NSNumber+JavaScript.m */; };
		0A2A8CAB15C7D5C9002A71DE /* NSNumber+JavaScript.m in Sources */ = {isa = PBXBuildFile; fileRef = 0A2A8C3D15C7D5C8002A71DE /* NSNumber+JavaScript.m */; };
		0A2A8CAC15C7D5C9002A71DE /* NSObject+JavaScript.h in Headers */ = {isa = PBXBuildFile; fileRef = 0A2A8C3E15C7D5C8002A71DE /* NSObject+JavaScript.h */; };
		0A2A8CAD15C7D5C9002A71DE /* NSObject+JavaScript.m in Sources */ = {isa = PBXBuildFile; fileRef = 0A2A8C3F15C7D5C8002A71DE /* NSObject+JavaScript.m */; };
		0A2A8CAE15C7D5C9002A71DE /* NSObject+JavaScript.m in Sources */ = {isa = PBXBuildFile; fileRef = 0A2A8C3F15C7D5C8002A71DE /* NSObject+JavaScript.m */; };
		0A2A8CAF15C7D5C9002A71DE /* NSString+JavaScript.h in Headers */ = {isa = PBXBuildFile; fileRef = 0A2A8C4015C7D5C8002A71DE /* NSString+JavaScript.h */; };
		0A2A8CB015C7D5C9002A71DE /* NSString+JavaScript.m in Sources */ = {isa = PBXBuildFile; fileRef = 0A2A8C4115C7D5C8002A71DE /* NSString+JavaScript.m */; };
		0A2A8CB115C7D5C9002A71DE /* NSString+JavaScript.m in Sources */ = {isa = PBXBuildFile; fileRef = 0A2A8C4115C7D5C8002A71DE /* NSString+JavaScript.m */; };
		0A2A8CB215C7D5C9002A71DE /* SS+JavaScript.h in Headers */ = {isa = PBXBuildFile; fileRef = 0A2A8C4215C7D5C8002A71DE /* SS+JavaScript.h */; };
		0A2A8CB315C7D5C9002A71DE /* SS+JavaScript.m in Sources */ = {isa = PBXBuildFile; fileRef = 0A2A8C4315C7D5C8002A71DE /* SS+JavaScript.m */; };
		0A2A8CB415C7D5C9002A71DE /* SS+JavaScript.m in Sources */ = {isa = PBXBuildFile; fileRef = 0A2A8C4315C7D5C8002A71DE /* SS+JavaScript.m */; };
		0A2A8CB515C7D5C9002A71DE /* SS+Types.h in Headers */ = {isa = PBXBuildFile; fileRef = 0A2A8C4415C7D5C8002A71DE /* SS+Types.h */; };
		0A2A8CB615C7D5C9002A71DE /* SS+Types.m in Sources */ = {isa = PBXBuildFile; fileRef = 0A2A8C4515C7D5C8002A71DE /* SS+Types.m */; };
		0A2A8CB715C7D5C9002A71DE /* SS+Types.m in Sources */ = {isa = PBXBuildFile; fileRef = 0A2A8C4515C7D5C8002A71DE /* SS+Types.m */; };
		0A2A8CB815C7D5C9002A71DE /* NSDictionary+NamedProperties.h in Headers */ = {isa = PBXBuildFile; fileRef = 0A2A8C4615C7D5C8002A71DE /* NSDictionary+NamedProperties.h */; };
		0A2A8CB915C7D5C9002A71DE /* NSDictionary+NamedProperties.m in Sources */ = {isa = PBXBuildFile; fileRef = 0A2A8C4715C7D5C8002A71DE /* NSDictionary+NamedProperties.m */; };
		0A2A8CBA15C7D5C9002A71DE /* NSDictionary+NamedProperties.m in Sources */ = {isa = PBXBuildFile; fileRef = 0A2A8C4715C7D5C8002A71DE /* NSDictionary+NamedProperties.m */; };
		0A2A8CBB15C7D5C9002A71DE /* SS.h in Headers */ = {isa = PBXBuildFile; fileRef = 0A2A8C4915C7D5C8002A71DE /* SS.h */; };
		0A2A8CBC15C7D5C9002A71DE /* SS.m in Sources */ = {isa = PBXBuildFile; fileRef = 0A2A8C4A15C7D5C8002A71DE /* SS.m */; };
		0A2A8CBD15C7D5C9002A71DE /* SS.m in Sources */ = {isa = PBXBuildFile; fileRef = 0A2A8C4A15C7D5C8002A71DE /* SS.m */; };
		0A2A8CBE15C7D5C9002A71DE /* SubjectiveScript.h in Headers */ = {isa = PBXBuildFile; fileRef = 0A2A8C4B15C7D5C8002A71DE /* SubjectiveScript.h */; };
		0A2A8CBF15C7D5C9002A71DE /* SubjectiveScript.m in Sources */ = {isa = PBXBuildFile; fileRef = 0A2A8C4C15C7D5C8002A71DE /* SubjectiveScript.m */; };
		0A2A8CC015C7D5C9002A71DE /* SubjectiveScript.m in Sources */ = {isa = PBXBuildFile; fileRef = 0A2A8C4C15C7D5C8002A71DE /* SubjectiveScript.m */; };
		0A2A8CC115C7D5C9002A71DE /* NSArray+SS.h in Headers */ = {isa = PBXBuildFile; fileRef = 0A2A8C4E15C7D5C8002A71DE /* NSArray+SS.h */; };
		0A2A8CC215C7D5C9002A71DE /* NSArray+SS.m in Sources */ = {isa = PBXBuildFile; fileRef = 0A2A8C4F15C7D5C8002A71DE /* NSArray+SS.m */; };
		0A2A8CC315C7D5C9002A71DE /* NSArray+SS.m in Sources */ = {isa = PBXBuildFile; fileRef = 0A2A8C4F15C7D5C8002A71DE /* NSArray+SS.m */; };
		0A2A8CC415C7D5C9002A71DE /* NSDate+SS.h in Headers */ = {isa = PBXBuildFile; fileRef = 0A2A8C5015C7D5C8002A71DE /* NSDate+SS.h */; };
		0A2A8CC515C7D5C9002A71DE /* NSDate+SS.m in Sources */ = {isa = PBXBuildFile; fileRef = 0A2A8C5115C7D5C8002A71DE /* NSDate+SS.m */; };
		0A2A8CC615C7D5C9002A71DE /* NSDate+SS.m in Sources */ = {isa = PBXBuildFile; fileRef = 0A2A8C5115C7D5C8002A71DE /* NSDate+SS.m */; };
		0A2A8CC715C7D5C9002A71DE /* NSDictionary+SS.h in Headers */ = {isa = PBXBuildFile; fileRef = 0A2A8C5215C7D5C8002A71DE /* NSDictionary+SS.h */; };
		0A2A8CC815C7D5C9002A71DE /* NSDictionary+SS.m in Sources */ = {isa = PBXBuildFile; fileRef = 0A2A8C5315C7D5C8002A71DE /* NSDictionary+SS.m */; };
		0A2A8CC915C7D5C9002A71DE /* NSDictionary+SS.m in Sources */ = {isa = PBXBuildFile; fileRef = 0A2A8C5315C7D5C8002A71DE /* NSDictionary+SS.m */; };
		0A2A8CCA15C7D5C9002A71DE /* NSMutableArray+SS.h in Headers */ = {isa = PBXBuildFile; fileRef = 0A2A8C5415C7D5C8002A71DE /* NSMutableArray+SS.h */; };
		0A2A8CCB15C7D5C9002A71DE /* NSMutableArray+SS.m in Sources */ = {isa = PBXBuildFile; fileRef = 0A2A8C5515C7D5C8002A71DE /* NSMutableArray+SS.m */; };
		0A2A8CCC15C7D5C9002A71DE /* NSMutableArray+SS.m in Sources */ = {isa = PBXBuildFile; fileRef = 0A2A8C5515C7D5C8002A71DE /* NSMutableArray+SS.m */; };
		0A2A8CCD15C7D5C9002A71DE /* NSMutableDictionary+SS.h in Headers */ = {isa = PBXBuildFile; fileRef = 0A2A8C5615C7D5C8002A71DE /* NSMutableDictionary+SS.h */; };
		0A2A8CCE15C7D5C9002A71DE /* NSMutableDictionary+SS.m in Sources */ = {isa = PBXBuildFile; fileRef = 0A2A8C5715C7D5C8002A71DE /* NSMutableDictionary+SS.m */; };
		0A2A8CCF15C7D5C9002A71DE /* NSMutableDictionary+SS.m in Sources */ = {isa = PBXBuildFile; fileRef = 0A2A8C5715C7D5C8002A71DE /* NSMutableDictionary+SS.m */; };
		0A2A8CD015C7D5C9002A71DE /* NSMutableString+SS.h in Headers */ = {isa = PBXBuildFile; fileRef = 0A2A8C5815C7D5C8002A71DE /* NSMutableString+SS.h */; };
		0A2A8CD115C7D5C9002A71DE /* NSMutableString+SS.m in Sources */ = {isa = PBXBuildFile; fileRef = 0A2A8C5915C7D5C8002A71DE /* NSMutableString+SS.m */; };
		0A2A8CD215C7D5C9002A71DE /* NSMutableString+SS.m in Sources */ = {isa = PBXBuildFile; fileRef = 0A2A8C5915C7D5C8002A71DE /* NSMutableString+SS.m */; };
		0A2A8CD315C7D5C9002A71DE /* NSNumber+SS.h in Headers */ = {isa = PBXBuildFile; fileRef = 0A2A8C5A15C7D5C8002A71DE /* NSNumber+SS.h */; };
		0A2A8CD415C7D5C9002A71DE /* NSNumber+SS.m in Sources */ = {isa = PBXBuildFile; fileRef = 0A2A8C5B15C7D5C8002A71DE /* NSNumber+SS.m */; };
		0A2A8CD515C7D5C9002A71DE /* NSNumber+SS.m in Sources */ = {isa = PBXBuildFile; fileRef = 0A2A8C5B15C7D5C8002A71DE /* NSNumber+SS.m */; };
		0A2A8CD615C7D5C9002A71DE /* NSObject+SS.h in Headers */ = {isa = PBXBuildFile; fileRef = 0A2A8C5C15C7D5C8002A71DE /* NSObject+SS.h */; };
		0A2A8CD715C7D5C9002A71DE /* NSObject+SS.m in Sources */ = {isa = PBXBuildFile; fileRef = 0A2A8C5D15C7D5C8002A71DE /* NSObject+SS.m */; };
		0A2A8CD815C7D5C9002A71DE /* NSObject+SS.m in Sources */ = {isa = PBXBuildFile; fileRef = 0A2A8C5D15C7D5C8002A71DE /* NSObject+SS.m */; };
		0A2A8CD915C7D5C9002A71DE /* NSString+SS.h in Headers */ = {isa = PBXBuildFile; fileRef = 0A2A8C5E15C7D5C8002A71DE /* NSString+SS.h */; };
		0A2A8CDA15C7D5C9002A71DE /* NSString+SS.m in Sources */ = {isa = PBXBuildFile; fileRef = 0A2A8C5F15C7D5C8002A71DE /* NSString+SS.m */; };
		0A2A8CDB15C7D5C9002A71DE /* NSString+SS.m in Sources */ = {isa = PBXBuildFile; fileRef = 0A2A8C5F15C7D5C8002A71DE /* NSString+SS.m */; };
		0A2A8CDC15C7D5C9002A71DE /* SSTypes.h in Headers */ = {isa = PBXBuildFile; fileRef = 0A2A8C6015C7D5C8002A71DE /* SSTypes.h */; };
		0A2A8CDE15C7D5F8002A71DE /* _-Prefix.pch in Headers */ = {isa = PBXBuildFile; fileRef = 0A2A8CDD15C7D5F8002A71DE /* _-Prefix.pch */; };
		0A32614915B8FB4800237F52 /* Foundation.framework in Frameworks */ = {isa = PBXBuildFile; fileRef = 0A32614815B8FB4800237F52 /* Foundation.framework */; };
		0A32615715B8FB4900237F52 /* SenTestingKit.framework in Frameworks */ = {isa = PBXBuildFile; fileRef = 0A32615615B8FB4900237F52 /* SenTestingKit.framework */; };
		0A32615915B8FB4900237F52 /* UIKit.framework in Frameworks */ = {isa = PBXBuildFile; fileRef = 0A32615815B8FB4900237F52 /* UIKit.framework */; };
		0A32615A15B8FB4900237F52 /* Foundation.framework in Frameworks */ = {isa = PBXBuildFile; fileRef = 0A32614815B8FB4800237F52 /* Foundation.framework */; };
		0A32615D15B8FB4900237F52 /* lib_.a in Frameworks */ = {isa = PBXBuildFile; fileRef = 0A32614515B8FB4800237F52 /* lib_.a */; };
		0A32616315B8FB4900237F52 /* InfoPlist.strings in Resources */ = {isa = PBXBuildFile; fileRef = 0A32616115B8FB4900237F52 /* InfoPlist.strings */; };
		0A32616615B8FB4900237F52 /* _Tests.m in Sources */ = {isa = PBXBuildFile; fileRef = 0A32616515B8FB4900237F52 /* _Tests.m */; };
		0A58433A15B8FC7A000BC230 /* _+ArraysTests.m in Sources */ = {isa = PBXBuildFile; fileRef = 0A58431B15B8FC7A000BC230 /* _+ArraysTests.m */; };
		0A58433B15B8FC7A000BC230 /* _+ChainingTests.m in Sources */ = {isa = PBXBuildFile; fileRef = 0A58431D15B8FC7A000BC230 /* _+ChainingTests.m */; };
		0A58433C15B8FC7A000BC230 /* _+CollectionsTests.m in Sources */ = {isa = PBXBuildFile; fileRef = 0A58431F15B8FC7A000BC230 /* _+CollectionsTests.m */; };
		0A58433D15B8FC7A000BC230 /* _+FunctionsTests.m in Sources */ = {isa = PBXBuildFile; fileRef = 0A58432115B8FC7A000BC230 /* _+FunctionsTests.m */; };
		0A58433E15B8FC7A000BC230 /* _+ObjectsTests.m in Sources */ = {isa = PBXBuildFile; fileRef = 0A58432315B8FC7A000BC230 /* _+ObjectsTests.m */; };
		0A58433F15B8FC7A000BC230 /* _+UtilityTests.m in Sources */ = {isa = PBXBuildFile; fileRef = 0A58432515B8FC7A000BC230 /* _+UtilityTests.m */; };
		0A58434115B8FC7A000BC230 /* _Wrapper+ArraysTests.m in Sources */ = {isa = PBXBuildFile; fileRef = 0A58432C15B8FC7A000BC230 /* _Wrapper+ArraysTests.m */; };
		0A58434315B8FC7A000BC230 /* _Wrapper+CollectionsTests.m in Sources */ = {isa = PBXBuildFile; fileRef = 0A58433015B8FC7A000BC230 /* _Wrapper+CollectionsTests.m */; };
		0A58434515B8FC7A000BC230 /* _Wrapper+ObjectsTests.m in Sources */ = {isa = PBXBuildFile; fileRef = 0A58433415B8FC7A000BC230 /* _Wrapper+ObjectsTests.m */; };
		0A58434615B8FC7A000BC230 /* _Wrapper+UtilityTests.m in Sources */ = {isa = PBXBuildFile; fileRef = 0A58433615B8FC7A000BC230 /* _Wrapper+UtilityTests.m */; };
		0A58434815B8FC7A000BC230 /* _WrapperTests.m in Sources */ = {isa = PBXBuildFile; fileRef = 0A58433915B8FC7A000BC230 /* _WrapperTests.m */; };
		0A8D935515C4CCAC00B07CCE /* _Wrapper+JavaScriptTests.m in Sources */ = {isa = PBXBuildFile; fileRef = 0A8D935415C4CCAC00B07CCE /* _Wrapper+JavaScriptTests.m */; };
/* End PBXBuildFile section */

/* Begin PBXContainerItemProxy section */
		0A32615B15B8FB4900237F52 /* PBXContainerItemProxy */ = {
			isa = PBXContainerItemProxy;
			containerPortal = 0A32613C15B8FB4800237F52 /* Project object */;
			proxyType = 1;
			remoteGlobalIDString = 0A32614415B8FB4800237F52;
			remoteInfo = _;
		};
/* End PBXContainerItemProxy section */

/* Begin PBXFileReference section */
		0A02E1A515C69E07006BD268 /* QUnitTests.h */ = {isa = PBXFileReference; fileEncoding = 4; lastKnownFileType = sourcecode.c.h; path = QUnitTests.h; sourceTree = "<group>"; };
		0A02E1A615C69E07006BD268 /* QUnitTests.m */ = {isa = PBXFileReference; fileEncoding = 4; lastKnownFileType = sourcecode.c.objc; path = QUnitTests.m; sourceTree = "<group>"; };
		0A02E1A715C69E07006BD268 /* QUWrap.h */ = {isa = PBXFileReference; fileEncoding = 4; lastKnownFileType = sourcecode.c.h; path = QUWrap.h; sourceTree = "<group>"; };
		0A02E1A815C69E07006BD268 /* QUWrap.m */ = {isa = PBXFileReference; fileEncoding = 4; lastKnownFileType = sourcecode.c.objc; path = QUWrap.m; sourceTree = "<group>"; };
		0A2A8C0415C7D5C8002A71DE /* _.h */ = {isa = PBXFileReference; fileEncoding = 4; lastKnownFileType = sourcecode.c.h; path = _.h; sourceTree = "<group>"; };
		0A2A8C0515C7D5C8002A71DE /* _.m */ = {isa = PBXFileReference; fileEncoding = 4; lastKnownFileType = sourcecode.c.objc; path = _.m; sourceTree = "<group>"; };
		0A2A8C0715C7D5C8002A71DE /* _Wrapper+Private.h */ = {isa = PBXFileReference; fileEncoding = 4; lastKnownFileType = sourcecode.c.h; path = "_Wrapper+Private.h"; sourceTree = "<group>"; };
		0A2A8C0815C7D5C8002A71DE /* _Wrapper+Private.m */ = {isa = PBXFileReference; fileEncoding = 4; lastKnownFileType = sourcecode.c.objc; path = "_Wrapper+Private.m"; sourceTree = "<group>"; };
		0A2A8C0915C7D5C8002A71DE /* _Types.h */ = {isa = PBXFileReference; fileEncoding = 4; lastKnownFileType = sourcecode.c.h; path = _Types.h; sourceTree = "<group>"; };
		0A2A8C0A15C7D5C8002A71DE /* _Wrapper.h */ = {isa = PBXFileReference; fileEncoding = 4; lastKnownFileType = sourcecode.c.h; path = _Wrapper.h; sourceTree = "<group>"; };
		0A2A8C0B15C7D5C8002A71DE /* _Wrapper.m */ = {isa = PBXFileReference; fileEncoding = 4; lastKnownFileType = sourcecode.c.objc; path = _Wrapper.m; sourceTree = "<group>"; };
		0A2A8C0D15C7D5C8002A71DE /* _+Arrays.h */ = {isa = PBXFileReference; fileEncoding = 4; lastKnownFileType = sourcecode.c.h; path = "_+Arrays.h"; sourceTree = "<group>"; };
		0A2A8C0E15C7D5C8002A71DE /* _+Arrays.m */ = {isa = PBXFileReference; fileEncoding = 4; lastKnownFileType = sourcecode.c.objc; path = "_+Arrays.m"; sourceTree = "<group>"; };
		0A2A8C0F15C7D5C8002A71DE /* _+Collections.h */ = {isa = PBXFileReference; fileEncoding = 4; lastKnownFileType = sourcecode.c.h; path = "_+Collections.h"; sourceTree = "<group>"; };
		0A2A8C1015C7D5C8002A71DE /* _+Collections.m */ = {isa = PBXFileReference; fileEncoding = 4; lastKnownFileType = sourcecode.c.objc; path = "_+Collections.m"; sourceTree = "<group>"; };
		0A2A8C1115C7D5C8002A71DE /* _+Extensions.h */ = {isa = PBXFileReference; fileEncoding = 4; lastKnownFileType = sourcecode.c.h; path = "_+Extensions.h"; sourceTree = "<group>"; };
		0A2A8C1215C7D5C8002A71DE /* _+Extensions.m */ = {isa = PBXFileReference; fileEncoding = 4; lastKnownFileType = sourcecode.c.objc; path = "_+Extensions.m"; sourceTree = "<group>"; };
		0A2A8C1315C7D5C8002A71DE /* _+Functions.h */ = {isa = PBXFileReference; fileEncoding = 4; lastKnownFileType = sourcecode.c.h; path = "_+Functions.h"; sourceTree = "<group>"; };
		0A2A8C1415C7D5C8002A71DE /* _+Functions.m */ = {isa = PBXFileReference; fileEncoding = 4; lastKnownFileType = sourcecode.c.objc; path = "_+Functions.m"; sourceTree = "<group>"; };
		0A2A8C1515C7D5C8002A71DE /* _+Objects.h */ = {isa = PBXFileReference; fileEncoding = 4; lastKnownFileType = sourcecode.c.h; path = "_+Objects.h"; sourceTree = "<group>"; };
		0A2A8C1615C7D5C8002A71DE /* _+Objects.m */ = {isa = PBXFileReference; fileEncoding = 4; lastKnownFileType = sourcecode.c.objc; path = "_+Objects.m"; sourceTree = "<group>"; };
		0A2A8C1715C7D5C8002A71DE /* _+Utility.h */ = {isa = PBXFileReference; fileEncoding = 4; lastKnownFileType = sourcecode.c.h; path = "_+Utility.h"; sourceTree = "<group>"; };
		0A2A8C1815C7D5C8002A71DE /* _+Utility.m */ = {isa = PBXFileReference; fileEncoding = 4; lastKnownFileType = sourcecode.c.objc; path = "_+Utility.m"; sourceTree = "<group>"; };
		0A2A8C1915C7D5C8002A71DE /* Underscore.h */ = {isa = PBXFileReference; fileEncoding = 4; lastKnownFileType = sourcecode.c.h; path = Underscore.h; sourceTree = "<group>"; };
		0A2A8C1B15C7D5C8002A71DE /* _Wrapper+Arrays.h */ = {isa = PBXFileReference; fileEncoding = 4; lastKnownFileType = sourcecode.c.h; path = "_Wrapper+Arrays.h"; sourceTree = "<group>"; };
		0A2A8C1C15C7D5C8002A71DE /* _Wrapper+Arrays.m */ = {isa = PBXFileReference; fileEncoding = 4; lastKnownFileType = sourcecode.c.objc; path = "_Wrapper+Arrays.m"; sourceTree = "<group>"; };
		0A2A8C1D15C7D5C8002A71DE /* _Wrapper+Collections.h */ = {isa = PBXFileReference; fileEncoding = 4; lastKnownFileType = sourcecode.c.h; path = "_Wrapper+Collections.h"; sourceTree = "<group>"; };
		0A2A8C1E15C7D5C8002A71DE /* _Wrapper+Collections.m */ = {isa = PBXFileReference; fileEncoding = 4; lastKnownFileType = sourcecode.c.objc; path = "_Wrapper+Collections.m"; sourceTree = "<group>"; };
		0A2A8C1F15C7D5C8002A71DE /* _Wrapper+JavaScript.h */ = {isa = PBXFileReference; fileEncoding = 4; lastKnownFileType = sourcecode.c.h; path = "_Wrapper+JavaScript.h"; sourceTree = "<group>"; };
		0A2A8C2015C7D5C8002A71DE /* _Wrapper+JavaScript.m */ = {isa = PBXFileReference; fileEncoding = 4; lastKnownFileType = sourcecode.c.objc; path = "_Wrapper+JavaScript.m"; sourceTree = "<group>"; };
		0A2A8C2115C7D5C8002A71DE /* _Wrapper+Objects.h */ = {isa = PBXFileReference; fileEncoding = 4; lastKnownFileType = sourcecode.c.h; path = "_Wrapper+Objects.h"; sourceTree = "<group>"; };
		0A2A8C2215C7D5C8002A71DE /* _Wrapper+Objects.m */ = {isa = PBXFileReference; fileEncoding = 4; lastKnownFileType = sourcecode.c.objc; path = "_Wrapper+Objects.m"; sourceTree = "<group>"; };
		0A2A8C2315C7D5C8002A71DE /* _Wrapper+Utility.h */ = {isa = PBXFileReference; fileEncoding = 4; lastKnownFileType = sourcecode.c.h; path = "_Wrapper+Utility.h"; sourceTree = "<group>"; };
		0A2A8C2415C7D5C8002A71DE /* _Wrapper+Utility.m */ = {isa = PBXFileReference; fileEncoding = 4; lastKnownFileType = sourcecode.c.objc; path = "_Wrapper+Utility.m"; sourceTree = "<group>"; };
		0A2A8C2815C7D5C8002A71DE /* NSString+Versioning.h */ = {isa = PBXFileReference; fileEncoding = 4; lastKnownFileType = sourcecode.c.h; path = "NSString+Versioning.h"; sourceTree = "<group>"; };
		0A2A8C2915C7D5C8002A71DE /* NSString+Versioning.m */ = {isa = PBXFileReference; fileEncoding = 4; lastKnownFileType = sourcecode.c.objc; path = "NSString+Versioning.m"; sourceTree = "<group>"; };
		0A2A8C2A15C7D5C8002A71DE /* SS+Functions.h */ = {isa = PBXFileReference; fileEncoding = 4; lastKnownFileType = sourcecode.c.h; path = "SS+Functions.h"; sourceTree = "<group>"; };
		0A2A8C2B15C7D5C8002A71DE /* SS+Functions.m */ = {isa = PBXFileReference; fileEncoding = 4; lastKnownFileType = sourcecode.c.objc; path = "SS+Functions.m"; sourceTree = "<group>"; };
		0A2A8C2C15C7D5C8002A71DE /* SS+System.h */ = {isa = PBXFileReference; fileEncoding = 4; lastKnownFileType = sourcecode.c.h; path = "SS+System.h"; sourceTree = "<group>"; };
		0A2A8C2D15C7D5C8002A71DE /* SS+System.m */ = {isa = PBXFileReference; fileEncoding = 4; lastKnownFileType = sourcecode.c.objc; path = "SS+System.m"; sourceTree = "<group>"; };
		0A2A8C2E15C7D5C8002A71DE /* SSArguments.h */ = {isa = PBXFileReference; fileEncoding = 4; lastKnownFileType = sourcecode.c.h; path = SSArguments.h; sourceTree = "<group>"; };
		0A2A8C3015C7D5C8002A71DE /* NSArray+JavaScript.h */ = {isa = PBXFileReference; fileEncoding = 4; lastKnownFileType = sourcecode.c.h; path = "NSArray+JavaScript.h"; sourceTree = "<group>"; };
		0A2A8C3115C7D5C8002A71DE /* NSArray+JavaScript.m */ = {isa = PBXFileReference; fileEncoding = 4; lastKnownFileType = sourcecode.c.objc; path = "NSArray+JavaScript.m"; sourceTree = "<group>"; };
		0A2A8C3215C7D5C8002A71DE /* NSDate+JavaScript.h */ = {isa = PBXFileReference; fileEncoding = 4; lastKnownFileType = sourcecode.c.h; path = "NSDate+JavaScript.h"; sourceTree = "<group>"; };
		0A2A8C3315C7D5C8002A71DE /* NSDate+JavaScript.m */ = {isa = PBXFileReference; fileEncoding = 4; lastKnownFileType = sourcecode.c.objc; path = "NSDate+JavaScript.m"; sourceTree = "<group>"; };
		0A2A8C3415C7D5C8002A71DE /* NSDictionary+JavaScript.h */ = {isa = PBXFileReference; fileEncoding = 4; lastKnownFileType = sourcecode.c.h; path = "NSDictionary+JavaScript.h"; sourceTree = "<group>"; };
		0A2A8C3515C7D5C8002A71DE /* NSDictionary+JavaScript.m */ = {isa = PBXFileReference; fileEncoding = 4; lastKnownFileType = sourcecode.c.objc; path = "NSDictionary+JavaScript.m"; sourceTree = "<group>"; };
		0A2A8C3615C7D5C8002A71DE /* NSMutableArray+JavaScript.h */ = {isa = PBXFileReference; fileEncoding = 4; lastKnownFileType = sourcecode.c.h; path = "NSMutableArray+JavaScript.h"; sourceTree = "<group>"; };
		0A2A8C3715C7D5C8002A71DE /* NSMutableArray+JavaScript.m */ = {isa = PBXFileReference; fileEncoding = 4; lastKnownFileType = sourcecode.c.objc; path = "NSMutableArray+JavaScript.m"; sourceTree = "<group>"; };
		0A2A8C3815C7D5C8002A71DE /* NSMutableDictionary+JavaScript.h */ = {isa = PBXFileReference; fileEncoding = 4; lastKnownFileType = sourcecode.c.h; path = "NSMutableDictionary+JavaScript.h"; sourceTree = "<group>"; };
		0A2A8C3915C7D5C8002A71DE /* NSMutableDictionary+JavaScript.m */ = {isa = PBXFileReference; fileEncoding = 4; lastKnownFileType = sourcecode.c.objc; path = "NSMutableDictionary+JavaScript.m"; sourceTree = "<group>"; };
		0A2A8C3A15C7D5C8002A71DE /* NSMutableString+JavaScript.h */ = {isa = PBXFileReference; fileEncoding = 4; lastKnownFileType = sourcecode.c.h; path = "NSMutableString+JavaScript.h"; sourceTree = "<group>"; };
		0A2A8C3B15C7D5C8002A71DE /* NSMutableString+JavaScript.m */ = {isa = PBXFileReference; fileEncoding = 4; lastKnownFileType = sourcecode.c.objc; path = "NSMutableString+JavaScript.m"; sourceTree = "<group>"; };
		0A2A8C3C15C7D5C8002A71DE /* NSNumber+JavaScript.h */ = {isa = PBXFileReference; fileEncoding = 4; lastKnownFileType = sourcecode.c.h; path = "NSNumber+JavaScript.h"; sourceTree = "<group>"; };
		0A2A8C3D15C7D5C8002A71DE /* NSNumber+JavaScript.m */ = {isa = PBXFileReference; fileEncoding = 4; lastKnownFileType = sourcecode.c.objc; path = "NSNumber+JavaScript.m"; sourceTree = "<group>"; };
		0A2A8C3E15C7D5C8002A71DE /* NSObject+JavaScript.h */ = {isa = PBXFileReference; fileEncoding = 4; lastKnownFileType = sourcecode.c.h; path = "NSObject+JavaScript.h"; sourceTree = "<group>"; };
		0A2A8C3F15C7D5C8002A71DE /* NSObject+JavaScript.m */ = {isa = PBXFileReference; fileEncoding = 4; lastKnownFileType = sourcecode.c.objc; path = "NSObject+JavaScript.m"; sourceTree = "<group>"; };
		0A2A8C4015C7D5C8002A71DE /* NSString+JavaScript.h */ = {isa = PBXFileReference; fileEncoding = 4; lastKnownFileType = sourcecode.c.h; path = "NSString+JavaScript.h"; sourceTree = "<group>"; };
		0A2A8C4115C7D5C8002A71DE /* NSString+JavaScript.m */ = {isa = PBXFileReference; fileEncoding = 4; lastKnownFileType = sourcecode.c.objc; path = "NSString+JavaScript.m"; sourceTree = "<group>"; };
		0A2A8C4215C7D5C8002A71DE /* SS+JavaScript.h */ = {isa = PBXFileReference; fileEncoding = 4; lastKnownFileType = sourcecode.c.h; path = "SS+JavaScript.h"; sourceTree = "<group>"; };
		0A2A8C4315C7D5C8002A71DE /* SS+JavaScript.m */ = {isa = PBXFileReference; fileEncoding = 4; lastKnownFileType = sourcecode.c.objc; path = "SS+JavaScript.m"; sourceTree = "<group>"; };
		0A2A8C4415C7D5C8002A71DE /* SS+Types.h */ = {isa = PBXFileReference; fileEncoding = 4; lastKnownFileType = sourcecode.c.h; path = "SS+Types.h"; sourceTree = "<group>"; };
		0A2A8C4515C7D5C8002A71DE /* SS+Types.m */ = {isa = PBXFileReference; fileEncoding = 4; lastKnownFileType = sourcecode.c.objc; path = "SS+Types.m"; sourceTree = "<group>"; };
		0A2A8C4615C7D5C8002A71DE /* NSDictionary+NamedProperties.h */ = {isa = PBXFileReference; fileEncoding = 4; lastKnownFileType = sourcecode.c.h; path = "NSDictionary+NamedProperties.h"; sourceTree = "<group>"; };
		0A2A8C4715C7D5C8002A71DE /* NSDictionary+NamedProperties.m */ = {isa = PBXFileReference; fileEncoding = 4; lastKnownFileType = sourcecode.c.objc; path = "NSDictionary+NamedProperties.m"; sourceTree = "<group>"; };
		0A2A8C4915C7D5C8002A71DE /* SS.h */ = {isa = PBXFileReference; fileEncoding = 4; lastKnownFileType = sourcecode.c.h; path = SS.h; sourceTree = "<group>"; };
		0A2A8C4A15C7D5C8002A71DE /* SS.m */ = {isa = PBXFileReference; fileEncoding = 4; lastKnownFileType = sourcecode.c.objc; path = SS.m; sourceTree = "<group>"; };
		0A2A8C4B15C7D5C8002A71DE /* SubjectiveScript.h */ = {isa = PBXFileReference; fileEncoding = 4; lastKnownFileType = sourcecode.c.h; path = SubjectiveScript.h; sourceTree = "<group>"; };
		0A2A8C4C15C7D5C8002A71DE /* SubjectiveScript.m */ = {isa = PBXFileReference; fileEncoding = 4; lastKnownFileType = sourcecode.c.objc; path = SubjectiveScript.m; sourceTree = "<group>"; };
		0A2A8C4E15C7D5C8002A71DE /* NSArray+SS.h */ = {isa = PBXFileReference; fileEncoding = 4; lastKnownFileType = sourcecode.c.h; path = "NSArray+SS.h"; sourceTree = "<group>"; };
		0A2A8C4F15C7D5C8002A71DE /* NSArray+SS.m */ = {isa = PBXFileReference; fileEncoding = 4; lastKnownFileType = sourcecode.c.objc; path = "NSArray+SS.m"; sourceTree = "<group>"; };
		0A2A8C5015C7D5C8002A71DE /* NSDate+SS.h */ = {isa = PBXFileReference; fileEncoding = 4; lastKnownFileType = sourcecode.c.h; path = "NSDate+SS.h"; sourceTree = "<group>"; };
		0A2A8C5115C7D5C8002A71DE /* NSDate+SS.m */ = {isa = PBXFileReference; fileEncoding = 4; lastKnownFileType = sourcecode.c.objc; path = "NSDate+SS.m"; sourceTree = "<group>"; };
		0A2A8C5215C7D5C8002A71DE /* NSDictionary+SS.h */ = {isa = PBXFileReference; fileEncoding = 4; lastKnownFileType = sourcecode.c.h; path = "NSDictionary+SS.h"; sourceTree = "<group>"; };
		0A2A8C5315C7D5C8002A71DE /* NSDictionary+SS.m */ = {isa = PBXFileReference; fileEncoding = 4; lastKnownFileType = sourcecode.c.objc; path = "NSDictionary+SS.m"; sourceTree = "<group>"; };
		0A2A8C5415C7D5C8002A71DE /* NSMutableArray+SS.h */ = {isa = PBXFileReference; fileEncoding = 4; lastKnownFileType = sourcecode.c.h; path = "NSMutableArray+SS.h"; sourceTree = "<group>"; };
		0A2A8C5515C7D5C8002A71DE /* NSMutableArray+SS.m */ = {isa = PBXFileReference; fileEncoding = 4; lastKnownFileType = sourcecode.c.objc; path = "NSMutableArray+SS.m"; sourceTree = "<group>"; };
		0A2A8C5615C7D5C8002A71DE /* NSMutableDictionary+SS.h */ = {isa = PBXFileReference; fileEncoding = 4; lastKnownFileType = sourcecode.c.h; path = "NSMutableDictionary+SS.h"; sourceTree = "<group>"; };
		0A2A8C5715C7D5C8002A71DE /* NSMutableDictionary+SS.m */ = {isa = PBXFileReference; fileEncoding = 4; lastKnownFileType = sourcecode.c.objc; path = "NSMutableDictionary+SS.m"; sourceTree = "<group>"; };
		0A2A8C5815C7D5C8002A71DE /* NSMutableString+SS.h */ = {isa = PBXFileReference; fileEncoding = 4; lastKnownFileType = sourcecode.c.h; path = "NSMutableString+SS.h"; sourceTree = "<group>"; };
		0A2A8C5915C7D5C8002A71DE /* NSMutableString+SS.m */ = {isa = PBXFileReference; fileEncoding = 4; lastKnownFileType = sourcecode.c.objc; path = "NSMutableString+SS.m"; sourceTree = "<group>"; };
		0A2A8C5A15C7D5C8002A71DE /* NSNumber+SS.h */ = {isa = PBXFileReference; fileEncoding = 4; lastKnownFileType = sourcecode.c.h; path = "NSNumber+SS.h"; sourceTree = "<group>"; };
		0A2A8C5B15C7D5C8002A71DE /* NSNumber+SS.m */ = {isa = PBXFileReference; fileEncoding = 4; lastKnownFileType = sourcecode.c.objc; path = "NSNumber+SS.m"; sourceTree = "<group>"; };
		0A2A8C5C15C7D5C8002A71DE /* NSObject+SS.h */ = {isa = PBXFileReference; fileEncoding = 4; lastKnownFileType = sourcecode.c.h; path = "NSObject+SS.h"; sourceTree = "<group>"; };
		0A2A8C5D15C7D5C8002A71DE /* NSObject+SS.m */ = {isa = PBXFileReference; fileEncoding = 4; lastKnownFileType = sourcecode.c.objc; path = "NSObject+SS.m"; sourceTree = "<group>"; };
		0A2A8C5E15C7D5C8002A71DE /* NSString+SS.h */ = {isa = PBXFileReference; fileEncoding = 4; lastKnownFileType = sourcecode.c.h; path = "NSString+SS.h"; sourceTree = "<group>"; };
		0A2A8C5F15C7D5C8002A71DE /* NSString+SS.m */ = {isa = PBXFileReference; fileEncoding = 4; lastKnownFileType = sourcecode.c.objc; path = "NSString+SS.m"; sourceTree = "<group>"; };
		0A2A8C6015C7D5C8002A71DE /* SSTypes.h */ = {isa = PBXFileReference; fileEncoding = 4; lastKnownFileType = sourcecode.c.h; path = SSTypes.h; sourceTree = "<group>"; };
		0A2A8CDD15C7D5F8002A71DE /* _-Prefix.pch */ = {isa = PBXFileReference; fileEncoding = 4; lastKnownFileType = sourcecode.c.h; path = "_-Prefix.pch"; sourceTree = "<group>"; };
		0A32614515B8FB4800237F52 /* lib_.a */ = {isa = PBXFileReference; explicitFileType = archive.ar; includeInIndex = 0; path = lib_.a; sourceTree = BUILT_PRODUCTS_DIR; };
		0A32614815B8FB4800237F52 /* Foundation.framework */ = {isa = PBXFileReference; lastKnownFileType = wrapper.framework; name = Foundation.framework; path = System/Library/Frameworks/Foundation.framework; sourceTree = SDKROOT; };
		0A32615515B8FB4900237F52 /* _Tests.octest */ = {isa = PBXFileReference; explicitFileType = wrapper.cfbundle; includeInIndex = 0; path = _Tests.octest; sourceTree = BUILT_PRODUCTS_DIR; };
		0A32615615B8FB4900237F52 /* SenTestingKit.framework */ = {isa = PBXFileReference; lastKnownFileType = wrapper.framework; name = SenTestingKit.framework; path = Library/Frameworks/SenTestingKit.framework; sourceTree = DEVELOPER_DIR; };
		0A32615815B8FB4900237F52 /* UIKit.framework */ = {isa = PBXFileReference; lastKnownFileType = wrapper.framework; name = UIKit.framework; path = Library/Frameworks/UIKit.framework; sourceTree = DEVELOPER_DIR; };
		0A32616015B8FB4900237F52 /* _Tests-Info.plist */ = {isa = PBXFileReference; lastKnownFileType = text.plist.xml; path = "_Tests-Info.plist"; sourceTree = "<group>"; };
		0A32616215B8FB4900237F52 /* en */ = {isa = PBXFileReference; lastKnownFileType = text.plist.strings; name = en; path = en.lproj/InfoPlist.strings; sourceTree = "<group>"; };
		0A32616415B8FB4900237F52 /* _Tests.h */ = {isa = PBXFileReference; lastKnownFileType = sourcecode.c.h; path = _Tests.h; sourceTree = "<group>"; };
		0A32616515B8FB4900237F52 /* _Tests.m */ = {isa = PBXFileReference; lastKnownFileType = sourcecode.c.objc; path = _Tests.m; sourceTree = "<group>"; };
		0A58431A15B8FC7A000BC230 /* _+ArraysTests.h */ = {isa = PBXFileReference; fileEncoding = 4; lastKnownFileType = sourcecode.c.h; path = "_+ArraysTests.h"; sourceTree = "<group>"; };
		0A58431B15B8FC7A000BC230 /* _+ArraysTests.m */ = {isa = PBXFileReference; fileEncoding = 4; lastKnownFileType = sourcecode.c.objc; path = "_+ArraysTests.m"; sourceTree = "<group>"; };
		0A58431C15B8FC7A000BC230 /* _+ChainingTests.h */ = {isa = PBXFileReference; fileEncoding = 4; lastKnownFileType = sourcecode.c.h; path = "_+ChainingTests.h"; sourceTree = "<group>"; };
		0A58431D15B8FC7A000BC230 /* _+ChainingTests.m */ = {isa = PBXFileReference; fileEncoding = 4; lastKnownFileType = sourcecode.c.objc; path = "_+ChainingTests.m"; sourceTree = "<group>"; };
		0A58431E15B8FC7A000BC230 /* _+CollectionsTests.h */ = {isa = PBXFileReference; fileEncoding = 4; lastKnownFileType = sourcecode.c.h; path = "_+CollectionsTests.h"; sourceTree = "<group>"; };
		0A58431F15B8FC7A000BC230 /* _+CollectionsTests.m */ = {isa = PBXFileReference; fileEncoding = 4; lastKnownFileType = sourcecode.c.objc; path = "_+CollectionsTests.m"; sourceTree = "<group>"; };
		0A58432015B8FC7A000BC230 /* _+FunctionsTests.h */ = {isa = PBXFileReference; fileEncoding = 4; lastKnownFileType = sourcecode.c.h; path = "_+FunctionsTests.h"; sourceTree = "<group>"; };
		0A58432115B8FC7A000BC230 /* _+FunctionsTests.m */ = {isa = PBXFileReference; fileEncoding = 4; lastKnownFileType = sourcecode.c.objc; path = "_+FunctionsTests.m"; sourceTree = "<group>"; };
		0A58432215B8FC7A000BC230 /* _+ObjectsTests.h */ = {isa = PBXFileReference; fileEncoding = 4; lastKnownFileType = sourcecode.c.h; path = "_+ObjectsTests.h"; sourceTree = "<group>"; };
		0A58432315B8FC7A000BC230 /* _+ObjectsTests.m */ = {isa = PBXFileReference; fileEncoding = 4; lastKnownFileType = sourcecode.c.objc; path = "_+ObjectsTests.m"; sourceTree = "<group>"; };
		0A58432415B8FC7A000BC230 /* _+UtilityTests.h */ = {isa = PBXFileReference; fileEncoding = 4; lastKnownFileType = sourcecode.c.h; path = "_+UtilityTests.h"; sourceTree = "<group>"; };
		0A58432515B8FC7A000BC230 /* _+UtilityTests.m */ = {isa = PBXFileReference; fileEncoding = 4; lastKnownFileType = sourcecode.c.objc; path = "_+UtilityTests.m"; sourceTree = "<group>"; };
		0A58432B15B8FC7A000BC230 /* _Wrapper+ArraysTests.h */ = {isa = PBXFileReference; fileEncoding = 4; lastKnownFileType = sourcecode.c.h; path = "_Wrapper+ArraysTests.h"; sourceTree = "<group>"; };
		0A58432C15B8FC7A000BC230 /* _Wrapper+ArraysTests.m */ = {isa = PBXFileReference; fileEncoding = 4; lastKnownFileType = sourcecode.c.objc; path = "_Wrapper+ArraysTests.m"; sourceTree = "<group>"; };
		0A58432F15B8FC7A000BC230 /* _Wrapper+CollectionsTests.h */ = {isa = PBXFileReference; fileEncoding = 4; lastKnownFileType = sourcecode.c.h; path = "_Wrapper+CollectionsTests.h"; sourceTree = "<group>"; };
		0A58433015B8FC7A000BC230 /* _Wrapper+CollectionsTests.m */ = {isa = PBXFileReference; fileEncoding = 4; lastKnownFileType = sourcecode.c.objc; path = "_Wrapper+CollectionsTests.m"; sourceTree = "<group>"; };
		0A58433315B8FC7A000BC230 /* _Wrapper+ObjectsTests.h */ = {isa = PBXFileReference; fileEncoding = 4; lastKnownFileType = sourcecode.c.h; path = "_Wrapper+ObjectsTests.h"; sourceTree = "<group>"; };
		0A58433415B8FC7A000BC230 /* _Wrapper+ObjectsTests.m */ = {isa = PBXFileReference; fileEncoding = 4; lastKnownFileType = sourcecode.c.objc; path = "_Wrapper+ObjectsTests.m"; sourceTree = "<group>"; };
		0A58433515B8FC7A000BC230 /* _Wrapper+UtilityTests.h */ = {isa = PBXFileReference; fileEncoding = 4; lastKnownFileType = sourcecode.c.h; path = "_Wrapper+UtilityTests.h"; sourceTree = "<group>"; };
		0A58433615B8FC7A000BC230 /* _Wrapper+UtilityTests.m */ = {isa = PBXFileReference; fileEncoding = 4; lastKnownFileType = sourcecode.c.objc; path = "_Wrapper+UtilityTests.m"; sourceTree = "<group>"; };
		0A58433815B8FC7A000BC230 /* _WrapperTests.h */ = {isa = PBXFileReference; fileEncoding = 4; lastKnownFileType = sourcecode.c.h; path = _WrapperTests.h; sourceTree = "<group>"; };
		0A58433915B8FC7A000BC230 /* _WrapperTests.m */ = {isa = PBXFileReference; fileEncoding = 4; lastKnownFileType = sourcecode.c.objc; path = _WrapperTests.m; sourceTree = "<group>"; };
		0A8D935315C4CCAB00B07CCE /* _Wrapper+JavaScriptTests.h */ = {isa = PBXFileReference; fileEncoding = 4; lastKnownFileType = sourcecode.c.h; path = "_Wrapper+JavaScriptTests.h"; sourceTree = "<group>"; };
		0A8D935415C4CCAC00B07CCE /* _Wrapper+JavaScriptTests.m */ = {isa = PBXFileReference; fileEncoding = 4; lastKnownFileType = sourcecode.c.objc; path = "_Wrapper+JavaScriptTests.m"; sourceTree = "<group>"; };
		0AC0449315B9675C006C4984 /* LICENSE */ = {isa = PBXFileReference; lastKnownFileType = text; path = LICENSE; sourceTree = SOURCE_ROOT; };
		0AC0449415B9675C006C4984 /* README.md */ = {isa = PBXFileReference; lastKnownFileType = text; path = README.md; sourceTree = SOURCE_ROOT; };
		0AF192D215C5328F00937CC7 /* QUnit.h */ = {isa = PBXFileReference; fileEncoding = 4; lastKnownFileType = sourcecode.c.h; path = QUnit.h; sourceTree = "<group>"; };
/* End PBXFileReference section */

/* Begin PBXFrameworksBuildPhase section */
		0A32614215B8FB4800237F52 /* Frameworks */ = {
			isa = PBXFrameworksBuildPhase;
			buildActionMask = 2147483647;
			files = (
				0A32614915B8FB4800237F52 /* Foundation.framework in Frameworks */,
			);
			runOnlyForDeploymentPostprocessing = 0;
		};
		0A32615115B8FB4900237F52 /* Frameworks */ = {
			isa = PBXFrameworksBuildPhase;
			buildActionMask = 2147483647;
			files = (
				0A32615715B8FB4900237F52 /* SenTestingKit.framework in Frameworks */,
				0A32615915B8FB4900237F52 /* UIKit.framework in Frameworks */,
				0A32615A15B8FB4900237F52 /* Foundation.framework in Frameworks */,
				0A32615D15B8FB4900237F52 /* lib_.a in Frameworks */,
			);
			runOnlyForDeploymentPostprocessing = 0;
		};
/* End PBXFrameworksBuildPhase section */

/* Begin PBXGroup section */
		0A2A8C0315C7D5C8002A71DE /* Lib */ = {
			isa = PBXGroup;
			children = (
				0A2A8C0415C7D5C8002A71DE /* _.h */,
				0A2A8C0515C7D5C8002A71DE /* _.m */,
				0A2A8C0915C7D5C8002A71DE /* _Types.h */,
				0A2A8C0A15C7D5C8002A71DE /* _Wrapper.h */,
				0A2A8C0B15C7D5C8002A71DE /* _Wrapper.m */,
				0A2A8C0C15C7D5C8002A71DE /* Categories */,
				0A2A8C1915C7D5C8002A71DE /* Underscore.h */,
				0A2A8C1A15C7D5C8002A71DE /* WrapperCategories */,
				0A2A8C0615C7D5C8002A71DE /* _Private */,
			);
			path = Lib;
			sourceTree = "<group>";
		};
		0A2A8C0615C7D5C8002A71DE /* _Private */ = {
			isa = PBXGroup;
			children = (
				0A2A8C0715C7D5C8002A71DE /* _Wrapper+Private.h */,
				0A2A8C0815C7D5C8002A71DE /* _Wrapper+Private.m */,
			);
			path = _Private;
			sourceTree = "<group>";
		};
		0A2A8C0C15C7D5C8002A71DE /* Categories */ = {
			isa = PBXGroup;
			children = (
				0A2A8C0D15C7D5C8002A71DE /* _+Arrays.h */,
				0A2A8C0E15C7D5C8002A71DE /* _+Arrays.m */,
				0A2A8C0F15C7D5C8002A71DE /* _+Collections.h */,
				0A2A8C1015C7D5C8002A71DE /* _+Collections.m */,
				0A2A8C1115C7D5C8002A71DE /* _+Extensions.h */,
				0A2A8C1215C7D5C8002A71DE /* _+Extensions.m */,
				0A2A8C1315C7D5C8002A71DE /* _+Functions.h */,
				0A2A8C1415C7D5C8002A71DE /* _+Functions.m */,
				0A2A8C1515C7D5C8002A71DE /* _+Objects.h */,
				0A2A8C1615C7D5C8002A71DE /* _+Objects.m */,
				0A2A8C1715C7D5C8002A71DE /* _+Utility.h */,
				0A2A8C1815C7D5C8002A71DE /* _+Utility.m */,
			);
			path = Categories;
			sourceTree = "<group>";
		};
		0A2A8C1A15C7D5C8002A71DE /* WrapperCategories */ = {
			isa = PBXGroup;
			children = (
				0A2A8C1B15C7D5C8002A71DE /* _Wrapper+Arrays.h */,
				0A2A8C1C15C7D5C8002A71DE /* _Wrapper+Arrays.m */,
				0A2A8C1D15C7D5C8002A71DE /* _Wrapper+Collections.h */,
				0A2A8C1E15C7D5C8002A71DE /* _Wrapper+Collections.m */,
				0A2A8C1F15C7D5C8002A71DE /* _Wrapper+JavaScript.h */,
				0A2A8C2015C7D5C8002A71DE /* _Wrapper+JavaScript.m */,
				0A2A8C2115C7D5C8002A71DE /* _Wrapper+Objects.h */,
				0A2A8C2215C7D5C8002A71DE /* _Wrapper+Objects.m */,
				0A2A8C2315C7D5C8002A71DE /* _Wrapper+Utility.h */,
				0A2A8C2415C7D5C8002A71DE /* _Wrapper+Utility.m */,
			);
			path = WrapperCategories;
			sourceTree = "<group>";
		};
		0A2A8C2515C7D5C8002A71DE /* Vendor */ = {
			isa = PBXGroup;
			children = (
				0A2A8C2615C7D5C8002A71DE /* SubjectiveScript.m */,
			);
			path = Vendor;
			sourceTree = "<group>";
		};
		0A2A8C2615C7D5C8002A71DE /* SubjectiveScript.m */ = {
			isa = PBXGroup;
			children = (
				0A2A8C2715C7D5C8002A71DE /* Helpers */,
				0A2A8C2F15C7D5C8002A71DE /* JavaScript */,
				0A2A8C4615C7D5C8002A71DE /* NSDictionary+NamedProperties.h */,
				0A2A8C4715C7D5C8002A71DE /* NSDictionary+NamedProperties.m */,
				0A2A8C4815C7D5C8002A71DE /* Ruby */,
				0A2A8C4915C7D5C8002A71DE /* SS.h */,
				0A2A8C4A15C7D5C8002A71DE /* SS.m */,
				0A2A8C4B15C7D5C8002A71DE /* SubjectiveScript.h */,
				0A2A8C4C15C7D5C8002A71DE /* SubjectiveScript.m */,
				0A2A8C4D15C7D5C8002A71DE /* Types */,
			);
			path = SubjectiveScript.m;
			sourceTree = "<group>";
		};
		0A2A8C2715C7D5C8002A71DE /* Helpers */ = {
			isa = PBXGroup;
			children = (
				0A2A8C2815C7D5C8002A71DE /* NSString+Versioning.h */,
				0A2A8C2915C7D5C8002A71DE /* NSString+Versioning.m */,
				0A2A8C2A15C7D5C8002A71DE /* SS+Functions.h */,
				0A2A8C2B15C7D5C8002A71DE /* SS+Functions.m */,
				0A2A8C2C15C7D5C8002A71DE /* SS+System.h */,
				0A2A8C2D15C7D5C8002A71DE /* SS+System.m */,
				0A2A8C2E15C7D5C8002A71DE /* SSArguments.h */,
			);
			path = Helpers;
			sourceTree = "<group>";
		};
		0A2A8C2F15C7D5C8002A71DE /* JavaScript */ = {
			isa = PBXGroup;
			children = (
				0A2A8C3015C7D5C8002A71DE /* NSArray+JavaScript.h */,
				0A2A8C3115C7D5C8002A71DE /* NSArray+JavaScript.m */,
				0A2A8C3215C7D5C8002A71DE /* NSDate+JavaScript.h */,
				0A2A8C3315C7D5C8002A71DE /* NSDate+JavaScript.m */,
				0A2A8C3415C7D5C8002A71DE /* NSDictionary+JavaScript.h */,
				0A2A8C3515C7D5C8002A71DE /* NSDictionary+JavaScript.m */,
				0A2A8C3615C7D5C8002A71DE /* NSMutableArray+JavaScript.h */,
				0A2A8C3715C7D5C8002A71DE /* NSMutableArray+JavaScript.m */,
				0A2A8C3815C7D5C8002A71DE /* NSMutableDictionary+JavaScript.h */,
				0A2A8C3915C7D5C8002A71DE /* NSMutableDictionary+JavaScript.m */,
				0A2A8C3A15C7D5C8002A71DE /* NSMutableString+JavaScript.h */,
				0A2A8C3B15C7D5C8002A71DE /* NSMutableString+JavaScript.m */,
				0A2A8C3C15C7D5C8002A71DE /* NSNumber+JavaScript.h */,
				0A2A8C3D15C7D5C8002A71DE /* NSNumber+JavaScript.m */,
				0A2A8C3E15C7D5C8002A71DE /* NSObject+JavaScript.h */,
				0A2A8C3F15C7D5C8002A71DE /* NSObject+JavaScript.m */,
				0A2A8C4015C7D5C8002A71DE /* NSString+JavaScript.h */,
				0A2A8C4115C7D5C8002A71DE /* NSString+JavaScript.m */,
				0A2A8C4215C7D5C8002A71DE /* SS+JavaScript.h */,
				0A2A8C4315C7D5C8002A71DE /* SS+JavaScript.m */,
				0A2A8C4415C7D5C8002A71DE /* SS+Types.h */,
				0A2A8C4515C7D5C8002A71DE /* SS+Types.m */,
			);
			path = JavaScript;
			sourceTree = "<group>";
		};
		0A2A8C4815C7D5C8002A71DE /* Ruby */ = {
			isa = PBXGroup;
			children = (
			);
			path = Ruby;
			sourceTree = "<group>";
		};
		0A2A8C4D15C7D5C8002A71DE /* Types */ = {
			isa = PBXGroup;
			children = (
				0A2A8C4E15C7D5C8002A71DE /* NSArray+SS.h */,
				0A2A8C4F15C7D5C8002A71DE /* NSArray+SS.m */,
				0A2A8C5015C7D5C8002A71DE /* NSDate+SS.h */,
				0A2A8C5115C7D5C8002A71DE /* NSDate+SS.m */,
				0A2A8C5215C7D5C8002A71DE /* NSDictionary+SS.h */,
				0A2A8C5315C7D5C8002A71DE /* NSDictionary+SS.m */,
				0A2A8C5415C7D5C8002A71DE /* NSMutableArray+SS.h */,
				0A2A8C5515C7D5C8002A71DE /* NSMutableArray+SS.m */,
				0A2A8C5615C7D5C8002A71DE /* NSMutableDictionary+SS.h */,
				0A2A8C5715C7D5C8002A71DE /* NSMutableDictionary+SS.m */,
				0A2A8C5815C7D5C8002A71DE /* NSMutableString+SS.h */,
				0A2A8C5915C7D5C8002A71DE /* NSMutableString+SS.m */,
				0A2A8C5A15C7D5C8002A71DE /* NSNumber+SS.h */,
				0A2A8C5B15C7D5C8002A71DE /* NSNumber+SS.m */,
				0A2A8C5C15C7D5C8002A71DE /* NSObject+SS.h */,
				0A2A8C5D15C7D5C8002A71DE /* NSObject+SS.m */,
				0A2A8C5E15C7D5C8002A71DE /* NSString+SS.h */,
				0A2A8C5F15C7D5C8002A71DE /* NSString+SS.m */,
				0A2A8C6015C7D5C8002A71DE /* SSTypes.h */,
			);
			path = Types;
			sourceTree = "<group>";
		};
		0A2A8CDF15C7D5FF002A71DE /* Supporting FIles */ = {
			isa = PBXGroup;
			children = (
				0A2A8CDD15C7D5F8002A71DE /* _-Prefix.pch */,
			);
			name = "Supporting FIles";
			sourceTree = "<group>";
		};
		0A32613A15B8FB4800237F52 = {
			isa = PBXGroup;
			children = (
				0AC0449415B9675C006C4984 /* README.md */,
				0AC0449315B9675C006C4984 /* LICENSE */,
				0A2A8C0315C7D5C8002A71DE /* Lib */,
				0A2A8C2515C7D5C8002A71DE /* Vendor */,
				0A32614A15B8FB4900237F52 /* _ */,
				0A32615E15B8FB4900237F52 /* _Tests */,
				0A32614715B8FB4800237F52 /* Frameworks */,
				0A32614615B8FB4800237F52 /* Products */,
			);
			sourceTree = "<group>";
		};
		0A32614615B8FB4800237F52 /* Products */ = {
			isa = PBXGroup;
			children = (
				0A32614515B8FB4800237F52 /* lib_.a */,
				0A32615515B8FB4900237F52 /* _Tests.octest */,
			);
			name = Products;
			sourceTree = "<group>";
		};
		0A32614715B8FB4800237F52 /* Frameworks */ = {
			isa = PBXGroup;
			children = (
				0A32614815B8FB4800237F52 /* Foundation.framework */,
				0A32615615B8FB4900237F52 /* SenTestingKit.framework */,
				0A32615815B8FB4900237F52 /* UIKit.framework */,
			);
			name = Frameworks;
			sourceTree = "<group>";
		};
		0A32614A15B8FB4900237F52 /* _ */ = {
			isa = PBXGroup;
			children = (
				0A2A8CDF15C7D5FF002A71DE /* Supporting FIles */,
			);
			path = _;
			sourceTree = "<group>";
		};
		0A32615E15B8FB4900237F52 /* _Tests */ = {
			isa = PBXGroup;
			children = (
				0A32616415B8FB4900237F52 /* _Tests.h */,
				0A32616515B8FB4900237F52 /* _Tests.m */,
				0A58433815B8FC7A000BC230 /* _WrapperTests.h */,
				0A58433915B8FC7A000BC230 /* _WrapperTests.m */,
				0A58431915B8FC7A000BC230 /* Categories */,
				0A58432A15B8FC7A000BC230 /* WrapperCategories */,
				0A58432615B8FC7A000BC230 /* Vendor */,
				0A32615F15B8FB4900237F52 /* Supporting Files */,
			);
			path = _Tests;
			sourceTree = "<group>";
		};
		0A32615F15B8FB4900237F52 /* Supporting Files */ = {
			isa = PBXGroup;
			children = (
				0A32616015B8FB4900237F52 /* _Tests-Info.plist */,
				0A32616115B8FB4900237F52 /* InfoPlist.strings */,
			);
			name = "Supporting Files";
			sourceTree = "<group>";
		};
		0A58431915B8FC7A000BC230 /* Categories */ = {
			isa = PBXGroup;
			children = (
				0A58431A15B8FC7A000BC230 /* _+ArraysTests.h */,
				0A58431B15B8FC7A000BC230 /* _+ArraysTests.m */,
				0A58431C15B8FC7A000BC230 /* _+ChainingTests.h */,
				0A58431D15B8FC7A000BC230 /* _+ChainingTests.m */,
				0A58431E15B8FC7A000BC230 /* _+CollectionsTests.h */,
				0A58431F15B8FC7A000BC230 /* _+CollectionsTests.m */,
				0A58432015B8FC7A000BC230 /* _+FunctionsTests.h */,
				0A58432115B8FC7A000BC230 /* _+FunctionsTests.m */,
				0A58432215B8FC7A000BC230 /* _+ObjectsTests.h */,
				0A58432315B8FC7A000BC230 /* _+ObjectsTests.m */,
				0A58432415B8FC7A000BC230 /* _+UtilityTests.h */,
				0A58432515B8FC7A000BC230 /* _+UtilityTests.m */,
			);
			path = Categories;
			sourceTree = "<group>";
		};
		0A58432615B8FC7A000BC230 /* Vendor */ = {
			isa = PBXGroup;
			children = (
				0A58432715B8FC7A000BC230 /* QUnit.m */,
			);
			path = Vendor;
			sourceTree = "<group>";
		};
		0A58432715B8FC7A000BC230 /* QUnit.m */ = {
			isa = PBXGroup;
			children = (
				0AF192D215C5328F00937CC7 /* QUnit.h */,
				0A02E1A515C69E07006BD268 /* QUnitTests.h */,
				0A02E1A615C69E07006BD268 /* QUnitTests.m */,
				0A02E1A715C69E07006BD268 /* QUWrap.h */,
				0A02E1A815C69E07006BD268 /* QUWrap.m */,
			);
			name = QUnit.m;
			path = QUnitTestCase.m;
			sourceTree = "<group>";
		};
		0A58432A15B8FC7A000BC230 /* WrapperCategories */ = {
			isa = PBXGroup;
			children = (
				0A58432B15B8FC7A000BC230 /* _Wrapper+ArraysTests.h */,
				0A58432C15B8FC7A000BC230 /* _Wrapper+ArraysTests.m */,
				0A58432F15B8FC7A000BC230 /* _Wrapper+CollectionsTests.h */,
				0A58433015B8FC7A000BC230 /* _Wrapper+CollectionsTests.m */,
				0A8D935315C4CCAB00B07CCE /* _Wrapper+JavaScriptTests.h */,
				0A8D935415C4CCAC00B07CCE /* _Wrapper+JavaScriptTests.m */,
				0A58433315B8FC7A000BC230 /* _Wrapper+ObjectsTests.h */,
				0A58433415B8FC7A000BC230 /* _Wrapper+ObjectsTests.m */,
				0A58433515B8FC7A000BC230 /* _Wrapper+UtilityTests.h */,
				0A58433615B8FC7A000BC230 /* _Wrapper+UtilityTests.m */,
			);
			path = WrapperCategories;
			sourceTree = "<group>";
		};
/* End PBXGroup section */

/* Begin PBXHeadersBuildPhase section */
		0A32614315B8FB4800237F52 /* Headers */ = {
			isa = PBXHeadersBuildPhase;
			buildActionMask = 2147483647;
			files = (
				0A2A8C6115C7D5C9002A71DE /* _.h in Headers */,
				0A2A8C6415C7D5C9002A71DE /* _Wrapper+Private.h in Headers */,
				0A2A8C6715C7D5C9002A71DE /* _Types.h in Headers */,
				0A2A8C6815C7D5C9002A71DE /* _Wrapper.h in Headers */,
				0A2A8C6B15C7D5C9002A71DE /* _+Arrays.h in Headers */,
				0A2A8C6E15C7D5C9002A71DE /* _+Collections.h in Headers */,
				0A2A8C7115C7D5C9002A71DE /* _+Extensions.h in Headers */,
				0A2A8C7415C7D5C9002A71DE /* _+Functions.h in Headers */,
				0A2A8C7715C7D5C9002A71DE /* _+Objects.h in Headers */,
				0A2A8C7A15C7D5C9002A71DE /* _+Utility.h in Headers */,
				0A2A8C7D15C7D5C9002A71DE /* Underscore.h in Headers */,
				0A2A8C7E15C7D5C9002A71DE /* _Wrapper+Arrays.h in Headers */,
				0A2A8C8115C7D5C9002A71DE /* _Wrapper+Collections.h in Headers */,
				0A2A8C8415C7D5C9002A71DE /* _Wrapper+JavaScript.h in Headers */,
				0A2A8C8715C7D5C9002A71DE /* _Wrapper+Objects.h in Headers */,
				0A2A8C8A15C7D5C9002A71DE /* _Wrapper+Utility.h in Headers */,
				0A2A8C8D15C7D5C9002A71DE /* NSString+Versioning.h in Headers */,
				0A2A8C9015C7D5C9002A71DE /* SS+Functions.h in Headers */,
				0A2A8C9315C7D5C9002A71DE /* SS+System.h in Headers */,
				0A2A8C9615C7D5C9002A71DE /* SSArguments.h in Headers */,
				0A2A8C9715C7D5C9002A71DE /* NSArray+JavaScript.h in Headers */,
				0A2A8C9A15C7D5C9002A71DE /* NSDate+JavaScript.h in Headers */,
				0A2A8C9D15C7D5C9002A71DE /* NSDictionary+JavaScript.h in Headers */,
				0A2A8CA015C7D5C9002A71DE /* NSMutableArray+JavaScript.h in Headers */,
				0A2A8CA315C7D5C9002A71DE /* NSMutableDictionary+JavaScript.h in Headers */,
				0A2A8CA615C7D5C9002A71DE /* NSMutableString+JavaScript.h in Headers */,
				0A2A8CA915C7D5C9002A71DE /* NSNumber+JavaScript.h in Headers */,
				0A2A8CAC15C7D5C9002A71DE /* NSObject+JavaScript.h in Headers */,
				0A2A8CAF15C7D5C9002A71DE /* NSString+JavaScript.h in Headers */,
				0A2A8CB215C7D5C9002A71DE /* SS+JavaScript.h in Headers */,
				0A2A8CB515C7D5C9002A71DE /* SS+Types.h in Headers */,
				0A2A8CB815C7D5C9002A71DE /* NSDictionary+NamedProperties.h in Headers */,
				0A2A8CBB15C7D5C9002A71DE /* SS.h in Headers */,
				0A2A8CBE15C7D5C9002A71DE /* SubjectiveScript.h in Headers */,
				0A2A8CC115C7D5C9002A71DE /* NSArray+SS.h in Headers */,
				0A2A8CC415C7D5C9002A71DE /* NSDate+SS.h in Headers */,
				0A2A8CC715C7D5C9002A71DE /* NSDictionary+SS.h in Headers */,
				0A2A8CCA15C7D5C9002A71DE /* NSMutableArray+SS.h in Headers */,
				0A2A8CCD15C7D5C9002A71DE /* NSMutableDictionary+SS.h in Headers */,
				0A2A8CD015C7D5C9002A71DE /* NSMutableString+SS.h in Headers */,
				0A2A8CD315C7D5C9002A71DE /* NSNumber+SS.h in Headers */,
				0A2A8CD615C7D5C9002A71DE /* NSObject+SS.h in Headers */,
				0A2A8CD915C7D5C9002A71DE /* NSString+SS.h in Headers */,
				0A2A8CDC15C7D5C9002A71DE /* SSTypes.h in Headers */,
				0A2A8CDE15C7D5F8002A71DE /* _-Prefix.pch in Headers */,
			);
			runOnlyForDeploymentPostprocessing = 0;
		};
/* End PBXHeadersBuildPhase section */

/* Begin PBXNativeTarget section */
		0A32614415B8FB4800237F52 /* _ */ = {
			isa = PBXNativeTarget;
			buildConfigurationList = 0A32616915B8FB4900237F52 /* Build configuration list for PBXNativeTarget "_" */;
			buildPhases = (
				0A32614115B8FB4800237F52 /* Sources */,
				0A32614215B8FB4800237F52 /* Frameworks */,
				0A32614315B8FB4800237F52 /* Headers */,
			);
			buildRules = (
			);
			dependencies = (
			);
			name = _;
			productName = _;
			productReference = 0A32614515B8FB4800237F52 /* lib_.a */;
			productType = "com.apple.product-type.library.static";
		};
		0A32615415B8FB4900237F52 /* _Tests */ = {
			isa = PBXNativeTarget;
			buildConfigurationList = 0A32616C15B8FB4900237F52 /* Build configuration list for PBXNativeTarget "_Tests" */;
			buildPhases = (
				0A32615015B8FB4900237F52 /* Sources */,
				0A32615115B8FB4900237F52 /* Frameworks */,
				0A32615215B8FB4900237F52 /* Resources */,
				0A32615315B8FB4900237F52 /* ShellScript */,
			);
			buildRules = (
			);
			dependencies = (
				0A32615C15B8FB4900237F52 /* PBXTargetDependency */,
			);
			name = _Tests;
			productName = _Tests;
			productReference = 0A32615515B8FB4900237F52 /* _Tests.octest */;
			productType = "com.apple.product-type.bundle";
		};
/* End PBXNativeTarget section */

/* Begin PBXProject section */
		0A32613C15B8FB4800237F52 /* Project object */ = {
			isa = PBXProject;
			attributes = {
				CLASSPREFIX = _;
				LastUpgradeCheck = 0430;
				ORGANIZATIONNAME = "Kevin Malakoff";
			};
			buildConfigurationList = 0A32613F15B8FB4800237F52 /* Build configuration list for PBXProject "_.m" */;
			compatibilityVersion = "Xcode 3.2";
			developmentRegion = English;
			hasScannedForEncodings = 0;
			knownRegions = (
				en,
			);
			mainGroup = 0A32613A15B8FB4800237F52;
			productRefGroup = 0A32614615B8FB4800237F52 /* Products */;
			projectDirPath = "";
			projectRoot = "";
			targets = (
				0A32614415B8FB4800237F52 /* _ */,
				0A32615415B8FB4900237F52 /* _Tests */,
			);
		};
/* End PBXProject section */

/* Begin PBXResourcesBuildPhase section */
		0A32615215B8FB4900237F52 /* Resources */ = {
			isa = PBXResourcesBuildPhase;
			buildActionMask = 2147483647;
			files = (
				0A32616315B8FB4900237F52 /* InfoPlist.strings in Resources */,
			);
			runOnlyForDeploymentPostprocessing = 0;
		};
/* End PBXResourcesBuildPhase section */

/* Begin PBXShellScriptBuildPhase section */
		0A32615315B8FB4900237F52 /* ShellScript */ = {
			isa = PBXShellScriptBuildPhase;
			buildActionMask = 2147483647;
			files = (
			);
			inputPaths = (
			);
			outputPaths = (
			);
			runOnlyForDeploymentPostprocessing = 0;
			shellPath = /bin/sh;
			shellScript = "# Run the unit tests in this test bundle.\n\"${SYSTEM_DEVELOPER_DIR}/Tools/RunUnitTests\"\n";
		};
/* End PBXShellScriptBuildPhase section */

/* Begin PBXSourcesBuildPhase section */
		0A32614115B8FB4800237F52 /* Sources */ = {
			isa = PBXSourcesBuildPhase;
			buildActionMask = 2147483647;
			files = (
				0A2A8C6215C7D5C9002A71DE /* _.m in Sources */,
				0A2A8C6515C7D5C9002A71DE /* _Wrapper+Private.m in Sources */,
				0A2A8C6915C7D5C9002A71DE /* _Wrapper.m in Sources */,
				0A2A8C6C15C7D5C9002A71DE /* _+Arrays.m in Sources */,
				0A2A8C6F15C7D5C9002A71DE /* _+Collections.m in Sources */,
				0A2A8C7215C7D5C9002A71DE /* _+Extensions.m in Sources */,
				0A2A8C7515C7D5C9002A71DE /* _+Functions.m in Sources */,
				0A2A8C7815C7D5C9002A71DE /* _+Objects.m in Sources */,
				0A2A8C7B15C7D5C9002A71DE /* _+Utility.m in Sources */,
				0A2A8C7F15C7D5C9002A71DE /* _Wrapper+Arrays.m in Sources */,
				0A2A8C8215C7D5C9002A71DE /* _Wrapper+Collections.m in Sources */,
				0A2A8C8515C7D5C9002A71DE /* _Wrapper+JavaScript.m in Sources */,
				0A2A8C8815C7D5C9002A71DE /* _Wrapper+Objects.m in Sources */,
				0A2A8C8B15C7D5C9002A71DE /* _Wrapper+Utility.m in Sources */,
				0A2A8C8E15C7D5C9002A71DE /* NSString+Versioning.m in Sources */,
				0A2A8C9115C7D5C9002A71DE /* SS+Functions.m in Sources */,
				0A2A8C9415C7D5C9002A71DE /* SS+System.m in Sources */,
				0A2A8C9815C7D5C9002A71DE /* NSArray+JavaScript.m in Sources */,
				0A2A8C9B15C7D5C9002A71DE /* NSDate+JavaScript.m in Sources */,
				0A2A8C9E15C7D5C9002A71DE /* NSDictionary+JavaScript.m in Sources */,
				0A2A8CA115C7D5C9002A71DE /* NSMutableArray+JavaScript.m in Sources */,
				0A2A8CA415C7D5C9002A71DE /* NSMutableDictionary+JavaScript.m in Sources */,
				0A2A8CA715C7D5C9002A71DE /* NSMutableString+JavaScript.m in Sources */,
				0A2A8CAA15C7D5C9002A71DE /* NSNumber+JavaScript.m in Sources */,
				0A2A8CAD15C7D5C9002A71DE /* NSObject+JavaScript.m in Sources */,
				0A2A8CB015C7D5C9002A71DE /* NSString+JavaScript.m in Sources */,
				0A2A8CB315C7D5C9002A71DE /* SS+JavaScript.m in Sources */,
				0A2A8CB615C7D5C9002A71DE /* SS+Types.m in Sources */,
				0A2A8CB915C7D5C9002A71DE /* NSDictionary+NamedProperties.m in Sources */,
				0A2A8CBC15C7D5C9002A71DE /* SS.m in Sources */,
				0A2A8CBF15C7D5C9002A71DE /* SubjectiveScript.m in Sources */,
				0A2A8CC215C7D5C9002A71DE /* NSArray+SS.m in Sources */,
				0A2A8CC515C7D5C9002A71DE /* NSDate+SS.m in Sources */,
				0A2A8CC815C7D5C9002A71DE /* NSDictionary+SS.m in Sources */,
				0A2A8CCB15C7D5C9002A71DE /* NSMutableArray+SS.m in Sources */,
				0A2A8CCE15C7D5C9002A71DE /* NSMutableDictionary+SS.m in Sources */,
				0A2A8CD115C7D5C9002A71DE /* NSMutableString+SS.m in Sources */,
				0A2A8CD415C7D5C9002A71DE /* NSNumber+SS.m in Sources */,
				0A2A8CD715C7D5C9002A71DE /* NSObject+SS.m in Sources */,
				0A2A8CDA15C7D5C9002A71DE /* NSString+SS.m in Sources */,
			);
			runOnlyForDeploymentPostprocessing = 0;
		};
		0A32615015B8FB4900237F52 /* Sources */ = {
			isa = PBXSourcesBuildPhase;
			buildActionMask = 2147483647;
			files = (
				0A32616615B8FB4900237F52 /* _Tests.m in Sources */,
				0A58433A15B8FC7A000BC230 /* _+ArraysTests.m in Sources */,
				0A58433B15B8FC7A000BC230 /* _+ChainingTests.m in Sources */,
				0A58433C15B8FC7A000BC230 /* _+CollectionsTests.m in Sources */,
				0A58433D15B8FC7A000BC230 /* _+FunctionsTests.m in Sources */,
				0A58433E15B8FC7A000BC230 /* _+ObjectsTests.m in Sources */,
				0A58433F15B8FC7A000BC230 /* _+UtilityTests.m in Sources */,
				0A58434115B8FC7A000BC230 /* _Wrapper+ArraysTests.m in Sources */,
				0A58434315B8FC7A000BC230 /* _Wrapper+CollectionsTests.m in Sources */,
				0A58434515B8FC7A000BC230 /* _Wrapper+ObjectsTests.m in Sources */,
				0A58434615B8FC7A000BC230 /* _Wrapper+UtilityTests.m in Sources */,
				0A58434815B8FC7A000BC230 /* _WrapperTests.m in Sources */,
				0A8D935515C4CCAC00B07CCE /* _Wrapper+JavaScriptTests.m in Sources */,
				0A02E1A915C69E07006BD268 /* QUnitTests.m in Sources */,
				0A02E1AA15C69E07006BD268 /* QUWrap.m in Sources */,
				0A2A8C6315C7D5C9002A71DE /* _.m in Sources */,
				0A2A8C6615C7D5C9002A71DE /* _Wrapper+Private.m in Sources */,
				0A2A8C6A15C7D5C9002A71DE /* _Wrapper.m in Sources */,
				0A2A8C6D15C7D5C9002A71DE /* _+Arrays.m in Sources */,
				0A2A8C7015C7D5C9002A71DE /* _+Collections.m in Sources */,
				0A2A8C7315C7D5C9002A71DE /* _+Extensions.m in Sources */,
				0A2A8C7615C7D5C9002A71DE /* _+Functions.m in Sources */,
				0A2A8C7915C7D5C9002A71DE /* _+Objects.m in Sources */,
				0A2A8C7C15C7D5C9002A71DE /* _+Utility.m in Sources */,
				0A2A8C8015C7D5C9002A71DE /* _Wrapper+Arrays.m in Sources */,
				0A2A8C8315C7D5C9002A71DE /* _Wrapper+Collections.m in Sources */,
				0A2A8C8615C7D5C9002A71DE /* _Wrapper+JavaScript.m in Sources */,
				0A2A8C8915C7D5C9002A71DE /* _Wrapper+Objects.m in Sources */,
				0A2A8C8C15C7D5C9002A71DE /* _Wrapper+Utility.m in Sources */,
				0A2A8C8F15C7D5C9002A71DE /* NSString+Versioning.m in Sources */,
				0A2A8C9215C7D5C9002A71DE /* SS+Functions.m in Sources */,
				0A2A8C9515C7D5C9002A71DE /* SS+System.m in Sources */,
				0A2A8C9915C7D5C9002A71DE /* NSArray+JavaScript.m in Sources */,
				0A2A8C9C15C7D5C9002A71DE /* NSDate+JavaScript.m in Sources */,
				0A2A8C9F15C7D5C9002A71DE /* NSDictionary+JavaScript.m in Sources */,
				0A2A8CA215C7D5C9002A71DE /* NSMutableArray+JavaScript.m in Sources */,
				0A2A8CA515C7D5C9002A71DE /* NSMutableDictionary+JavaScript.m in Sources */,
				0A2A8CA815C7D5C9002A71DE /* NSMutableString+JavaScript.m in Sources */,
				0A2A8CAB15C7D5C9002A71DE /* NSNumber+JavaScript.m in Sources */,
				0A2A8CAE15C7D5C9002A71DE /* NSObject+JavaScript.m in Sources */,
				0A2A8CB115C7D5C9002A71DE /* NSString+JavaScript.m in Sources */,
				0A2A8CB415C7D5C9002A71DE /* SS+JavaScript.m in Sources */,
				0A2A8CB715C7D5C9002A71DE /* SS+Types.m in Sources */,
				0A2A8CBA15C7D5C9002A71DE /* NSDictionary+NamedProperties.m in Sources */,
				0A2A8CBD15C7D5C9002A71DE /* SS.m in Sources */,
				0A2A8CC015C7D5C9002A71DE /* SubjectiveScript.m in Sources */,
				0A2A8CC315C7D5C9002A71DE /* NSArray+SS.m in Sources */,
				0A2A8CC615C7D5C9002A71DE /* NSDate+SS.m in Sources */,
				0A2A8CC915C7D5C9002A71DE /* NSDictionary+SS.m in Sources */,
				0A2A8CCC15C7D5C9002A71DE /* NSMutableArray+SS.m in Sources */,
				0A2A8CCF15C7D5C9002A71DE /* NSMutableDictionary+SS.m in Sources */,
				0A2A8CD215C7D5C9002A71DE /* NSMutableString+SS.m in Sources */,
				0A2A8CD515C7D5C9002A71DE /* NSNumber+SS.m in Sources */,
				0A2A8CD815C7D5C9002A71DE /* NSObject+SS.m in Sources */,
				0A2A8CDB15C7D5C9002A71DE /* NSString+SS.m in Sources */,
			);
			runOnlyForDeploymentPostprocessing = 0;
		};
/* End PBXSourcesBuildPhase section */

/* Begin PBXTargetDependency section */
		0A32615C15B8FB4900237F52 /* PBXTargetDependency */ = {
			isa = PBXTargetDependency;
			target = 0A32614415B8FB4800237F52 /* _ */;
			targetProxy = 0A32615B15B8FB4900237F52 /* PBXContainerItemProxy */;
		};
/* End PBXTargetDependency section */

/* Begin PBXVariantGroup section */
		0A32616115B8FB4900237F52 /* InfoPlist.strings */ = {
			isa = PBXVariantGroup;
			children = (
				0A32616215B8FB4900237F52 /* en */,
			);
			name = InfoPlist.strings;
			sourceTree = "<group>";
		};
/* End PBXVariantGroup section */

/* Begin XCBuildConfiguration section */
		0A32616715B8FB4900237F52 /* Debug */ = {
			isa = XCBuildConfiguration;
			buildSettings = {
				ALWAYS_SEARCH_USER_PATHS = NO;
				ARCHS = "$(ARCHS_STANDARD_32_BIT)";
				CLANG_ENABLE_OBJC_ARC = YES;
				COPY_PHASE_STRIP = NO;
				GCC_C_LANGUAGE_STANDARD = gnu99;
				GCC_DYNAMIC_NO_PIC = NO;
				GCC_OPTIMIZATION_LEVEL = 0;
				GCC_PREPROCESSOR_DEFINITIONS = (
					"DEBUG=1",
					"$(inherited)",
				);
				GCC_SYMBOLS_PRIVATE_EXTERN = NO;
				GCC_VERSION = com.apple.compilers.llvm.clang.1_0;
				GCC_WARN_ABOUT_RETURN_TYPE = YES;
				GCC_WARN_UNINITIALIZED_AUTOS = YES;
				GCC_WARN_UNUSED_VARIABLE = YES;
				IPHONEOS_DEPLOYMENT_TARGET = 5.1;
				SDKROOT = iphoneos;
			};
			name = Debug;
		};
		0A32616815B8FB4900237F52 /* Release */ = {
			isa = XCBuildConfiguration;
			buildSettings = {
				ALWAYS_SEARCH_USER_PATHS = NO;
				ARCHS = "$(ARCHS_STANDARD_32_BIT)";
				CLANG_ENABLE_OBJC_ARC = YES;
				COPY_PHASE_STRIP = YES;
				GCC_C_LANGUAGE_STANDARD = gnu99;
				GCC_VERSION = com.apple.compilers.llvm.clang.1_0;
				GCC_WARN_ABOUT_RETURN_TYPE = YES;
				GCC_WARN_UNINITIALIZED_AUTOS = YES;
				GCC_WARN_UNUSED_VARIABLE = YES;
				IPHONEOS_DEPLOYMENT_TARGET = 5.1;
				SDKROOT = iphoneos;
				VALIDATE_PRODUCT = YES;
			};
			name = Release;
		};
		0A32616A15B8FB4900237F52 /* Debug */ = {
			isa = XCBuildConfiguration;
			buildSettings = {
				DSTROOT = /tmp/_.dst;
				GCC_PRECOMPILE_PREFIX_HEADER = YES;
				GCC_PREFIX_HEADER = "_/_-Prefix.pch";
				OTHER_LDFLAGS = "-ObjC";
				PRODUCT_NAME = "$(TARGET_NAME)";
				SKIP_INSTALL = YES;
			};
			name = Debug;
		};
		0A32616B15B8FB4900237F52 /* Release */ = {
			isa = XCBuildConfiguration;
			buildSettings = {
				DSTROOT = /tmp/_.dst;
				GCC_PRECOMPILE_PREFIX_HEADER = YES;
				GCC_PREFIX_HEADER = "_/_-Prefix.pch";
				OTHER_LDFLAGS = "-ObjC";
				PRODUCT_NAME = "$(TARGET_NAME)";
				SKIP_INSTALL = YES;
			};
			name = Release;
		};
		0A32616D15B8FB4900237F52 /* Debug */ = {
			isa = XCBuildConfiguration;
			buildSettings = {
				FRAMEWORK_SEARCH_PATHS = (
					"$(SDKROOT)/Developer/Library/Frameworks",
					"$(DEVELOPER_LIBRARY_DIR)/Frameworks",
				);
				GCC_PRECOMPILE_PREFIX_HEADER = YES;
				GCC_PREFIX_HEADER = "_/_-Prefix.pch";
				INFOPLIST_FILE = "_Tests/_Tests-Info.plist";
				PRODUCT_NAME = "$(TARGET_NAME)";
				WRAPPER_EXTENSION = octest;
			};
			name = Debug;
		};
		0A32616E15B8FB4900237F52 /* Release */ = {
			isa = XCBuildConfiguration;
			buildSettings = {
				FRAMEWORK_SEARCH_PATHS = (
					"$(SDKROOT)/Developer/Library/Frameworks",
					"$(DEVELOPER_LIBRARY_DIR)/Frameworks",
				);
				GCC_PRECOMPILE_PREFIX_HEADER = YES;
				GCC_PREFIX_HEADER = "_/_-Prefix.pch";
				INFOPLIST_FILE = "_Tests/_Tests-Info.plist";
				PRODUCT_NAME = "$(TARGET_NAME)";
				WRAPPER_EXTENSION = octest;
			};
			name = Release;
		};
/* End XCBuildConfiguration section */

/* Begin XCConfigurationList section */
		0A32613F15B8FB4800237F52 /* Build configuration list for PBXProject "_.m" */ = {
			isa = XCConfigurationList;
			buildConfigurations = (
				0A32616715B8FB4900237F52 /* Debug */,
				0A32616815B8FB4900237F52 /* Release */,
			);
			defaultConfigurationIsVisible = 0;
			defaultConfigurationName = Release;
		};
		0A32616915B8FB4900237F52 /* Build configuration list for PBXNativeTarget "_" */ = {
			isa = XCConfigurationList;
			buildConfigurations = (
				0A32616A15B8FB4900237F52 /* Debug */,
				0A32616B15B8FB4900237F52 /* Release */,
			);
			defaultConfigurationIsVisible = 0;
			defaultConfigurationName = Release;
		};
		0A32616C15B8FB4900237F52 /* Build configuration list for PBXNativeTarget "_Tests" */ = {
			isa = XCConfigurationList;
			buildConfigurations = (
				0A32616D15B8FB4900237F52 /* Debug */,
				0A32616E15B8FB4900237F52 /* Release */,
			);
			defaultConfigurationIsVisible = 0;
			defaultConfigurationName = Release;
		};
/* End XCConfigurationList section */
	};
	rootObject = 0A32613C15B8FB4800237F52 /* Project object */;
}
