// !$*UTF8*$!
{
	archiveVersion = 1;
	classes = {
	};
	objectVersion = 46;
	objects = {

/* Begin PBXBuildFile section */
		0A3F7DC515D254BA000774DF /* libPods-_.m-osx.a in Frameworks */ = {isa = PBXBuildFile; fileRef = 0A3F7DC415D254BA000774DF /* libPods-_.m-osx.a */; };
		0A3F7DC815D254E6000774DF /* lib_.m-ios.a in Frameworks */ = {isa = PBXBuildFile; fileRef = 0ACE7E7B15D24F8100621441 /* lib_.m-ios.a */; };
		0A7427DC15D2569D00221ACC /* SenTestingKit.framework in Frameworks */ = {isa = PBXBuildFile; fileRef = 0A32615615B8FB4900237F52 /* SenTestingKit.framework */; };
		0A7427FF15D257EE00221ACC /* _Tests.m in Sources */ = {isa = PBXBuildFile; fileRef = 0A7427DF15D257EE00221ACC /* _Tests.m */; };
		0A74280015D257EE00221ACC /* _Tests.m in Sources */ = {isa = PBXBuildFile; fileRef = 0A7427DF15D257EE00221ACC /* _Tests.m */; };
		0A74281F15D258CA00221ACC /* _WrapperTests.m in Sources */ = {isa = PBXBuildFile; fileRef = 0A74281E15D258CA00221ACC /* _WrapperTests.m */; };
		0A74282015D258CA00221ACC /* _WrapperTests.m in Sources */ = {isa = PBXBuildFile; fileRef = 0A74281E15D258CA00221ACC /* _WrapperTests.m */; };
		0A74282415D258DC00221ACC /* _WebsiteTests.m in Sources */ = {isa = PBXBuildFile; fileRef = 0A74282315D258DC00221ACC /* _WebsiteTests.m */; };
		0A74282515D258DC00221ACC /* _WebsiteTests.m in Sources */ = {isa = PBXBuildFile; fileRef = 0A74282315D258DC00221ACC /* _WebsiteTests.m */; };
		0A74283515D2590300221ACC /* _+ArraysTests.m in Sources */ = {isa = PBXBuildFile; fileRef = 0A74282815D2590300221ACC /* _+ArraysTests.m */; };
		0A74283615D2590300221ACC /* _+ArraysTests.m in Sources */ = {isa = PBXBuildFile; fileRef = 0A74282815D2590300221ACC /* _+ArraysTests.m */; };
		0A74284715D2593000221ACC /* _+ChainingTests.m in Sources */ = {isa = PBXBuildFile; fileRef = 0A74284415D2593000221ACC /* _+ChainingTests.m */; };
		0A74284815D2593000221ACC /* _+ChainingTests.m in Sources */ = {isa = PBXBuildFile; fileRef = 0A74284415D2593000221ACC /* _+ChainingTests.m */; };
		0A74284915D2593000221ACC /* _+CollectionsTests.m in Sources */ = {isa = PBXBuildFile; fileRef = 0A74284615D2593000221ACC /* _+CollectionsTests.m */; };
		0A74284A15D2593000221ACC /* _+CollectionsTests.m in Sources */ = {isa = PBXBuildFile; fileRef = 0A74284615D2593000221ACC /* _+CollectionsTests.m */; };
		0A74284F15D2594900221ACC /* _+ExtensionsTests.m in Sources */ = {isa = PBXBuildFile; fileRef = 0A74284C15D2594900221ACC /* _+ExtensionsTests.m */; };
		0A74285015D2594900221ACC /* _+ExtensionsTests.m in Sources */ = {isa = PBXBuildFile; fileRef = 0A74284C15D2594900221ACC /* _+ExtensionsTests.m */; };
		0A74285715D2596D00221ACC /* _+ObjectsTests.m in Sources */ = {isa = PBXBuildFile; fileRef = 0A74285415D2596D00221ACC /* _+ObjectsTests.m */; };
		0A74285815D2596D00221ACC /* _+ObjectsTests.m in Sources */ = {isa = PBXBuildFile; fileRef = 0A74285415D2596D00221ACC /* _+ObjectsTests.m */; };
		0A74285915D2596D00221ACC /* _+UtilityTests.m in Sources */ = {isa = PBXBuildFile; fileRef = 0A74285615D2596D00221ACC /* _+UtilityTests.m */; };
		0A74285A15D2596D00221ACC /* _+UtilityTests.m in Sources */ = {isa = PBXBuildFile; fileRef = 0A74285615D2596D00221ACC /* _+UtilityTests.m */; };
		0A74286615D2598A00221ACC /* _Wrapper+ArraysTests.m in Sources */ = {isa = PBXBuildFile; fileRef = 0A74285D15D2598A00221ACC /* _Wrapper+ArraysTests.m */; };
		0A74286715D2598A00221ACC /* _Wrapper+ArraysTests.m in Sources */ = {isa = PBXBuildFile; fileRef = 0A74285D15D2598A00221ACC /* _Wrapper+ArraysTests.m */; };
		0A74286815D2598A00221ACC /* _Wrapper+CollectionsTests.m in Sources */ = {isa = PBXBuildFile; fileRef = 0A74285F15D2598A00221ACC /* _Wrapper+CollectionsTests.m */; };
		0A74286915D2598A00221ACC /* _Wrapper+CollectionsTests.m in Sources */ = {isa = PBXBuildFile; fileRef = 0A74285F15D2598A00221ACC /* _Wrapper+CollectionsTests.m */; };
		0A74286A15D2598A00221ACC /* _Wrapper+JavaScriptTests.m in Sources */ = {isa = PBXBuildFile; fileRef = 0A74286115D2598A00221ACC /* _Wrapper+JavaScriptTests.m */; };
		0A74286B15D2598A00221ACC /* _Wrapper+JavaScriptTests.m in Sources */ = {isa = PBXBuildFile; fileRef = 0A74286115D2598A00221ACC /* _Wrapper+JavaScriptTests.m */; };
		0A74286C15D2598A00221ACC /* _Wrapper+ObjectsTests.m in Sources */ = {isa = PBXBuildFile; fileRef = 0A74286315D2598A00221ACC /* _Wrapper+ObjectsTests.m */; };
		0A74286D15D2598A00221ACC /* _Wrapper+ObjectsTests.m in Sources */ = {isa = PBXBuildFile; fileRef = 0A74286315D2598A00221ACC /* _Wrapper+ObjectsTests.m */; };
		0A74286E15D2598A00221ACC /* _Wrapper+UtilityTests.m in Sources */ = {isa = PBXBuildFile; fileRef = 0A74286515D2598A00221ACC /* _Wrapper+UtilityTests.m */; };
		0A74286F15D2598A00221ACC /* _Wrapper+UtilityTests.m in Sources */ = {isa = PBXBuildFile; fileRef = 0A74286515D2598A00221ACC /* _Wrapper+UtilityTests.m */; };
		0A74287215D259B500221ACC /* _+FunctionsTests.m in Sources */ = {isa = PBXBuildFile; fileRef = 0A74287115D259B500221ACC /* _+FunctionsTests.m */; };
		0A74287315D259B500221ACC /* _+FunctionsTests.m in Sources */ = {isa = PBXBuildFile; fileRef = 0A74287115D259B500221ACC /* _+FunctionsTests.m */; };
		0AADE5F21853EB560092F34E /* _.h in Headers */ = {isa = PBXBuildFile; fileRef = 0AADE5D41853EB560092F34E /* _.h */; };
		0AADE5F31853EB560092F34E /* _.m in Sources */ = {isa = PBXBuildFile; fileRef = 0AADE5D51853EB560092F34E /* _.m */; };
		0AADE5F41853EB560092F34E /* _.m in Sources */ = {isa = PBXBuildFile; fileRef = 0AADE5D51853EB560092F34E /* _.m */; };
		0AADE5F51853EB560092F34E /* _Types.h in Headers */ = {isa = PBXBuildFile; fileRef = 0AADE5D61853EB560092F34E /* _Types.h */; };
		0AADE5F61853EB560092F34E /* _Wrapper.h in Headers */ = {isa = PBXBuildFile; fileRef = 0AADE5D71853EB560092F34E /* _Wrapper.h */; };
		0AADE5F71853EB560092F34E /* _Wrapper.m in Sources */ = {isa = PBXBuildFile; fileRef = 0AADE5D81853EB560092F34E /* _Wrapper.m */; };
		0AADE5F81853EB560092F34E /* _Wrapper.m in Sources */ = {isa = PBXBuildFile; fileRef = 0AADE5D81853EB560092F34E /* _Wrapper.m */; };
		0AADE5F91853EB560092F34E /* _+Arrays.h in Headers */ = {isa = PBXBuildFile; fileRef = 0AADE5DA1853EB560092F34E /* _+Arrays.h */; };
		0AADE5FA1853EB560092F34E /* _+Arrays.m in Sources */ = {isa = PBXBuildFile; fileRef = 0AADE5DB1853EB560092F34E /* _+Arrays.m */; };
		0AADE5FB1853EB560092F34E /* _+Arrays.m in Sources */ = {isa = PBXBuildFile; fileRef = 0AADE5DB1853EB560092F34E /* _+Arrays.m */; };
		0AADE5FC1853EB560092F34E /* _+Collections.h in Headers */ = {isa = PBXBuildFile; fileRef = 0AADE5DC1853EB560092F34E /* _+Collections.h */; };
		0AADE5FD1853EB560092F34E /* _+Collections.m in Sources */ = {isa = PBXBuildFile; fileRef = 0AADE5DD1853EB560092F34E /* _+Collections.m */; };
		0AADE5FE1853EB560092F34E /* _+Collections.m in Sources */ = {isa = PBXBuildFile; fileRef = 0AADE5DD1853EB560092F34E /* _+Collections.m */; };
		0AADE5FF1853EB560092F34E /* _+Extensions.h in Headers */ = {isa = PBXBuildFile; fileRef = 0AADE5DE1853EB560092F34E /* _+Extensions.h */; };
		0AADE6001853EB560092F34E /* _+Extensions.m in Sources */ = {isa = PBXBuildFile; fileRef = 0AADE5DF1853EB560092F34E /* _+Extensions.m */; };
		0AADE6011853EB560092F34E /* _+Extensions.m in Sources */ = {isa = PBXBuildFile; fileRef = 0AADE5DF1853EB560092F34E /* _+Extensions.m */; };
		0AADE6021853EB560092F34E /* _+Functions.h in Headers */ = {isa = PBXBuildFile; fileRef = 0AADE5E01853EB560092F34E /* _+Functions.h */; };
		0AADE6031853EB560092F34E /* _+Functions.m in Sources */ = {isa = PBXBuildFile; fileRef = 0AADE5E11853EB560092F34E /* _+Functions.m */; };
		0AADE6041853EB560092F34E /* _+Functions.m in Sources */ = {isa = PBXBuildFile; fileRef = 0AADE5E11853EB560092F34E /* _+Functions.m */; };
		0AADE6051853EB560092F34E /* _+Objects.h in Headers */ = {isa = PBXBuildFile; fileRef = 0AADE5E21853EB560092F34E /* _+Objects.h */; };
		0AADE6061853EB560092F34E /* _+Objects.m in Sources */ = {isa = PBXBuildFile; fileRef = 0AADE5E31853EB560092F34E /* _+Objects.m */; };
		0AADE6071853EB560092F34E /* _+Objects.m in Sources */ = {isa = PBXBuildFile; fileRef = 0AADE5E31853EB560092F34E /* _+Objects.m */; };
		0AADE6081853EB560092F34E /* _+Utility.h in Headers */ = {isa = PBXBuildFile; fileRef = 0AADE5E41853EB560092F34E /* _+Utility.h */; };
		0AADE6091853EB560092F34E /* _+Utility.m in Sources */ = {isa = PBXBuildFile; fileRef = 0AADE5E51853EB560092F34E /* _+Utility.m */; };
		0AADE60A1853EB560092F34E /* _+Utility.m in Sources */ = {isa = PBXBuildFile; fileRef = 0AADE5E51853EB560092F34E /* _+Utility.m */; };
		0AADE60B1853EB560092F34E /* Underscore.h in Headers */ = {isa = PBXBuildFile; fileRef = 0AADE5E61853EB560092F34E /* Underscore.h */; };
		0AADE60C1853EB560092F34E /* _Wrapper+Arrays.h in Headers */ = {isa = PBXBuildFile; fileRef = 0AADE5E81853EB560092F34E /* _Wrapper+Arrays.h */; };
		0AADE60D1853EB560092F34E /* _Wrapper+Arrays.m in Sources */ = {isa = PBXBuildFile; fileRef = 0AADE5E91853EB560092F34E /* _Wrapper+Arrays.m */; };
		0AADE60E1853EB560092F34E /* _Wrapper+Arrays.m in Sources */ = {isa = PBXBuildFile; fileRef = 0AADE5E91853EB560092F34E /* _Wrapper+Arrays.m */; };
		0AADE60F1853EB560092F34E /* _Wrapper+Collections.h in Headers */ = {isa = PBXBuildFile; fileRef = 0AADE5EA1853EB560092F34E /* _Wrapper+Collections.h */; };
		0AADE6101853EB560092F34E /* _Wrapper+Collections.m in Sources */ = {isa = PBXBuildFile; fileRef = 0AADE5EB1853EB560092F34E /* _Wrapper+Collections.m */; };
		0AADE6111853EB560092F34E /* _Wrapper+Collections.m in Sources */ = {isa = PBXBuildFile; fileRef = 0AADE5EB1853EB560092F34E /* _Wrapper+Collections.m */; };
		0AADE6121853EB560092F34E /* _Wrapper+JavaScript.h in Headers */ = {isa = PBXBuildFile; fileRef = 0AADE5EC1853EB560092F34E /* _Wrapper+JavaScript.h */; };
		0AADE6131853EB560092F34E /* _Wrapper+JavaScript.m in Sources */ = {isa = PBXBuildFile; fileRef = 0AADE5ED1853EB560092F34E /* _Wrapper+JavaScript.m */; };
		0AADE6141853EB560092F34E /* _Wrapper+JavaScript.m in Sources */ = {isa = PBXBuildFile; fileRef = 0AADE5ED1853EB560092F34E /* _Wrapper+JavaScript.m */; };
		0AADE6151853EB560092F34E /* _Wrapper+Objects.h in Headers */ = {isa = PBXBuildFile; fileRef = 0AADE5EE1853EB560092F34E /* _Wrapper+Objects.h */; };
		0AADE6161853EB560092F34E /* _Wrapper+Objects.m in Sources */ = {isa = PBXBuildFile; fileRef = 0AADE5EF1853EB560092F34E /* _Wrapper+Objects.m */; };
		0AADE6171853EB560092F34E /* _Wrapper+Objects.m in Sources */ = {isa = PBXBuildFile; fileRef = 0AADE5EF1853EB560092F34E /* _Wrapper+Objects.m */; };
		0AADE6181853EB560092F34E /* _Wrapper+Utility.h in Headers */ = {isa = PBXBuildFile; fileRef = 0AADE5F01853EB560092F34E /* _Wrapper+Utility.h */; };
		0AADE6191853EB560092F34E /* _Wrapper+Utility.m in Sources */ = {isa = PBXBuildFile; fileRef = 0AADE5F11853EB560092F34E /* _Wrapper+Utility.m */; };
		0AADE61A1853EB560092F34E /* _Wrapper+Utility.m in Sources */ = {isa = PBXBuildFile; fileRef = 0AADE5F11853EB560092F34E /* _Wrapper+Utility.m */; };
		0ACE7E7C15D24F8100621441 /* Foundation.framework in Frameworks */ = {isa = PBXBuildFile; fileRef = 0A32614815B8FB4800237F52 /* Foundation.framework */; };
		0ACE7E8A15D24F8100621441 /* SenTestingKit.framework in Frameworks */ = {isa = PBXBuildFile; fileRef = 0A32615615B8FB4900237F52 /* SenTestingKit.framework */; };
		0ACE7E8B15D24F8100621441 /* UIKit.framework in Frameworks */ = {isa = PBXBuildFile; fileRef = 0A9BDA7115CB719C00D38189 /* UIKit.framework */; };
		0ACE7E8C15D24F8100621441 /* Foundation.framework in Frameworks */ = {isa = PBXBuildFile; fileRef = 0A32614815B8FB4800237F52 /* Foundation.framework */; };
		0ACE7EA415D24F9700621441 /* Cocoa.framework in Frameworks */ = {isa = PBXBuildFile; fileRef = 0A9BDA6C15CB715F00D38189 /* Cocoa.framework */; };
		0ACE7EB615D24F9700621441 /* Cocoa.framework in Frameworks */ = {isa = PBXBuildFile; fileRef = 0A9BDA6C15CB715F00D38189 /* Cocoa.framework */; };
		0BBAB0CF349748F39C6BF653 /* libPods-_.m-osx.a in Frameworks */ = {isa = PBXBuildFile; fileRef = C64686F965E344A58EA75B8D /* libPods-_.m-osx.a */; };
		7F00997E6E354A1BB6928CE1 /* libPods-_.m-ios.a in Frameworks */ = {isa = PBXBuildFile; fileRef = 5314D91927E24967B0048693 /* libPods-_.m-ios.a */; };
/* End PBXBuildFile section */

/* Begin PBXContainerItemProxy section */
		0ACE7E8D15D24F8100621441 /* PBXContainerItemProxy */ = {
			isa = PBXContainerItemProxy;
			containerPortal = 0A32613C15B8FB4800237F52 /* Project object */;
			proxyType = 1;
			remoteGlobalIDString = 0ACE7E7A15D24F8100621441;
			remoteInfo = "_.m-ios";
		};
		0ACE7EB715D24F9700621441 /* PBXContainerItemProxy */ = {
			isa = PBXContainerItemProxy;
			containerPortal = 0A32613C15B8FB4800237F52 /* Project object */;
			proxyType = 1;
			remoteGlobalIDString = 0ACE7EA215D24F9700621441;
			remoteInfo = "_.m-osx";
		};
/* End PBXContainerItemProxy section */

/* Begin PBXCopyFilesBuildPhase section */
		0ACE7E7915D24F8100621441 /* CopyFiles */ = {
			isa = PBXCopyFilesBuildPhase;
			buildActionMask = 2147483647;
			dstPath = "include/${PRODUCT_NAME}";
			dstSubfolderSpec = 16;
			files = (
			);
			runOnlyForDeploymentPostprocessing = 0;
		};
/* End PBXCopyFilesBuildPhase section */

/* Begin PBXFileReference section */
		0A32614815B8FB4800237F52 /* Foundation.framework */ = {isa = PBXFileReference; includeInIndex = 1; lastKnownFileType = wrapper.framework; name = Foundation.framework; path = System/Library/Frameworks/Foundation.framework; sourceTree = SDKROOT; };
		0A32615615B8FB4900237F52 /* SenTestingKit.framework */ = {isa = PBXFileReference; includeInIndex = 1; lastKnownFileType = wrapper.framework; name = SenTestingKit.framework; path = Library/Frameworks/SenTestingKit.framework; sourceTree = DEVELOPER_DIR; };
		0A3F7DC415D254BA000774DF /* libPods-_.m-osx.a */ = {isa = PBXFileReference; lastKnownFileType = archive.ar; name = "libPods-_.m-osx.a"; path = "../../../../../Library/Developer/Xcode/DerivedData/_.m-cnxkacezryifsvdmxvbwpvzmdgfo/Build/Products/Debug/libPods-_.m-osx.a"; sourceTree = "<group>"; };
		0A67979E15D251920065E844 /* _.m-iosTests-Info.plist */ = {isa = PBXFileReference; lastKnownFileType = text.plist.xml; path = "_.m-iosTests-Info.plist"; sourceTree = "<group>"; };
		0A67979F15D2519C0065E844 /* _.m-osxTests-Info.plist */ = {isa = PBXFileReference; lastKnownFileType = text.plist.xml; path = "_.m-osxTests-Info.plist"; sourceTree = "<group>"; };
		0A7427DA15D2563D00221ACC /* libPods-_.m-osxTests.a */ = {isa = PBXFileReference; lastKnownFileType = archive.ar; name = "libPods-_.m-osxTests.a"; path = "../../../../../Library/Developer/Xcode/DerivedData/_.m-cnxkacezryifsvdmxvbwpvzmdgfo/Build/Products/Debug/libPods-_.m-osxTests.a"; sourceTree = "<group>"; };
		0A7427DE15D257EE00221ACC /* _Tests.h */ = {isa = PBXFileReference; fileEncoding = 4; lastKnownFileType = sourcecode.c.h; path = _Tests.h; sourceTree = "<group>"; };
		0A7427DF15D257EE00221ACC /* _Tests.m */ = {isa = PBXFileReference; fileEncoding = 4; lastKnownFileType = sourcecode.c.objc; path = _Tests.m; sourceTree = "<group>"; };
		0A74281D15D258CA00221ACC /* _WrapperTests.h */ = {isa = PBXFileReference; fileEncoding = 4; lastKnownFileType = sourcecode.c.h; path = _WrapperTests.h; sourceTree = "<group>"; };
		0A74281E15D258CA00221ACC /* _WrapperTests.m */ = {isa = PBXFileReference; fileEncoding = 4; lastKnownFileType = sourcecode.c.objc; path = _WrapperTests.m; sourceTree = "<group>"; };
		0A74282215D258DC00221ACC /* _WebsiteTests.h */ = {isa = PBXFileReference; fileEncoding = 4; lastKnownFileType = sourcecode.c.h; path = _WebsiteTests.h; sourceTree = "<group>"; };
		0A74282315D258DC00221ACC /* _WebsiteTests.m */ = {isa = PBXFileReference; fileEncoding = 4; lastKnownFileType = sourcecode.c.objc; path = _WebsiteTests.m; sourceTree = "<group>"; };
		0A74282715D2590300221ACC /* _+ArraysTests.h */ = {isa = PBXFileReference; fileEncoding = 4; lastKnownFileType = sourcecode.c.h; path = "_+ArraysTests.h"; sourceTree = "<group>"; };
		0A74282815D2590300221ACC /* _+ArraysTests.m */ = {isa = PBXFileReference; fileEncoding = 4; lastKnownFileType = sourcecode.c.objc; path = "_+ArraysTests.m"; sourceTree = "<group>"; };
		0A74284315D2593000221ACC /* _+ChainingTests.h */ = {isa = PBXFileReference; fileEncoding = 4; lastKnownFileType = sourcecode.c.h; path = "_+ChainingTests.h"; sourceTree = "<group>"; };
		0A74284415D2593000221ACC /* _+ChainingTests.m */ = {isa = PBXFileReference; fileEncoding = 4; lastKnownFileType = sourcecode.c.objc; path = "_+ChainingTests.m"; sourceTree = "<group>"; };
		0A74284515D2593000221ACC /* _+CollectionsTests.h */ = {isa = PBXFileReference; fileEncoding = 4; lastKnownFileType = sourcecode.c.h; path = "_+CollectionsTests.h"; sourceTree = "<group>"; };
		0A74284615D2593000221ACC /* _+CollectionsTests.m */ = {isa = PBXFileReference; fileEncoding = 4; lastKnownFileType = sourcecode.c.objc; path = "_+CollectionsTests.m"; sourceTree = "<group>"; };
		0A74284B15D2594900221ACC /* _+ExtensionsTests.h */ = {isa = PBXFileReference; fileEncoding = 4; lastKnownFileType = sourcecode.c.h; path = "_+ExtensionsTests.h"; sourceTree = "<group>"; };
		0A74284C15D2594900221ACC /* _+ExtensionsTests.m */ = {isa = PBXFileReference; fileEncoding = 4; lastKnownFileType = sourcecode.c.objc; path = "_+ExtensionsTests.m"; sourceTree = "<group>"; };
		0A74285315D2596D00221ACC /* _+ObjectsTests.h */ = {isa = PBXFileReference; fileEncoding = 4; lastKnownFileType = sourcecode.c.h; path = "_+ObjectsTests.h"; sourceTree = "<group>"; };
		0A74285415D2596D00221ACC /* _+ObjectsTests.m */ = {isa = PBXFileReference; fileEncoding = 4; lastKnownFileType = sourcecode.c.objc; path = "_+ObjectsTests.m"; sourceTree = "<group>"; };
		0A74285515D2596D00221ACC /* _+UtilityTests.h */ = {isa = PBXFileReference; fileEncoding = 4; lastKnownFileType = sourcecode.c.h; path = "_+UtilityTests.h"; sourceTree = "<group>"; };
		0A74285615D2596D00221ACC /* _+UtilityTests.m */ = {isa = PBXFileReference; fileEncoding = 4; lastKnownFileType = sourcecode.c.objc; path = "_+UtilityTests.m"; sourceTree = "<group>"; };
		0A74285C15D2598A00221ACC /* _Wrapper+ArraysTests.h */ = {isa = PBXFileReference; fileEncoding = 4; lastKnownFileType = sourcecode.c.h; path = "_Wrapper+ArraysTests.h"; sourceTree = "<group>"; };
		0A74285D15D2598A00221ACC /* _Wrapper+ArraysTests.m */ = {isa = PBXFileReference; fileEncoding = 4; lastKnownFileType = sourcecode.c.objc; path = "_Wrapper+ArraysTests.m"; sourceTree = "<group>"; };
		0A74285E15D2598A00221ACC /* _Wrapper+CollectionsTests.h */ = {isa = PBXFileReference; fileEncoding = 4; lastKnownFileType = sourcecode.c.h; path = "_Wrapper+CollectionsTests.h"; sourceTree = "<group>"; };
		0A74285F15D2598A00221ACC /* _Wrapper+CollectionsTests.m */ = {isa = PBXFileReference; fileEncoding = 4; lastKnownFileType = sourcecode.c.objc; path = "_Wrapper+CollectionsTests.m"; sourceTree = "<group>"; };
		0A74286015D2598A00221ACC /* _Wrapper+JavaScriptTests.h */ = {isa = PBXFileReference; fileEncoding = 4; lastKnownFileType = sourcecode.c.h; path = "_Wrapper+JavaScriptTests.h"; sourceTree = "<group>"; };
		0A74286115D2598A00221ACC /* _Wrapper+JavaScriptTests.m */ = {isa = PBXFileReference; fileEncoding = 4; lastKnownFileType = sourcecode.c.objc; path = "_Wrapper+JavaScriptTests.m"; sourceTree = "<group>"; };
		0A74286215D2598A00221ACC /* _Wrapper+ObjectsTests.h */ = {isa = PBXFileReference; fileEncoding = 4; lastKnownFileType = sourcecode.c.h; path = "_Wrapper+ObjectsTests.h"; sourceTree = "<group>"; };
		0A74286315D2598A00221ACC /* _Wrapper+ObjectsTests.m */ = {isa = PBXFileReference; fileEncoding = 4; lastKnownFileType = sourcecode.c.objc; path = "_Wrapper+ObjectsTests.m"; sourceTree = "<group>"; };
		0A74286415D2598A00221ACC /* _Wrapper+UtilityTests.h */ = {isa = PBXFileReference; fileEncoding = 4; lastKnownFileType = sourcecode.c.h; path = "_Wrapper+UtilityTests.h"; sourceTree = "<group>"; };
		0A74286515D2598A00221ACC /* _Wrapper+UtilityTests.m */ = {isa = PBXFileReference; fileEncoding = 4; lastKnownFileType = sourcecode.c.objc; path = "_Wrapper+UtilityTests.m"; sourceTree = "<group>"; };
		0A74287015D259B500221ACC /* _+FunctionsTests.h */ = {isa = PBXFileReference; fileEncoding = 4; lastKnownFileType = sourcecode.c.h; path = "_+FunctionsTests.h"; sourceTree = "<group>"; };
		0A74287115D259B500221ACC /* _+FunctionsTests.m */ = {isa = PBXFileReference; fileEncoding = 4; lastKnownFileType = sourcecode.c.objc; path = "_+FunctionsTests.m"; sourceTree = "<group>"; };
		0A9BDA6C15CB715F00D38189 /* Cocoa.framework */ = {isa = PBXFileReference; includeInIndex = 1; lastKnownFileType = wrapper.framework; name = Cocoa.framework; path = Platforms/MacOSX.platform/Developer/SDKs/MacOSX10.8.sdk/System/Library/Frameworks/Cocoa.framework; sourceTree = DEVELOPER_DIR; };
		0A9BDA7115CB719C00D38189 /* UIKit.framework */ = {isa = PBXFileReference; includeInIndex = 1; lastKnownFileType = wrapper.framework; name = UIKit.framework; path = System/Library/Frameworks/UIKit.framework; sourceTree = SDKROOT; };
		0AADE5D41853EB560092F34E /* _.h */ = {isa = PBXFileReference; fileEncoding = 4; lastKnownFileType = sourcecode.c.h; path = _.h; sourceTree = "<group>"; };
		0AADE5D51853EB560092F34E /* _.m */ = {isa = PBXFileReference; fileEncoding = 4; lastKnownFileType = sourcecode.c.objc; path = _.m; sourceTree = "<group>"; };
		0AADE5D61853EB560092F34E /* _Types.h */ = {isa = PBXFileReference; fileEncoding = 4; lastKnownFileType = sourcecode.c.h; path = _Types.h; sourceTree = "<group>"; };
		0AADE5D71853EB560092F34E /* _Wrapper.h */ = {isa = PBXFileReference; fileEncoding = 4; lastKnownFileType = sourcecode.c.h; path = _Wrapper.h; sourceTree = "<group>"; };
		0AADE5D81853EB560092F34E /* _Wrapper.m */ = {isa = PBXFileReference; fileEncoding = 4; lastKnownFileType = sourcecode.c.objc; path = _Wrapper.m; sourceTree = "<group>"; };
		0AADE5DA1853EB560092F34E /* _+Arrays.h */ = {isa = PBXFileReference; fileEncoding = 4; lastKnownFileType = sourcecode.c.h; path = "_+Arrays.h"; sourceTree = "<group>"; };
		0AADE5DB1853EB560092F34E /* _+Arrays.m */ = {isa = PBXFileReference; fileEncoding = 4; lastKnownFileType = sourcecode.c.objc; path = "_+Arrays.m"; sourceTree = "<group>"; };
		0AADE5DC1853EB560092F34E /* _+Collections.h */ = {isa = PBXFileReference; fileEncoding = 4; lastKnownFileType = sourcecode.c.h; path = "_+Collections.h"; sourceTree = "<group>"; };
		0AADE5DD1853EB560092F34E /* _+Collections.m */ = {isa = PBXFileReference; fileEncoding = 4; lastKnownFileType = sourcecode.c.objc; path = "_+Collections.m"; sourceTree = "<group>"; };
		0AADE5DE1853EB560092F34E /* _+Extensions.h */ = {isa = PBXFileReference; fileEncoding = 4; lastKnownFileType = sourcecode.c.h; path = "_+Extensions.h"; sourceTree = "<group>"; };
		0AADE5DF1853EB560092F34E /* _+Extensions.m */ = {isa = PBXFileReference; fileEncoding = 4; lastKnownFileType = sourcecode.c.objc; path = "_+Extensions.m"; sourceTree = "<group>"; };
		0AADE5E01853EB560092F34E /* _+Functions.h */ = {isa = PBXFileReference; fileEncoding = 4; lastKnownFileType = sourcecode.c.h; path = "_+Functions.h"; sourceTree = "<group>"; };
		0AADE5E11853EB560092F34E /* _+Functions.m */ = {isa = PBXFileReference; fileEncoding = 4; lastKnownFileType = sourcecode.c.objc; path = "_+Functions.m"; sourceTree = "<group>"; };
		0AADE5E21853EB560092F34E /* _+Objects.h */ = {isa = PBXFileReference; fileEncoding = 4; lastKnownFileType = sourcecode.c.h; path = "_+Objects.h"; sourceTree = "<group>"; };
		0AADE5E31853EB560092F34E /* _+Objects.m */ = {isa = PBXFileReference; fileEncoding = 4; lastKnownFileType = sourcecode.c.objc; path = "_+Objects.m"; sourceTree = "<group>"; };
		0AADE5E41853EB560092F34E /* _+Utility.h */ = {isa = PBXFileReference; fileEncoding = 4; lastKnownFileType = sourcecode.c.h; path = "_+Utility.h"; sourceTree = "<group>"; };
		0AADE5E51853EB560092F34E /* _+Utility.m */ = {isa = PBXFileReference; fileEncoding = 4; lastKnownFileType = sourcecode.c.objc; path = "_+Utility.m"; sourceTree = "<group>"; };
		0AADE5E61853EB560092F34E /* Underscore.h */ = {isa = PBXFileReference; fileEncoding = 4; lastKnownFileType = sourcecode.c.h; path = Underscore.h; sourceTree = "<group>"; };
		0AADE5E81853EB560092F34E /* _Wrapper+Arrays.h */ = {isa = PBXFileReference; fileEncoding = 4; lastKnownFileType = sourcecode.c.h; path = "_Wrapper+Arrays.h"; sourceTree = "<group>"; };
		0AADE5E91853EB560092F34E /* _Wrapper+Arrays.m */ = {isa = PBXFileReference; fileEncoding = 4; lastKnownFileType = sourcecode.c.objc; path = "_Wrapper+Arrays.m"; sourceTree = "<group>"; };
		0AADE5EA1853EB560092F34E /* _Wrapper+Collections.h */ = {isa = PBXFileReference; fileEncoding = 4; lastKnownFileType = sourcecode.c.h; path = "_Wrapper+Collections.h"; sourceTree = "<group>"; };
		0AADE5EB1853EB560092F34E /* _Wrapper+Collections.m */ = {isa = PBXFileReference; fileEncoding = 4; lastKnownFileType = sourcecode.c.objc; path = "_Wrapper+Collections.m"; sourceTree = "<group>"; };
		0AADE5EC1853EB560092F34E /* _Wrapper+JavaScript.h */ = {isa = PBXFileReference; fileEncoding = 4; lastKnownFileType = sourcecode.c.h; path = "_Wrapper+JavaScript.h"; sourceTree = "<group>"; };
		0AADE5ED1853EB560092F34E /* _Wrapper+JavaScript.m */ = {isa = PBXFileReference; fileEncoding = 4; lastKnownFileType = sourcecode.c.objc; path = "_Wrapper+JavaScript.m"; sourceTree = "<group>"; };
		0AADE5EE1853EB560092F34E /* _Wrapper+Objects.h */ = {isa = PBXFileReference; fileEncoding = 4; lastKnownFileType = sourcecode.c.h; path = "_Wrapper+Objects.h"; sourceTree = "<group>"; };
		0AADE5EF1853EB560092F34E /* _Wrapper+Objects.m */ = {isa = PBXFileReference; fileEncoding = 4; lastKnownFileType = sourcecode.c.objc; path = "_Wrapper+Objects.m"; sourceTree = "<group>"; };
		0AADE5F01853EB560092F34E /* _Wrapper+Utility.h */ = {isa = PBXFileReference; fileEncoding = 4; lastKnownFileType = sourcecode.c.h; path = "_Wrapper+Utility.h"; sourceTree = "<group>"; };
		0AADE5F11853EB560092F34E /* _Wrapper+Utility.m */ = {isa = PBXFileReference; fileEncoding = 4; lastKnownFileType = sourcecode.c.objc; path = "_Wrapper+Utility.m"; sourceTree = "<group>"; };
		0AC0449315B9675C006C4984 /* LICENSE */ = {isa = PBXFileReference; lastKnownFileType = text; path = LICENSE; sourceTree = SOURCE_ROOT; };
		0AC0449415B9675C006C4984 /* README.md */ = {isa = PBXFileReference; lastKnownFileType = text; path = README.md; sourceTree = SOURCE_ROOT; };
		0ACE7E7B15D24F8100621441 /* lib_.m-ios.a */ = {isa = PBXFileReference; explicitFileType = archive.ar; includeInIndex = 0; path = "lib_.m-ios.a"; sourceTree = BUILT_PRODUCTS_DIR; };
		0ACE7E8915D24F8100621441 /* _.m-iosTests.octest */ = {isa = PBXFileReference; explicitFileType = wrapper.cfbundle; includeInIndex = 0; path = "_.m-iosTests.octest"; sourceTree = BUILT_PRODUCTS_DIR; };
		0ACE7EA315D24F9700621441 /* lib_.m-osx.a */ = {isa = PBXFileReference; explicitFileType = archive.ar; includeInIndex = 0; path = "lib_.m-osx.a"; sourceTree = BUILT_PRODUCTS_DIR; };
		0ACE7EA615D24F9700621441 /* AppKit.framework */ = {isa = PBXFileReference; lastKnownFileType = wrapper.framework; name = AppKit.framework; path = System/Library/Frameworks/AppKit.framework; sourceTree = SDKROOT; };
		0ACE7EA715D24F9700621441 /* CoreData.framework */ = {isa = PBXFileReference; lastKnownFileType = wrapper.framework; name = CoreData.framework; path = System/Library/Frameworks/CoreData.framework; sourceTree = SDKROOT; };
		0ACE7EA815D24F9700621441 /* Foundation.framework */ = {isa = PBXFileReference; lastKnownFileType = wrapper.framework; name = Foundation.framework; path = System/Library/Frameworks/Foundation.framework; sourceTree = SDKROOT; };
		0ACE7EB415D24F9700621441 /* _.m-osxTests.octest */ = {isa = PBXFileReference; explicitFileType = wrapper.cfbundle; includeInIndex = 0; path = "_.m-osxTests.octest"; sourceTree = BUILT_PRODUCTS_DIR; };
		0ACE7ECB15D24FC900621441 /* _.m-ios-Prefix.pch */ = {isa = PBXFileReference; lastKnownFileType = sourcecode.c.h; path = "_.m-ios-Prefix.pch"; sourceTree = "<group>"; };
		0ACE7ED315D24FC900621441 /* en */ = {isa = PBXFileReference; lastKnownFileType = text.plist.strings; name = en; path = en.lproj/InfoPlist.strings; sourceTree = "<group>"; };
		0ACE7ED515D24FC900621441 /* _.m-osx-Prefix.pch */ = {isa = PBXFileReference; lastKnownFileType = sourcecode.c.h; path = "_.m-osx-Prefix.pch"; sourceTree = "<group>"; };
		0ACE7EDD15D24FC900621441 /* en */ = {isa = PBXFileReference; lastKnownFileType = text.plist.strings; name = en; path = en.lproj/InfoPlist.strings; sourceTree = "<group>"; };
		0BC247A6BE8E4C0EB46E9C1A /* Pods-_.m-osx.xcconfig */ = {isa = PBXFileReference; includeInIndex = 1; lastKnownFileType = text.xcconfig; name = "Pods-_.m-osx.xcconfig"; path = "Pods/Pods-_.m-osx.xcconfig"; sourceTree = SOURCE_ROOT; };
		406795C459F74FA5971B60EA /* libPods-osx.a */ = {isa = PBXFileReference; explicitFileType = archive.ar; includeInIndex = 0; path = "libPods-osx.a"; sourceTree = BUILT_PRODUCTS_DIR; };
		4A445E9CF4E54D8C92630F83 /* libPods-_.m-iosTests.a */ = {isa = PBXFileReference; explicitFileType = archive.ar; includeInIndex = 0; path = "libPods-_.m-iosTests.a"; sourceTree = BUILT_PRODUCTS_DIR; };
		5314D91927E24967B0048693 /* libPods-_.m-ios.a */ = {isa = PBXFileReference; explicitFileType = archive.ar; includeInIndex = 0; path = "libPods-_.m-ios.a"; sourceTree = BUILT_PRODUCTS_DIR; };
		60515585E616447F851274EE /* Pods-_.m-osx.xcconfig */ = {isa = PBXFileReference; includeInIndex = 1; lastKnownFileType = text.xcconfig; name = "Pods-_.m-osx.xcconfig"; path = "Pods/Pods-_.m-osx.xcconfig"; sourceTree = SOURCE_ROOT; };
		802B3415327D45C1AF7CFBBF /* libPods-osx_tests.a */ = {isa = PBXFileReference; explicitFileType = archive.ar; includeInIndex = 0; path = "libPods-osx_tests.a"; sourceTree = BUILT_PRODUCTS_DIR; };
		C64686F965E344A58EA75B8D /* libPods-_.m-osx.a */ = {isa = PBXFileReference; explicitFileType = archive.ar; includeInIndex = 0; path = "libPods-_.m-osx.a"; sourceTree = BUILT_PRODUCTS_DIR; };
		C8903B852C7E497F96CAA271 /* Pods-_.m-ios.xcconfig */ = {isa = PBXFileReference; includeInIndex = 1; lastKnownFileType = text.xcconfig; name = "Pods-_.m-ios.xcconfig"; path = "Pods/Pods-_.m-ios.xcconfig"; sourceTree = SOURCE_ROOT; };
		E8A7AF49A2064C85BC5CD143 /* libPods-ios.a */ = {isa = PBXFileReference; explicitFileType = archive.ar; includeInIndex = 0; path = "libPods-ios.a"; sourceTree = BUILT_PRODUCTS_DIR; };
		F26F28F7A1EE43AD8C3C0CDA /* libPods-ios_tests.a */ = {isa = PBXFileReference; explicitFileType = archive.ar; includeInIndex = 0; path = "libPods-ios_tests.a"; sourceTree = BUILT_PRODUCTS_DIR; };
		F997870442BD4EAEA98FB41B /* Pods-_.m-osxTests.xcconfig */ = {isa = PBXFileReference; includeInIndex = 1; lastKnownFileType = text.xcconfig; name = "Pods-_.m-osxTests.xcconfig"; path = "Pods/Pods-_.m-osxTests.xcconfig"; sourceTree = SOURCE_ROOT; };
		FA352298A32E47C8A4503E55 /* Pods-_.m-iosTests.xcconfig */ = {isa = PBXFileReference; includeInIndex = 1; lastKnownFileType = text.xcconfig; name = "Pods-_.m-iosTests.xcconfig"; path = "Pods/Pods-_.m-iosTests.xcconfig"; sourceTree = SOURCE_ROOT; };
/* End PBXFileReference section */

/* Begin PBXFrameworksBuildPhase section */
		0ACE7E7815D24F8100621441 /* Frameworks */ = {
			isa = PBXFrameworksBuildPhase;
			buildActionMask = 2147483647;
			files = (
				0ACE7E7C15D24F8100621441 /* Foundation.framework in Frameworks */,
				7F00997E6E354A1BB6928CE1 /* libPods-_.m-ios.a in Frameworks */,
			);
			runOnlyForDeploymentPostprocessing = 0;
		};
		0ACE7E8515D24F8100621441 /* Frameworks */ = {
			isa = PBXFrameworksBuildPhase;
			buildActionMask = 2147483647;
			files = (
				0ACE7E8A15D24F8100621441 /* SenTestingKit.framework in Frameworks */,
				0ACE7E8B15D24F8100621441 /* UIKit.framework in Frameworks */,
				0ACE7E8C15D24F8100621441 /* Foundation.framework in Frameworks */,
				0A3F7DC815D254E6000774DF /* lib_.m-ios.a in Frameworks */,
			);
			runOnlyForDeploymentPostprocessing = 0;
		};
		0ACE7EA015D24F9700621441 /* Frameworks */ = {
			isa = PBXFrameworksBuildPhase;
			buildActionMask = 2147483647;
			files = (
				0ACE7EA415D24F9700621441 /* Cocoa.framework in Frameworks */,
				0BBAB0CF349748F39C6BF653 /* libPods-_.m-osx.a in Frameworks */,
			);
			runOnlyForDeploymentPostprocessing = 0;
		};
		0ACE7EB015D24F9700621441 /* Frameworks */ = {
			isa = PBXFrameworksBuildPhase;
			buildActionMask = 2147483647;
			files = (
				0A7427DC15D2569D00221ACC /* SenTestingKit.framework in Frameworks */,
				0ACE7EB615D24F9700621441 /* Cocoa.framework in Frameworks */,
				0A3F7DC515D254BA000774DF /* libPods-_.m-osx.a in Frameworks */,
			);
			runOnlyForDeploymentPostprocessing = 0;
		};
/* End PBXFrameworksBuildPhase section */

/* Begin PBXGroup section */
		0A32613A15B8FB4800237F52 = {
			isa = PBXGroup;
			children = (
				0AC0449415B9675C006C4984 /* README.md */,
				0AC0449315B9675C006C4984 /* LICENSE */,
				0AADE5D31853EB560092F34E /* Classes */,
				0A7427DD15D257EE00221ACC /* Tests */,
				0ACE7EC915D24FC900621441 /* Config */,
				0A32614715B8FB4800237F52 /* Frameworks */,
				0A32614615B8FB4800237F52 /* Products */,
				C8903B852C7E497F96CAA271 /* Pods-_.m-ios.xcconfig */,
				FA352298A32E47C8A4503E55 /* Pods-_.m-iosTests.xcconfig */,
				0BC247A6BE8E4C0EB46E9C1A /* Pods-_.m-osx.xcconfig */,
				F997870442BD4EAEA98FB41B /* Pods-_.m-osxTests.xcconfig */,
				60515585E616447F851274EE /* Pods-_.m-osx.xcconfig */,
			);
			sourceTree = "<group>";
		};
		0A32614615B8FB4800237F52 /* Products */ = {
			isa = PBXGroup;
			children = (
				0ACE7E7B15D24F8100621441 /* lib_.m-ios.a */,
				0ACE7E8915D24F8100621441 /* _.m-iosTests.octest */,
				0ACE7EA315D24F9700621441 /* lib_.m-osx.a */,
				0ACE7EB415D24F9700621441 /* _.m-osxTests.octest */,
			);
			name = Products;
			sourceTree = "<group>";
		};
		0A32614715B8FB4800237F52 /* Frameworks */ = {
			isa = PBXGroup;
			children = (
				0A9BDA7115CB719C00D38189 /* UIKit.framework */,
				0A9BDA6C15CB715F00D38189 /* Cocoa.framework */,
				0A32614815B8FB4800237F52 /* Foundation.framework */,
				0A32615615B8FB4900237F52 /* SenTestingKit.framework */,
				5314D91927E24967B0048693 /* libPods-_.m-ios.a */,
				4A445E9CF4E54D8C92630F83 /* libPods-_.m-iosTests.a */,
				0A3F7DC415D254BA000774DF /* libPods-_.m-osx.a */,
				0A7427DA15D2563D00221ACC /* libPods-_.m-osxTests.a */,
				E8A7AF49A2064C85BC5CD143 /* libPods-ios.a */,
				F26F28F7A1EE43AD8C3C0CDA /* libPods-ios_tests.a */,
				406795C459F74FA5971B60EA /* libPods-osx.a */,
				802B3415327D45C1AF7CFBBF /* libPods-osx_tests.a */,
				0ACE7EA515D24F9700621441 /* Other Frameworks */,
				C64686F965E344A58EA75B8D /* libPods-_.m-osx.a */,
			);
			name = Frameworks;
			sourceTree = "<group>";
		};
		0A7427DD15D257EE00221ACC /* Tests */ = {
			isa = PBXGroup;
			children = (
				0A7427DE15D257EE00221ACC /* _Tests.h */,
				0A7427DF15D257EE00221ACC /* _Tests.m */,
				0A74281D15D258CA00221ACC /* _WrapperTests.h */,
				0A74281E15D258CA00221ACC /* _WrapperTests.m */,
				0A74282615D2590200221ACC /* Categories */,
				0A74285B15D2598A00221ACC /* WrapperCategories */,
				0A74282115D258DC00221ACC /* Website */,
			);
			path = Tests;
			sourceTree = "<group>";
		};
		0A74282115D258DC00221ACC /* Website */ = {
			isa = PBXGroup;
			children = (
				0A74282215D258DC00221ACC /* _WebsiteTests.h */,
				0A74282315D258DC00221ACC /* _WebsiteTests.m */,
			);
			path = Website;
			sourceTree = "<group>";
		};
		0A74282615D2590200221ACC /* Categories */ = {
			isa = PBXGroup;
			children = (
				0A74282715D2590300221ACC /* _+ArraysTests.h */,
				0A74282815D2590300221ACC /* _+ArraysTests.m */,
				0A74284315D2593000221ACC /* _+ChainingTests.h */,
				0A74284415D2593000221ACC /* _+ChainingTests.m */,
				0A74284515D2593000221ACC /* _+CollectionsTests.h */,
				0A74284615D2593000221ACC /* _+CollectionsTests.m */,
				0A74284B15D2594900221ACC /* _+ExtensionsTests.h */,
				0A74284C15D2594900221ACC /* _+ExtensionsTests.m */,
				0A74287015D259B500221ACC /* _+FunctionsTests.h */,
				0A74287115D259B500221ACC /* _+FunctionsTests.m */,
				0A74285315D2596D00221ACC /* _+ObjectsTests.h */,
				0A74285415D2596D00221ACC /* _+ObjectsTests.m */,
				0A74285515D2596D00221ACC /* _+UtilityTests.h */,
				0A74285615D2596D00221ACC /* _+UtilityTests.m */,
			);
			path = Categories;
			sourceTree = "<group>";
		};
		0A74285B15D2598A00221ACC /* WrapperCategories */ = {
			isa = PBXGroup;
			children = (
				0A74285C15D2598A00221ACC /* _Wrapper+ArraysTests.h */,
				0A74285D15D2598A00221ACC /* _Wrapper+ArraysTests.m */,
				0A74285E15D2598A00221ACC /* _Wrapper+CollectionsTests.h */,
				0A74285F15D2598A00221ACC /* _Wrapper+CollectionsTests.m */,
				0A74286015D2598A00221ACC /* _Wrapper+JavaScriptTests.h */,
				0A74286115D2598A00221ACC /* _Wrapper+JavaScriptTests.m */,
				0A74286215D2598A00221ACC /* _Wrapper+ObjectsTests.h */,
				0A74286315D2598A00221ACC /* _Wrapper+ObjectsTests.m */,
				0A74286415D2598A00221ACC /* _Wrapper+UtilityTests.h */,
				0A74286515D2598A00221ACC /* _Wrapper+UtilityTests.m */,
			);
			path = WrapperCategories;
			sourceTree = "<group>";
		};
		0AADE5D31853EB560092F34E /* Classes */ = {
			isa = PBXGroup;
			children = (
				0AADE5D41853EB560092F34E /* _.h */,
				0AADE5D51853EB560092F34E /* _.m */,
				0AADE5D61853EB560092F34E /* _Types.h */,
				0AADE5D71853EB560092F34E /* _Wrapper.h */,
				0AADE5D81853EB560092F34E /* _Wrapper.m */,
				0AADE5D91853EB560092F34E /* Categories */,
				0AADE5E61853EB560092F34E /* Underscore.h */,
				0AADE5E71853EB560092F34E /* WrapperCategories */,
			);
			path = Classes;
			sourceTree = "<group>";
		};
		0AADE5D91853EB560092F34E /* Categories */ = {
			isa = PBXGroup;
			children = (
				0AADE5DA1853EB560092F34E /* _+Arrays.h */,
				0AADE5DB1853EB560092F34E /* _+Arrays.m */,
				0AADE5DC1853EB560092F34E /* _+Collections.h */,
				0AADE5DD1853EB560092F34E /* _+Collections.m */,
				0AADE5DE1853EB560092F34E /* _+Extensions.h */,
				0AADE5DF1853EB560092F34E /* _+Extensions.m */,
				0AADE5E01853EB560092F34E /* _+Functions.h */,
				0AADE5E11853EB560092F34E /* _+Functions.m */,
				0AADE5E21853EB560092F34E /* _+Objects.h */,
				0AADE5E31853EB560092F34E /* _+Objects.m */,
				0AADE5E41853EB560092F34E /* _+Utility.h */,
				0AADE5E51853EB560092F34E /* _+Utility.m */,
			);
			path = Categories;
			sourceTree = "<group>";
		};
		0AADE5E71853EB560092F34E /* WrapperCategories */ = {
			isa = PBXGroup;
			children = (
				0AADE5E81853EB560092F34E /* _Wrapper+Arrays.h */,
				0AADE5E91853EB560092F34E /* _Wrapper+Arrays.m */,
				0AADE5EA1853EB560092F34E /* _Wrapper+Collections.h */,
				0AADE5EB1853EB560092F34E /* _Wrapper+Collections.m */,
				0AADE5EC1853EB560092F34E /* _Wrapper+JavaScript.h */,
				0AADE5ED1853EB560092F34E /* _Wrapper+JavaScript.m */,
				0AADE5EE1853EB560092F34E /* _Wrapper+Objects.h */,
				0AADE5EF1853EB560092F34E /* _Wrapper+Objects.m */,
				0AADE5F01853EB560092F34E /* _Wrapper+Utility.h */,
				0AADE5F11853EB560092F34E /* _Wrapper+Utility.m */,
			);
			path = WrapperCategories;
			sourceTree = "<group>";
		};
		0ACE7EA515D24F9700621441 /* Other Frameworks */ = {
			isa = PBXGroup;
			children = (
				0ACE7EA615D24F9700621441 /* AppKit.framework */,
				0ACE7EA715D24F9700621441 /* CoreData.framework */,
				0ACE7EA815D24F9700621441 /* Foundation.framework */,
			);
			name = "Other Frameworks";
			sourceTree = "<group>";
		};
		0ACE7EC915D24FC900621441 /* Config */ = {
			isa = PBXGroup;
			children = (
				0ACE7ECA15D24FC900621441 /* _.m-ios */,
				0ACE7ECE15D24FC900621441 /* _.m-iosTests */,
				0ACE7ED415D24FC900621441 /* _.m-osx */,
				0ACE7ED815D24FC900621441 /* _.m-osxTests */,
			);
			path = Config;
			sourceTree = "<group>";
		};
		0ACE7ECA15D24FC900621441 /* _.m-ios */ = {
			isa = PBXGroup;
			children = (
				0ACE7ECB15D24FC900621441 /* _.m-ios-Prefix.pch */,
			);
			path = "_.m-ios";
			sourceTree = "<group>";
		};
		0ACE7ECE15D24FC900621441 /* _.m-iosTests */ = {
			isa = PBXGroup;
			children = (
				0A67979E15D251920065E844 /* _.m-iosTests-Info.plist */,
				0ACE7ED215D24FC900621441 /* InfoPlist.strings */,
			);
			path = "_.m-iosTests";
			sourceTree = "<group>";
		};
		0ACE7ED415D24FC900621441 /* _.m-osx */ = {
			isa = PBXGroup;
			children = (
				0ACE7ED515D24FC900621441 /* _.m-osx-Prefix.pch */,
			);
			path = "_.m-osx";
			sourceTree = "<group>";
		};
		0ACE7ED815D24FC900621441 /* _.m-osxTests */ = {
			isa = PBXGroup;
			children = (
				0A67979F15D2519C0065E844 /* _.m-osxTests-Info.plist */,
				0ACE7EDC15D24FC900621441 /* InfoPlist.strings */,
			);
			path = "_.m-osxTests";
			sourceTree = "<group>";
		};
/* End PBXGroup section */

/* Begin PBXHeadersBuildPhase section */
		0ACE7EA115D24F9700621441 /* Headers */ = {
			isa = PBXHeadersBuildPhase;
			buildActionMask = 2147483647;
			files = (
				0AADE60B1853EB560092F34E /* Underscore.h in Headers */,
				0AADE5FF1853EB560092F34E /* _+Extensions.h in Headers */,
				0AADE5F91853EB560092F34E /* _+Arrays.h in Headers */,
				0AADE5F61853EB560092F34E /* _Wrapper.h in Headers */,
				0AADE5F51853EB560092F34E /* _Types.h in Headers */,
				0AADE6021853EB560092F34E /* _+Functions.h in Headers */,
				0AADE6051853EB560092F34E /* _+Objects.h in Headers */,
				0AADE6151853EB560092F34E /* _Wrapper+Objects.h in Headers */,
				0AADE6181853EB560092F34E /* _Wrapper+Utility.h in Headers */,
				0AADE6121853EB560092F34E /* _Wrapper+JavaScript.h in Headers */,
				0AADE5F21853EB560092F34E /* _.h in Headers */,
				0AADE5FC1853EB560092F34E /* _+Collections.h in Headers */,
				0AADE6081853EB560092F34E /* _+Utility.h in Headers */,
				0AADE60F1853EB560092F34E /* _Wrapper+Collections.h in Headers */,
				0AADE60C1853EB560092F34E /* _Wrapper+Arrays.h in Headers */,
			);
			runOnlyForDeploymentPostprocessing = 0;
		};
/* End PBXHeadersBuildPhase section */

/* Begin PBXNativeTarget section */
		0ACE7E7A15D24F8100621441 /* _.m-ios */ = {
			isa = PBXNativeTarget;
			buildConfigurationList = 0ACE7E9915D24F8100621441 /* Build configuration list for PBXNativeTarget "_.m-ios" */;
			buildPhases = (
				0ACE7E7715D24F8100621441 /* Sources */,
				0ACE7E7815D24F8100621441 /* Frameworks */,
				0ACE7E7915D24F8100621441 /* CopyFiles */,
				75B5F765C62E46169DEEB2E9 /* Copy Pods Resources */,
			);
			buildRules = (
			);
			dependencies = (
			);
			name = "_.m-ios";
			productName = "_.m-ios";
			productReference = 0ACE7E7B15D24F8100621441 /* lib_.m-ios.a */;
			productType = "com.apple.product-type.library.static";
		};
		0ACE7E8815D24F8100621441 /* _.m-iosTests */ = {
			isa = PBXNativeTarget;
			buildConfigurationList = 0ACE7E9C15D24F8100621441 /* Build configuration list for PBXNativeTarget "_.m-iosTests" */;
			buildPhases = (
				0ACE7E8415D24F8100621441 /* Sources */,
				0ACE7E8515D24F8100621441 /* Frameworks */,
				0ACE7E8615D24F8100621441 /* Resources */,
				0ACE7E8715D24F8100621441 /* ShellScript */,
				075DB6BDEE5F462FB1EE34F9 /* Copy Pods Resources */,
			);
			buildRules = (
			);
			dependencies = (
				0ACE7E8E15D24F8100621441 /* PBXTargetDependency */,
			);
			name = "_.m-iosTests";
			productName = "_.m-iosTests";
			productReference = 0ACE7E8915D24F8100621441 /* _.m-iosTests.octest */;
			productType = "com.apple.product-type.bundle";
		};
		0ACE7EA215D24F9700621441 /* _.m-osx */ = {
			isa = PBXNativeTarget;
			buildConfigurationList = 0ACE7EC315D24F9700621441 /* Build configuration list for PBXNativeTarget "_.m-osx" */;
			buildPhases = (
				EF52C4D1D6DE4957A19ABDEC /* Check Pods Manifest.lock */,
				0ACE7E9F15D24F9700621441 /* Sources */,
				0ACE7EA015D24F9700621441 /* Frameworks */,
				0ACE7EA115D24F9700621441 /* Headers */,
				BD0DA43E496E491196D8CAAB /* Copy Pods Resources */,
				84B790AB8ECF48DEA2BAD88A /* Copy Pods Resources */,
			);
			buildRules = (
			);
			dependencies = (
			);
			name = "_.m-osx";
			productName = "_.m-osx";
			productReference = 0ACE7EA315D24F9700621441 /* lib_.m-osx.a */;
			productType = "com.apple.product-type.library.static";
		};
		0ACE7EB315D24F9700621441 /* _.m-osxTests */ = {
			isa = PBXNativeTarget;
			buildConfigurationList = 0ACE7EC615D24F9700621441 /* Build configuration list for PBXNativeTarget "_.m-osxTests" */;
			buildPhases = (
				0ACE7EAF15D24F9700621441 /* Sources */,
				0ACE7EB015D24F9700621441 /* Frameworks */,
				0ACE7EB115D24F9700621441 /* Resources */,
				0ACE7EB215D24F9700621441 /* ShellScript */,
				34D5699A7AAC4443ACF35089 /* Copy Pods Resources */,
			);
			buildRules = (
			);
			dependencies = (
				0ACE7EB815D24F9700621441 /* PBXTargetDependency */,
			);
			name = "_.m-osxTests";
			productName = "_.m-osxTests";
			productReference = 0ACE7EB415D24F9700621441 /* _.m-osxTests.octest */;
			productType = "com.apple.product-type.bundle";
		};
/* End PBXNativeTarget section */

/* Begin PBXProject section */
		0A32613C15B8FB4800237F52 /* Project object */ = {
			isa = PBXProject;
			attributes = {
				CLASSPREFIX = _;
				LastUpgradeCheck = 0500;
				ORGANIZATIONNAME = "Kevin Malakoff";
			};
			buildConfigurationList = 0A32613F15B8FB4800237F52 /* Build configuration list for PBXProject "_.m" */;
			compatibilityVersion = "Xcode 3.2";
			developmentRegion = English;
			hasScannedForEncodings = 0;
			knownRegions = (
				en,
			);
			mainGroup = 0A32613A15B8FB4800237F52;
			productRefGroup = 0A32614615B8FB4800237F52 /* Products */;
			projectDirPath = "";
			projectRoot = "";
			targets = (
				0ACE7E7A15D24F8100621441 /* _.m-ios */,
				0ACE7E8815D24F8100621441 /* _.m-iosTests */,
				0ACE7EA215D24F9700621441 /* _.m-osx */,
				0ACE7EB315D24F9700621441 /* _.m-osxTests */,
			);
		};
/* End PBXProject section */

/* Begin PBXResourcesBuildPhase section */
		0ACE7E8615D24F8100621441 /* Resources */ = {
			isa = PBXResourcesBuildPhase;
			buildActionMask = 2147483647;
			files = (
			);
			runOnlyForDeploymentPostprocessing = 0;
		};
		0ACE7EB115D24F9700621441 /* Resources */ = {
			isa = PBXResourcesBuildPhase;
			buildActionMask = 2147483647;
			files = (
			);
			runOnlyForDeploymentPostprocessing = 0;
		};
/* End PBXResourcesBuildPhase section */

/* Begin PBXShellScriptBuildPhase section */
		075DB6BDEE5F462FB1EE34F9 /* Copy Pods Resources */ = {
			isa = PBXShellScriptBuildPhase;
			buildActionMask = 2147483647;
			files = (
			);
			inputPaths = (
			);
			name = "Copy Pods Resources";
			outputPaths = (
			);
			runOnlyForDeploymentPostprocessing = 0;
			shellPath = /bin/sh;
			shellScript = "\"${SRCROOT}/Pods/Pods-_.m-iosTests-resources.sh\"\n";
		};
		0ACE7E8715D24F8100621441 /* ShellScript */ = {
			isa = PBXShellScriptBuildPhase;
			buildActionMask = 2147483647;
			files = (
			);
			inputPaths = (
			);
			outputPaths = (
			);
			runOnlyForDeploymentPostprocessing = 0;
			shellPath = /bin/sh;
			shellScript = "# Run the unit tests in this test bundle.\n\"${SYSTEM_DEVELOPER_DIR}/Tools/RunUnitTests\"\n";
		};
		0ACE7EB215D24F9700621441 /* ShellScript */ = {
			isa = PBXShellScriptBuildPhase;
			buildActionMask = 2147483647;
			files = (
			);
			inputPaths = (
			);
			outputPaths = (
			);
			runOnlyForDeploymentPostprocessing = 0;
			shellPath = /bin/sh;
			shellScript = "# Run the unit tests in this test bundle.\n\"${SYSTEM_DEVELOPER_DIR}/Tools/RunUnitTests\"\n";
		};
		34D5699A7AAC4443ACF35089 /* Copy Pods Resources */ = {
			isa = PBXShellScriptBuildPhase;
			buildActionMask = 2147483647;
			files = (
			);
			inputPaths = (
			);
			name = "Copy Pods Resources";
			outputPaths = (
			);
			runOnlyForDeploymentPostprocessing = 0;
			shellPath = /bin/sh;
			shellScript = "\"${SRCROOT}/Pods/Pods-_.m-osxTests-resources.sh\"\n";
		};
		75B5F765C62E46169DEEB2E9 /* Copy Pods Resources */ = {
			isa = PBXShellScriptBuildPhase;
			buildActionMask = 2147483647;
			files = (
			);
			inputPaths = (
			);
			name = "Copy Pods Resources";
			outputPaths = (
			);
			runOnlyForDeploymentPostprocessing = 0;
			shellPath = /bin/sh;
			shellScript = "\"${SRCROOT}/Pods/Pods-_.m-ios-resources.sh\"\n";
		};
		84B790AB8ECF48DEA2BAD88A /* Copy Pods Resources */ = {
			isa = PBXShellScriptBuildPhase;
			buildActionMask = 2147483647;
			files = (
			);
			inputPaths = (
			);
			name = "Copy Pods Resources";
			outputPaths = (
			);
			runOnlyForDeploymentPostprocessing = 0;
			shellPath = /bin/sh;
			shellScript = "\"${SRCROOT}/Pods/Pods-_.m-osx-resources.sh\"\n";
		};
		BD0DA43E496E491196D8CAAB /* Copy Pods Resources */ = {
			isa = PBXShellScriptBuildPhase;
			buildActionMask = 2147483647;
			files = (
			);
			inputPaths = (
			);
			name = "Copy Pods Resources";
			outputPaths = (
			);
			runOnlyForDeploymentPostprocessing = 0;
			shellPath = /bin/sh;
			shellScript = "\"${SRCROOT}/Pods/Pods-_.m-osx-resources.sh\"\n";
			showEnvVarsInLog = 0;
		};
		EF52C4D1D6DE4957A19ABDEC /* Check Pods Manifest.lock */ = {
			isa = PBXShellScriptBuildPhase;
			buildActionMask = 2147483647;
			files = (
			);
			inputPaths = (
			);
			name = "Check Pods Manifest.lock";
			outputPaths = (
			);
			runOnlyForDeploymentPostprocessing = 0;
			shellPath = /bin/sh;
			shellScript = "diff \"${PODS_ROOT}/../Podfile.lock\" \"${PODS_ROOT}/Manifest.lock\" > /dev/null\nif [[ $? != 0 ]] ; then\n    cat << EOM\nerror: The sandbox is not in sync with the Podfile.lock. Run 'pod install' or update your CocoaPods installation.\nEOM\n    exit 1\nfi\n";
			showEnvVarsInLog = 0;
		};
/* End PBXShellScriptBuildPhase section */

/* Begin PBXSourcesBuildPhase section */
		0ACE7E7715D24F8100621441 /* Sources */ = {
			isa = PBXSourcesBuildPhase;
			buildActionMask = 2147483647;
			files = (
				0AADE5F31853EB560092F34E /* _.m in Sources */,
				0AADE6101853EB560092F34E /* _Wrapper+Collections.m in Sources */,
				0AADE6031853EB560092F34E /* _+Functions.m in Sources */,
				0AADE5FA1853EB560092F34E /* _+Arrays.m in Sources */,
				0AADE6131853EB560092F34E /* _Wrapper+JavaScript.m in Sources */,
				0AADE60D1853EB560092F34E /* _Wrapper+Arrays.m in Sources */,
				0AADE6161853EB560092F34E /* _Wrapper+Objects.m in Sources */,
				0AADE5F71853EB560092F34E /* _Wrapper.m in Sources */,
				0AADE6091853EB560092F34E /* _+Utility.m in Sources */,
				0AADE6061853EB560092F34E /* _+Objects.m in Sources */,
				0AADE6191853EB560092F34E /* _Wrapper+Utility.m in Sources */,
				0AADE6001853EB560092F34E /* _+Extensions.m in Sources */,
				0AADE5FD1853EB560092F34E /* _+Collections.m in Sources */,
			);
			runOnlyForDeploymentPostprocessing = 0;
		};
		0ACE7E8415D24F8100621441 /* Sources */ = {
			isa = PBXSourcesBuildPhase;
			buildActionMask = 2147483647;
			files = (
				0A7427FF15D257EE00221ACC /* _Tests.m in Sources */,
				0A74281F15D258CA00221ACC /* _WrapperTests.m in Sources */,
				0A74282415D258DC00221ACC /* _WebsiteTests.m in Sources */,
				0A74283515D2590300221ACC /* _+ArraysTests.m in Sources */,
				0A74284715D2593000221ACC /* _+ChainingTests.m in Sources */,
				0A74284915D2593000221ACC /* _+CollectionsTests.m in Sources */,
				0A74284F15D2594900221ACC /* _+ExtensionsTests.m in Sources */,
				0A74285715D2596D00221ACC /* _+ObjectsTests.m in Sources */,
				0A74285915D2596D00221ACC /* _+UtilityTests.m in Sources */,
				0A74286615D2598A00221ACC /* _Wrapper+ArraysTests.m in Sources */,
				0A74286815D2598A00221ACC /* _Wrapper+CollectionsTests.m in Sources */,
				0A74286A15D2598A00221ACC /* _Wrapper+JavaScriptTests.m in Sources */,
				0A74286C15D2598A00221ACC /* _Wrapper+ObjectsTests.m in Sources */,
				0A74286E15D2598A00221ACC /* _Wrapper+UtilityTests.m in Sources */,
				0A74287215D259B500221ACC /* _+FunctionsTests.m in Sources */,
			);
			runOnlyForDeploymentPostprocessing = 0;
		};
		0ACE7E9F15D24F9700621441 /* Sources */ = {
			isa = PBXSourcesBuildPhase;
			buildActionMask = 2147483647;
			files = (
				0AADE5F41853EB560092F34E /* _.m in Sources */,
				0AADE6111853EB560092F34E /* _Wrapper+Collections.m in Sources */,
				0AADE6041853EB560092F34E /* _+Functions.m in Sources */,
				0AADE5FB1853EB560092F34E /* _+Arrays.m in Sources */,
				0AADE6141853EB560092F34E /* _Wrapper+JavaScript.m in Sources */,
				0AADE60E1853EB560092F34E /* _Wrapper+Arrays.m in Sources */,
				0AADE6171853EB560092F34E /* _Wrapper+Objects.m in Sources */,
				0AADE5F81853EB560092F34E /* _Wrapper.m in Sources */,
				0AADE60A1853EB560092F34E /* _+Utility.m in Sources */,
				0AADE6071853EB560092F34E /* _+Objects.m in Sources */,
				0AADE61A1853EB560092F34E /* _Wrapper+Utility.m in Sources */,
				0AADE6011853EB560092F34E /* _+Extensions.m in Sources */,
				0AADE5FE1853EB560092F34E /* _+Collections.m in Sources */,
			);
			runOnlyForDeploymentPostprocessing = 0;
		};
		0ACE7EAF15D24F9700621441 /* Sources */ = {
			isa = PBXSourcesBuildPhase;
			buildActionMask = 2147483647;
			files = (
				0A74280015D257EE00221ACC /* _Tests.m in Sources */,
				0A74282015D258CA00221ACC /* _WrapperTests.m in Sources */,
				0A74282515D258DC00221ACC /* _WebsiteTests.m in Sources */,
				0A74283615D2590300221ACC /* _+ArraysTests.m in Sources */,
				0A74284815D2593000221ACC /* _+ChainingTests.m in Sources */,
				0A74284A15D2593000221ACC /* _+CollectionsTests.m in Sources */,
				0A74285015D2594900221ACC /* _+ExtensionsTests.m in Sources */,
				0A74285815D2596D00221ACC /* _+ObjectsTests.m in Sources */,
				0A74285A15D2596D00221ACC /* _+UtilityTests.m in Sources */,
				0A74286715D2598A00221ACC /* _Wrapper+ArraysTests.m in Sources */,
				0A74286915D2598A00221ACC /* _Wrapper+CollectionsTests.m in Sources */,
				0A74286B15D2598A00221ACC /* _Wrapper+JavaScriptTests.m in Sources */,
				0A74286D15D2598A00221ACC /* _Wrapper+ObjectsTests.m in Sources */,
				0A74286F15D2598A00221ACC /* _Wrapper+UtilityTests.m in Sources */,
				0A74287315D259B500221ACC /* _+FunctionsTests.m in Sources */,
			);
			runOnlyForDeploymentPostprocessing = 0;
		};
/* End PBXSourcesBuildPhase section */

/* Begin PBXTargetDependency section */
		0ACE7E8E15D24F8100621441 /* PBXTargetDependency */ = {
			isa = PBXTargetDependency;
			target = 0ACE7E7A15D24F8100621441 /* _.m-ios */;
			targetProxy = 0ACE7E8D15D24F8100621441 /* PBXContainerItemProxy */;
		};
		0ACE7EB815D24F9700621441 /* PBXTargetDependency */ = {
			isa = PBXTargetDependency;
			target = 0ACE7EA215D24F9700621441 /* _.m-osx */;
			targetProxy = 0ACE7EB715D24F9700621441 /* PBXContainerItemProxy */;
		};
/* End PBXTargetDependency section */

/* Begin PBXVariantGroup section */
		0ACE7ED215D24FC900621441 /* InfoPlist.strings */ = {
			isa = PBXVariantGroup;
			children = (
				0ACE7ED315D24FC900621441 /* en */,
			);
			name = InfoPlist.strings;
			sourceTree = "<group>";
		};
		0ACE7EDC15D24FC900621441 /* InfoPlist.strings */ = {
			isa = PBXVariantGroup;
			children = (
				0ACE7EDD15D24FC900621441 /* en */,
			);
			name = InfoPlist.strings;
			sourceTree = "<group>";
		};
/* End PBXVariantGroup section */

/* Begin XCBuildConfiguration section */
		0A32616715B8FB4900237F52 /* Debug */ = {
			isa = XCBuildConfiguration;
			buildSettings = {
				ALWAYS_SEARCH_USER_PATHS = NO;
				CLANG_ENABLE_OBJC_ARC = YES;
				CLANG_WARN_BOOL_CONVERSION = YES;
				CLANG_WARN_CONSTANT_CONVERSION = YES;
				CLANG_WARN_EMPTY_BODY = YES;
				CLANG_WARN_ENUM_CONVERSION = YES;
				CLANG_WARN_INT_CONVERSION = YES;
				CLANG_WARN__DUPLICATE_METHOD_MATCH = YES;
				COPY_PHASE_STRIP = NO;
				GCC_C_LANGUAGE_STANDARD = gnu99;
				GCC_DYNAMIC_NO_PIC = NO;
				GCC_OPTIMIZATION_LEVEL = 0;
				GCC_PREPROCESSOR_DEFINITIONS = (
					"DEBUG=1",
					"$(inherited)",
				);
				GCC_SYMBOLS_PRIVATE_EXTERN = NO;
				GCC_VERSION = com.apple.compilers.llvm.clang.1_0;
				GCC_WARN_64_TO_32_BIT_CONVERSION = YES;
				GCC_WARN_ABOUT_RETURN_TYPE = YES;
				GCC_WARN_UNDECLARED_SELECTOR = YES;
				GCC_WARN_UNINITIALIZED_AUTOS = YES;
				GCC_WARN_UNUSED_FUNCTION = YES;
				GCC_WARN_UNUSED_VARIABLE = YES;
				HEADER_SEARCH_PATHS = (
					"\"${PODS_ROOT}/Headers\"/**",
					"\"${PODS_ROOT}/Headers/QUnit.m\"/**",
					"\"${PODS_ROOT}/Headers/SubjectiveScript.m\"/**",
				);
				IPHONEOS_DEPLOYMENT_TARGET = 5.1;
				ONLY_ACTIVE_ARCH = YES;
				SDKROOT = iphoneos;
			};
			name = Debug;
		};
		0A32616815B8FB4900237F52 /* Release */ = {
			isa = XCBuildConfiguration;
			buildSettings = {
				ALWAYS_SEARCH_USER_PATHS = NO;
				CLANG_ENABLE_OBJC_ARC = YES;
				CLANG_WARN_BOOL_CONVERSION = YES;
				CLANG_WARN_CONSTANT_CONVERSION = YES;
				CLANG_WARN_EMPTY_BODY = YES;
				CLANG_WARN_ENUM_CONVERSION = YES;
				CLANG_WARN_INT_CONVERSION = YES;
				CLANG_WARN__DUPLICATE_METHOD_MATCH = YES;
				COPY_PHASE_STRIP = YES;
				GCC_C_LANGUAGE_STANDARD = gnu99;
				GCC_VERSION = com.apple.compilers.llvm.clang.1_0;
				GCC_WARN_64_TO_32_BIT_CONVERSION = YES;
				GCC_WARN_ABOUT_RETURN_TYPE = YES;
				GCC_WARN_UNDECLARED_SELECTOR = YES;
				GCC_WARN_UNINITIALIZED_AUTOS = YES;
				GCC_WARN_UNUSED_FUNCTION = YES;
				GCC_WARN_UNUSED_VARIABLE = YES;
				HEADER_SEARCH_PATHS = (
					"\"${PODS_ROOT}/Headers\"/**",
					"\"${PODS_ROOT}/Headers/QUnit.m\"/**",
					"\"${PODS_ROOT}/Headers/SubjectiveScript.m\"/**",
				);
				IPHONEOS_DEPLOYMENT_TARGET = 5.1;
				SDKROOT = iphoneos;
				VALIDATE_PRODUCT = YES;
			};
			name = Release;
		};
		0ACE7E9A15D24F8100621441 /* Debug */ = {
			isa = XCBuildConfiguration;
			baseConfigurationReference = C8903B852C7E497F96CAA271 /* Pods-_.m-ios.xcconfig */;
			buildSettings = {
				CLANG_CXX_LANGUAGE_STANDARD = "gnu++0x";
				CLANG_WARN__DUPLICATE_METHOD_MATCH = YES;
				DSTROOT = /tmp/__m_ios.dst;
				GCC_PRECOMPILE_PREFIX_HEADER = YES;
				GCC_PREFIX_HEADER = "Config/_.m-ios/_.m-ios-Prefix.pch";
				OTHER_LDFLAGS = "-ObjC";
				PRODUCT_NAME = "$(TARGET_NAME)";
				SKIP_INSTALL = YES;
			};
			name = Debug;
		};
		0ACE7E9B15D24F8100621441 /* Release */ = {
			isa = XCBuildConfiguration;
			baseConfigurationReference = C8903B852C7E497F96CAA271 /* Pods-_.m-ios.xcconfig */;
			buildSettings = {
				CLANG_CXX_LANGUAGE_STANDARD = "gnu++0x";
				CLANG_WARN__DUPLICATE_METHOD_MATCH = YES;
				DSTROOT = /tmp/__m_ios.dst;
				GCC_PRECOMPILE_PREFIX_HEADER = YES;
				GCC_PREFIX_HEADER = "Config/_.m-ios/_.m-ios-Prefix.pch";
				OTHER_LDFLAGS = "-ObjC";
				PRODUCT_NAME = "$(TARGET_NAME)";
				SKIP_INSTALL = YES;
			};
			name = Release;
		};
		0ACE7E9D15D24F8100621441 /* Debug */ = {
			isa = XCBuildConfiguration;
			baseConfigurationReference = FA352298A32E47C8A4503E55 /* Pods-_.m-iosTests.xcconfig */;
			buildSettings = {
				CLANG_CXX_LANGUAGE_STANDARD = "gnu++0x";
				CLANG_WARN__DUPLICATE_METHOD_MATCH = YES;
				FRAMEWORK_SEARCH_PATHS = (
					"\"$(SDKROOT)/Developer/Library/Frameworks\"",
					"\"$(DEVELOPER_LIBRARY_DIR)/Frameworks\"",
				);
				GCC_PRECOMPILE_PREFIX_HEADER = YES;
				GCC_PREFIX_HEADER = "Config/_.m-ios/_.m-ios-Prefix.pch";
				INFOPLIST_FILE = "Config/_.m-iosTests/_.m-iosTests-Info.plist";
				PRODUCT_NAME = "$(TARGET_NAME)";
				TEST_AFTER_BUILD = NO;
				WRAPPER_EXTENSION = octest;
			};
			name = Debug;
		};
		0ACE7E9E15D24F8100621441 /* Release */ = {
			isa = XCBuildConfiguration;
			baseConfigurationReference = FA352298A32E47C8A4503E55 /* Pods-_.m-iosTests.xcconfig */;
			buildSettings = {
				CLANG_CXX_LANGUAGE_STANDARD = "gnu++0x";
				CLANG_WARN__DUPLICATE_METHOD_MATCH = YES;
				FRAMEWORK_SEARCH_PATHS = (
					"\"$(SDKROOT)/Developer/Library/Frameworks\"",
					"\"$(DEVELOPER_LIBRARY_DIR)/Frameworks\"",
				);
				GCC_PRECOMPILE_PREFIX_HEADER = YES;
				GCC_PREFIX_HEADER = "Config/_.m-ios/_.m-ios-Prefix.pch";
				INFOPLIST_FILE = "Config/_.m-iosTests/_.m-iosTests-Info.plist";
				PRODUCT_NAME = "$(TARGET_NAME)";
				TEST_AFTER_BUILD = NO;
				WRAPPER_EXTENSION = octest;
			};
			name = Release;
		};
		0ACE7EC415D24F9700621441 /* Debug */ = {
			isa = XCBuildConfiguration;
			baseConfigurationReference = 0BC247A6BE8E4C0EB46E9C1A /* Pods-_.m-osx.xcconfig */;
			buildSettings = {
				CLANG_CXX_LANGUAGE_STANDARD = "gnu++0x";
				CLANG_WARN__DUPLICATE_METHOD_MATCH = YES;
				GCC_ENABLE_OBJC_EXCEPTIONS = YES;
				GCC_PRECOMPILE_PREFIX_HEADER = YES;
				GCC_PREFIX_HEADER = "Config/_.m-osx/_.m-osx-Prefix.pch";
				GCC_WARN_64_TO_32_BIT_CONVERSION = YES;
				MACOSX_DEPLOYMENT_TARGET = 10.8;
				ONLY_ACTIVE_ARCH = YES;
				PRODUCT_NAME = "$(TARGET_NAME)";
				SDKROOT = macosx;
			};
			name = Debug;
		};
		0ACE7EC515D24F9700621441 /* Release */ = {
			isa = XCBuildConfiguration;
			baseConfigurationReference = 0BC247A6BE8E4C0EB46E9C1A /* Pods-_.m-osx.xcconfig */;
			buildSettings = {
				CLANG_CXX_LANGUAGE_STANDARD = "gnu++0x";
				CLANG_WARN__DUPLICATE_METHOD_MATCH = YES;
				DEBUG_INFORMATION_FORMAT = "dwarf-with-dsym";
				GCC_ENABLE_OBJC_EXCEPTIONS = YES;
				GCC_PRECOMPILE_PREFIX_HEADER = YES;
				GCC_PREFIX_HEADER = "Config/_.m-osx/_.m-osx-Prefix.pch";
				GCC_WARN_64_TO_32_BIT_CONVERSION = YES;
				MACOSX_DEPLOYMENT_TARGET = 10.8;
				PRODUCT_NAME = "$(TARGET_NAME)";
				SDKROOT = macosx;
			};
			name = Release;
		};
		0ACE7EC715D24F9700621441 /* Debug */ = {
			isa = XCBuildConfiguration;
			baseConfigurationReference = F997870442BD4EAEA98FB41B /* Pods-_.m-osxTests.xcconfig */;
			buildSettings = {
				CLANG_CXX_LANGUAGE_STANDARD = "gnu++0x";
				CLANG_WARN__DUPLICATE_METHOD_MATCH = YES;
				COMBINE_HIDPI_IMAGES = YES;
				FRAMEWORK_SEARCH_PATHS = "\"$(DEVELOPER_LIBRARY_DIR)/Frameworks\"";
				GCC_ENABLE_OBJC_EXCEPTIONS = YES;
				GCC_PRECOMPILE_PREFIX_HEADER = YES;
				GCC_PREFIX_HEADER = "Config/_.m-osx/_.m-osx-Prefix.pch";
				GCC_WARN_64_TO_32_BIT_CONVERSION = YES;
				INFOPLIST_FILE = "Config/_.m-osxTests/_.m-osxTests-Info.plist";
				LIBRARY_SEARCH_PATHS = (
					"$(inherited)",
					"\"$(SRCROOT)/../../../../../Library/Developer/Xcode/DerivedData/_.m-cnxkacezryifsvdmxvbwpvzmdgfo/Build/Products/Debug\"",
				);
				MACOSX_DEPLOYMENT_TARGET = 10.8;
				ONLY_ACTIVE_ARCH = YES;
				PRODUCT_NAME = "$(TARGET_NAME)";
				SDKROOT = macosx;
				TEST_AFTER_BUILD = NO;
				WRAPPER_EXTENSION = octest;
			};
			name = Debug;
		};
		0ACE7EC815D24F9700621441 /* Release */ = {
			isa = XCBuildConfiguration;
			baseConfigurationReference = F997870442BD4EAEA98FB41B /* Pods-_.m-osxTests.xcconfig */;
			buildSettings = {
				CLANG_CXX_LANGUAGE_STANDARD = "gnu++0x";
				CLANG_WARN__DUPLICATE_METHOD_MATCH = YES;
				COMBINE_HIDPI_IMAGES = YES;
				DEBUG_INFORMATION_FORMAT = "dwarf-with-dsym";
				FRAMEWORK_SEARCH_PATHS = "\"$(DEVELOPER_LIBRARY_DIR)/Frameworks\"";
				GCC_ENABLE_OBJC_EXCEPTIONS = YES;
				GCC_PRECOMPILE_PREFIX_HEADER = YES;
				GCC_PREFIX_HEADER = "Config/_.m-osx/_.m-osx-Prefix.pch";
				GCC_WARN_64_TO_32_BIT_CONVERSION = YES;
				INFOPLIST_FILE = "Config/_.m-osxTests/_.m-osxTests-Info.plist";
				LIBRARY_SEARCH_PATHS = (
					"$(inherited)",
					"\"$(SRCROOT)/../../../../../Library/Developer/Xcode/DerivedData/_.m-cnxkacezryifsvdmxvbwpvzmdgfo/Build/Products/Debug\"",
				);
				MACOSX_DEPLOYMENT_TARGET = 10.8;
				PRODUCT_NAME = "$(TARGET_NAME)";
				SDKROOT = macosx;
				TEST_AFTER_BUILD = NO;
				WRAPPER_EXTENSION = octest;
			};
			name = Release;
		};
/* End XCBuildConfiguration section */

/* Begin XCConfigurationList section */
		0A32613F15B8FB4800237F52 /* Build configuration list for PBXProject "_.m" */ = {
			isa = XCConfigurationList;
			buildConfigurations = (
				0A32616715B8FB4900237F52 /* Debug */,
				0A32616815B8FB4900237F52 /* Release */,
			);
			defaultConfigurationIsVisible = 0;
			defaultConfigurationName = Release;
		};
		0ACE7E9915D24F8100621441 /* Build configuration list for PBXNativeTarget "_.m-ios" */ = {
			isa = XCConfigurationList;
			buildConfigurations = (
				0ACE7E9A15D24F8100621441 /* Debug */,
				0ACE7E9B15D24F8100621441 /* Release */,
			);
			defaultConfigurationIsVisible = 0;
			defaultConfigurationName = Release;
		};
		0ACE7E9C15D24F8100621441 /* Build configuration list for PBXNativeTarget "_.m-iosTests" */ = {
			isa = XCConfigurationList;
			buildConfigurations = (
				0ACE7E9D15D24F8100621441 /* Debug */,
				0ACE7E9E15D24F8100621441 /* Release */,
			);
			defaultConfigurationIsVisible = 0;
			defaultConfigurationName = Release;
		};
		0ACE7EC315D24F9700621441 /* Build configuration list for PBXNativeTarget "_.m-osx" */ = {
			isa = XCConfigurationList;
			buildConfigurations = (
				0ACE7EC415D24F9700621441 /* Debug */,
				0ACE7EC515D24F9700621441 /* Release */,
			);
			defaultConfigurationIsVisible = 0;
			defaultConfigurationName = Release;
		};
		0ACE7EC615D24F9700621441 /* Build configuration list for PBXNativeTarget "_.m-osxTests" */ = {
			isa = XCConfigurationList;
			buildConfigurations = (
				0ACE7EC715D24F9700621441 /* Debug */,
				0ACE7EC815D24F9700621441 /* Release */,
			);
			defaultConfigurationIsVisible = 0;
			defaultConfigurationName = Release;
		};
/* End XCConfigurationList section */
	};
	rootObject = 0A32613C15B8FB4800237F52 /* Project object */;
}
